// !$*UTF8*$!
{
	archiveVersion = 1;
	classes = {
	};
	objectVersion = 46;
	objects = {

/* Begin PBXBuildFile section */
		220C32711CC762330060112E /* Omise.h in Headers */ = {isa = PBXBuildFile; fileRef = 220C32701CC762330060112E /* Omise.h */; settings = {ATTRIBUTES = (Public, ); }; };
		22112D0D1CC7910700D0DB54 /* OmiseTestCase.swift in Sources */ = {isa = PBXBuildFile; fileRef = 22112D091CC7910700D0DB54 /* OmiseTestCase.swift */; };
		2270E3AF1CC78D4200F18814 /* Omise.framework in Frameworks */ = {isa = PBXBuildFile; fileRef = 220C326D1CC762330060112E /* Omise.framework */; };
		2270E3BE1CC78D8900F18814 /* Omise.framework in Frameworks */ = {isa = PBXBuildFile; fileRef = 220C327D1CC762440060112E /* Omise.framework */; };
		22BF9BA11CD1F76900CD3CAD /* LiveTest.swift in Sources */ = {isa = PBXBuildFile; fileRef = 22BF9B9E1CD1F76100CD3CAD /* LiveTest.swift */; };
		8A028B381E2CBABF0008E010 /* Link.swift in Sources */ = {isa = PBXBuildFile; fileRef = 8A028B371E2CBABF0008E010 /* Link.swift */; };
		8A028B391E2CC3920008E010 /* Card.swift in Sources */ = {isa = PBXBuildFile; fileRef = 8ACB412C1E2793D4001793CD /* Card.swift */; };
		8A028B401E2CCE550008E010 /* OmiseTestCase.swift in Sources */ = {isa = PBXBuildFile; fileRef = 22112D091CC7910700D0DB54 /* OmiseTestCase.swift */; };
		8A028B411E2CCEC80008E010 /* Fixtures in Resources */ = {isa = PBXBuildFile; fileRef = 229873591CCE0B5A00970F8C /* Fixtures */; };
		8A028B431E2CDB6F0008E010 /* Tool.swift in Sources */ = {isa = PBXBuildFile; fileRef = 8A028B421E2CDB6F0008E010 /* Tool.swift */; };
		8A028B451E2CEA370008E010 /* APIConfiguration.swift in Sources */ = {isa = PBXBuildFile; fileRef = 8A028B441E2CEA370008E010 /* APIConfiguration.swift */; };
		8A028B471E2CEB8D0008E010 /* APIClient.swift in Sources */ = {isa = PBXBuildFile; fileRef = 8A028B461E2CEB8D0008E010 /* APIClient.swift */; };
		8A028B4B1E2CECEF0008E010 /* APIRequest.swift in Sources */ = {isa = PBXBuildFile; fileRef = 8A028B4A1E2CECEF0008E010 /* APIRequest.swift */; };
		8A028B4C1E2CEE460008E010 /* APIResult.swift in Sources */ = {isa = PBXBuildFile; fileRef = 22338DB71D21392A00811363 /* APIResult.swift */; };
		8A061AA11E2E31C70025EC14 /* ChargeEndpoint.swift in Sources */ = {isa = PBXBuildFile; fileRef = 8A061AA01E2E31C70025EC14 /* ChargeEndpoint.swift */; };
		8A07D2F51D73F5040030B68D /* FixtureClient.swift in Sources */ = {isa = PBXBuildFile; fileRef = 8A07D2F31D73F5040030B68D /* FixtureClient.swift */; };
		8A07D2F81D73F8370030B68D /* FixtureTestCase.swift in Sources */ = {isa = PBXBuildFile; fileRef = 8A07D2F61D73F8370030B68D /* FixtureTestCase.swift */; };
		8A07D2FB1D741F430030B68D /* TransferOperationFixtureTests.swift in Sources */ = {isa = PBXBuildFile; fileRef = 8A07D2F91D741F430030B68D /* TransferOperationFixtureTests.swift */; };
		8A07D3001D7436830030B68D /* ChargesOperationFixtureTests.swift in Sources */ = {isa = PBXBuildFile; fileRef = 8A07D2FE1D7436830030B68D /* ChargesOperationFixtureTests.swift */; };
		8A1039651EDD5FD70035B2EF /* ScheduleOperationsTest.swift in Sources */ = {isa = PBXBuildFile; fileRef = 8A1039641EDD5FD70035B2EF /* ScheduleOperationsTest.swift */; };
		8A1039661EDD5FD70035B2EF /* ScheduleOperationsTest.swift in Sources */ = {isa = PBXBuildFile; fileRef = 8A1039641EDD5FD70035B2EF /* ScheduleOperationsTest.swift */; };
		8A149C83229537D300BF8E75 /* AccountAndBalanceOperationFixtureTests.swift in Sources */ = {isa = PBXBuildFile; fileRef = 8A149C82229537D300BF8E75 /* AccountAndBalanceOperationFixtureTests.swift */; };
		8A1CF6AD1F8B84B4003EDB38 /* SourceOperationFixtureTests.swift in Sources */ = {isa = PBXBuildFile; fileRef = 8A1CF6AC1F8B84B4003EDB38 /* SourceOperationFixtureTests.swift */; };
		8A1CF6AE1F8B84B4003EDB38 /* SourceOperationFixtureTests.swift in Sources */ = {isa = PBXBuildFile; fileRef = 8A1CF6AC1F8B84B4003EDB38 /* SourceOperationFixtureTests.swift */; };
		8A1CF6B01F8BC1D7003EDB38 /* DigitsTest.swift in Sources */ = {isa = PBXBuildFile; fileRef = 8A1CF6AF1F8BC1BD003EDB38 /* DigitsTest.swift */; };
		8A1CF6B11F8BC1D8003EDB38 /* DigitsTest.swift in Sources */ = {isa = PBXBuildFile; fileRef = 8A1CF6AF1F8BC1BD003EDB38 /* DigitsTest.swift */; };
		8A208DDD21A81267009104C0 /* CapabilityOperationFixtureTests.swift in Sources */ = {isa = PBXBuildFile; fileRef = 8A208DDA21A81247009104C0 /* CapabilityOperationFixtureTests.swift */; };
		8A208DDE21A81268009104C0 /* CapabilityOperationFixtureTests.swift in Sources */ = {isa = PBXBuildFile; fileRef = 8A208DDA21A81247009104C0 /* CapabilityOperationFixtureTests.swift */; };
		8A242A4E1E2E0A6A0068BB5D /* OmiseError.swift in Sources */ = {isa = PBXBuildFile; fileRef = 2298738A1CCF5D9500970F8C /* OmiseError.swift */; };
		8A242A4F1E2E0B020068BB5D /* APIError.swift in Sources */ = {isa = PBXBuildFile; fileRef = 2298735D1CCE15D400970F8C /* APIError.swift */; };
		8A242A521E2E1BAA0068BB5D /* APIEndpoint.swift in Sources */ = {isa = PBXBuildFile; fileRef = 8A242A511E2E1BAA0068BB5D /* APIEndpoint.swift */; };
		8A2698A31D743A2100515A0A /* RefundOperationFixtureTests.swift in Sources */ = {isa = PBXBuildFile; fileRef = 8A2698A11D743A2100515A0A /* RefundOperationFixtureTests.swift */; };
		8A2698A61D74417800515A0A /* DisputeOperationFixtureTests.swift in Sources */ = {isa = PBXBuildFile; fileRef = 8A2698A41D74417800515A0A /* DisputeOperationFixtureTests.swift */; };
		8A28BB431E28FDAE00EEBD55 /* OmiseAPIError.swift in Sources */ = {isa = PBXBuildFile; fileRef = 8A28BB421E28FDAE00EEBD55 /* OmiseAPIError.swift */; };
		8A2BCABE1E5C039B0069577B /* Bank.swift in Sources */ = {isa = PBXBuildFile; fileRef = 8A2BCABD1E5C039B0069577B /* Bank.swift */; };
		8A2BCABF1E5C039B0069577B /* Bank.swift in Sources */ = {isa = PBXBuildFile; fileRef = 8A2BCABD1E5C039B0069577B /* Bank.swift */; };
		8A2BCAC11E5C083F0069577B /* banks.json in Resources */ = {isa = PBXBuildFile; fileRef = 8A2BCAC01E5C083F0069577B /* banks.json */; };
		8A2BCAC21E5C083F0069577B /* banks.json in Resources */ = {isa = PBXBuildFile; fileRef = 8A2BCAC01E5C083F0069577B /* banks.json */; };
		8A2BCAC41E5C400F0069577B /* RecipientOperationTest.swift in Sources */ = {isa = PBXBuildFile; fileRef = 8A2BCAC31E5C400F0069577B /* RecipientOperationTest.swift */; };
		8A2BCAC51E5C400F0069577B /* RecipientOperationTest.swift in Sources */ = {isa = PBXBuildFile; fileRef = 8A2BCAC31E5C400F0069577B /* RecipientOperationTest.swift */; };
		8A3139312293B2370055F755 /* TransferSchedule.swift in Sources */ = {isa = PBXBuildFile; fileRef = 8A3139302293B2370055F755 /* TransferSchedule.swift */; };
		8A3139322293B2370055F755 /* TransferSchedule.swift in Sources */ = {isa = PBXBuildFile; fileRef = 8A3139302293B2370055F755 /* TransferSchedule.swift */; };
		8A37FD3B22B7A9EB00325538 /* APIQuery.swift in Sources */ = {isa = PBXBuildFile; fileRef = 8A37FD3A22B7A9EB00325538 /* APIQuery.swift */; };
		8A37FD3C22B7A9EB00325538 /* APIQuery.swift in Sources */ = {isa = PBXBuildFile; fileRef = 8A37FD3A22B7A9EB00325538 /* APIQuery.swift */; };
		8A38E78122968280005FD6F9 /* BillingAddress.swift in Sources */ = {isa = PBXBuildFile; fileRef = 8A38E78022968280005FD6F9 /* BillingAddress.swift */; };
		8A38E78222968280005FD6F9 /* BillingAddress.swift in Sources */ = {isa = PBXBuildFile; fileRef = 8A38E78022968280005FD6F9 /* BillingAddress.swift */; };
		8A3B90151E360AD30074D6CD /* Token.swift in Sources */ = {isa = PBXBuildFile; fileRef = 8A3B90141E360AD30074D6CD /* Token.swift */; };
		8A3B90161E360AD30074D6CD /* Token.swift in Sources */ = {isa = PBXBuildFile; fileRef = 8A3B90141E360AD30074D6CD /* Token.swift */; };
		8A3BCB6022B0F4C400569A93 /* RecipientEndpoint.swift in Sources */ = {isa = PBXBuildFile; fileRef = 8A3BCB5F22B0F4C400569A93 /* RecipientEndpoint.swift */; };
		8A3BCB6122B0F4C400569A93 /* RecipientEndpoint.swift in Sources */ = {isa = PBXBuildFile; fileRef = 8A3BCB5F22B0F4C400569A93 /* RecipientEndpoint.swift */; };
		8A4224AB1E4C8F8E00B11AF2 /* Search.swift in Sources */ = {isa = PBXBuildFile; fileRef = 8A4224AA1E4C8F8E00B11AF2 /* Search.swift */; };
		8A4224AC1E4C8F8E00B11AF2 /* Search.swift in Sources */ = {isa = PBXBuildFile; fileRef = 8A4224AA1E4C8F8E00B11AF2 /* Search.swift */; };
		8A4469D21ED5A40C00F07334 /* SchedulesOperationFixtureTests.swift in Sources */ = {isa = PBXBuildFile; fileRef = 8A4469D11ED5A40C00F07334 /* SchedulesOperationFixtureTests.swift */; };
		8A4469D31ED5A40C00F07334 /* SchedulesOperationFixtureTests.swift in Sources */ = {isa = PBXBuildFile; fileRef = 8A4469D11ED5A40C00F07334 /* SchedulesOperationFixtureTests.swift */; };
		8A4469D51ED5E13D00F07334 /* Period.swift in Sources */ = {isa = PBXBuildFile; fileRef = 8A4469D41ED5E13D00F07334 /* Period.swift */; };
		8A4469D61ED5E13D00F07334 /* Period.swift in Sources */ = {isa = PBXBuildFile; fileRef = 8A4469D41ED5E13D00F07334 /* Period.swift */; };
		8A47E936202980780070A247 /* SourceType.swift in Sources */ = {isa = PBXBuildFile; fileRef = 8A47E935202980780070A247 /* SourceType.swift */; };
		8A47E937202980BE0070A247 /* SourceType.swift in Sources */ = {isa = PBXBuildFile; fileRef = 8A47E935202980780070A247 /* SourceType.swift */; };
		8A4FC9461F87795300F32E9F /* Source.swift in Sources */ = {isa = PBXBuildFile; fileRef = 8A4FC9451F87795300F32E9F /* Source.swift */; };
		8A4FC9471F87795300F32E9F /* Source.swift in Sources */ = {isa = PBXBuildFile; fileRef = 8A4FC9451F87795300F32E9F /* Source.swift */; };
		8A50C5051E2E250800EC9407 /* Creatable.swift in Sources */ = {isa = PBXBuildFile; fileRef = 22A0F98C1D2160F900CA3D35 /* Creatable.swift */; };
		8A50C5061E2E250800EC9407 /* Destroyable.swift in Sources */ = {isa = PBXBuildFile; fileRef = 225C4E4E1D22412A00A62F2C /* Destroyable.swift */; };
		8A50C5081E2E250800EC9407 /* Retrievable.swift in Sources */ = {isa = PBXBuildFile; fileRef = 22A0F9881D215D3700CA3D35 /* Retrievable.swift */; };
		8A50C5091E2E250800EC9407 /* Searchable.swift in Sources */ = {isa = PBXBuildFile; fileRef = 8A82A7061D7942E800A198A3 /* Searchable.swift */; };
		8A50C50A1E2E250800EC9407 /* SingletonRetrievable.swift in Sources */ = {isa = PBXBuildFile; fileRef = 22338DAF1D211D7E00811363 /* SingletonRetrievable.swift */; };
		8A50C50B1E2E250800EC9407 /* Updatable.swift in Sources */ = {isa = PBXBuildFile; fileRef = 225C4E4C1D223FF700A62F2C /* Updatable.swift */; };
		8A50C50D1E2E259600EC9407 /* Ordering.swift in Sources */ = {isa = PBXBuildFile; fileRef = 22A0F9951D22372400CA3D35 /* Ordering.swift */; };
		8A5880EC1F46EB4D00647405 /* Receipt.swift in Sources */ = {isa = PBXBuildFile; fileRef = 8A5880EB1F46EB4D00647405 /* Receipt.swift */; };
		8A5880ED1F46EB4D00647405 /* Receipt.swift in Sources */ = {isa = PBXBuildFile; fileRef = 8A5880EB1F46EB4D00647405 /* Receipt.swift */; };
		8A5880EF1F46EEB300647405 /* ReceiptsOperationFixtureTests.swift in Sources */ = {isa = PBXBuildFile; fileRef = 8A5880EE1F46EEB300647405 /* ReceiptsOperationFixtureTests.swift */; };
		8A5880F01F46EEB300647405 /* ReceiptsOperationFixtureTests.swift in Sources */ = {isa = PBXBuildFile; fileRef = 8A5880EE1F46EEB300647405 /* ReceiptsOperationFixtureTests.swift */; };
		8A590B441EDD72EC003C60E0 /* Forex.swift in Sources */ = {isa = PBXBuildFile; fileRef = 8A590B431EDD72EC003C60E0 /* Forex.swift */; };
		8A590B451EDD72EC003C60E0 /* Forex.swift in Sources */ = {isa = PBXBuildFile; fileRef = 8A590B431EDD72EC003C60E0 /* Forex.swift */; };
		8A590B471EDD74F7003C60E0 /* ForexEndpoint.swift in Sources */ = {isa = PBXBuildFile; fileRef = 8A590B461EDD74F7003C60E0 /* ForexEndpoint.swift */; };
		8A590B481EDD74F7003C60E0 /* ForexEndpoint.swift in Sources */ = {isa = PBXBuildFile; fileRef = 8A590B461EDD74F7003C60E0 /* ForexEndpoint.swift */; };
		8A590B4A1EDD780A003C60E0 /* ForexOperationFixtureTests.swift in Sources */ = {isa = PBXBuildFile; fileRef = 8A590B491EDD780A003C60E0 /* ForexOperationFixtureTests.swift */; };
		8A590B4B1EDD780A003C60E0 /* ForexOperationFixtureTests.swift in Sources */ = {isa = PBXBuildFile; fileRef = 8A590B491EDD780A003C60E0 /* ForexOperationFixtureTests.swift */; };
		8A590B4D1EDD8035003C60E0 /* CustomerEndpoint.swift in Sources */ = {isa = PBXBuildFile; fileRef = 8A590B4C1EDD8035003C60E0 /* CustomerEndpoint.swift */; };
		8A590B4E1EDD8035003C60E0 /* CustomerEndpoint.swift in Sources */ = {isa = PBXBuildFile; fileRef = 8A590B4C1EDD8035003C60E0 /* CustomerEndpoint.swift */; };
		8A5AB0CF2189BEF2008EDCF4 /* EnrolledSource.swift in Sources */ = {isa = PBXBuildFile; fileRef = 8A5AB0CE2189BEF2008EDCF4 /* EnrolledSource.swift */; };
		8A5AB0D02189BEF2008EDCF4 /* EnrolledSource.swift in Sources */ = {isa = PBXBuildFile; fileRef = 8A5AB0CE2189BEF2008EDCF4 /* EnrolledSource.swift */; };
		8A5AB0D22189BF0F008EDCF4 /* PaymentSource.swift in Sources */ = {isa = PBXBuildFile; fileRef = 8A5AB0D12189BF0F008EDCF4 /* PaymentSource.swift */; };
		8A5AB0D32189BF0F008EDCF4 /* PaymentSource.swift in Sources */ = {isa = PBXBuildFile; fileRef = 8A5AB0D12189BF0F008EDCF4 /* PaymentSource.swift */; };
		8A5BC2DE2012743400B55139 /* CurrencyTest.swift in Sources */ = {isa = PBXBuildFile; fileRef = 8A5BC2DD2012743400B55139 /* CurrencyTest.swift */; };
		8A5BC2DF2012743400B55139 /* CurrencyTest.swift in Sources */ = {isa = PBXBuildFile; fileRef = 8A5BC2DD2012743400B55139 /* CurrencyTest.swift */; };
		8A6079301EB1E395005684CC /* AnyAccessKey.swift in Sources */ = {isa = PBXBuildFile; fileRef = 8A60792F1EB1E395005684CC /* AnyAccessKey.swift */; };
		8A6079311EB1E395005684CC /* AnyAccessKey.swift in Sources */ = {isa = PBXBuildFile; fileRef = 8A60792F1EB1E395005684CC /* AnyAccessKey.swift */; };
		8A6785CD2297CABB0068DF40 /* OmiseAPIChildObject.swift in Sources */ = {isa = PBXBuildFile; fileRef = 8A6785CC2297CABB0068DF40 /* OmiseAPIChildObject.swift */; };
		8A6785CE2297CABB0068DF40 /* OmiseAPIChildObject.swift in Sources */ = {isa = PBXBuildFile; fileRef = 8A6785CC2297CABB0068DF40 /* OmiseAPIChildObject.swift */; };
		8A6785D02297F0C90068DF40 /* CustomerOperationFixtureTests.swift in Sources */ = {isa = PBXBuildFile; fileRef = 8A6785CF2297F0C90068DF40 /* CustomerOperationFixtureTests.swift */; };
		8A6785D12297F0C90068DF40 /* CustomerOperationFixtureTests.swift in Sources */ = {isa = PBXBuildFile; fileRef = 8A6785CF2297F0C90068DF40 /* CustomerOperationFixtureTests.swift */; };
		8A6785D32297F3C40068DF40 /* CustomerCardOperationFixtureTests.swift in Sources */ = {isa = PBXBuildFile; fileRef = 8A6785D22297F3C40068DF40 /* CustomerCardOperationFixtureTests.swift */; };
		8A6785D42297F3C40068DF40 /* CustomerCardOperationFixtureTests.swift in Sources */ = {isa = PBXBuildFile; fileRef = 8A6785D22297F3C40068DF40 /* CustomerCardOperationFixtureTests.swift */; };
		8A6785D62297FF7F0068DF40 /* OmiseAPIRequestObjectTest.swift in Sources */ = {isa = PBXBuildFile; fileRef = 8A6785D52297FF7F0068DF40 /* OmiseAPIRequestObjectTest.swift */; };
		8A6785D72297FF7F0068DF40 /* OmiseAPIRequestObjectTest.swift in Sources */ = {isa = PBXBuildFile; fileRef = 8A6785D52297FF7F0068DF40 /* OmiseAPIRequestObjectTest.swift */; };
		8A762C2121A6B84F00AC5C46 /* Capability.swift in Sources */ = {isa = PBXBuildFile; fileRef = 8A762C2021A6B84F00AC5C46 /* Capability.swift */; };
		8A762C2221A6B84F00AC5C46 /* Capability.swift in Sources */ = {isa = PBXBuildFile; fileRef = 8A762C2021A6B84F00AC5C46 /* Capability.swift */; };
		8A82A70B1D795DCC00A198A3 /* SearchOperationTest.swift in Sources */ = {isa = PBXBuildFile; fileRef = 8A82A7091D795DCC00A198A3 /* SearchOperationTest.swift */; };
		8A84EF761E2E27C90041082E /* List.swift in Sources */ = {isa = PBXBuildFile; fileRef = 8A3938E51D8174C9007750AA /* List.swift */; };
		8A84EF771E2E28610041082E /* Listable.swift in Sources */ = {isa = PBXBuildFile; fileRef = 22A0F9861D21580400CA3D35 /* Listable.swift */; };
		8A98759B1F0647050090D56F /* Document.swift in Sources */ = {isa = PBXBuildFile; fileRef = 8A98759A1F0647050090D56F /* Document.swift */; };
		8A98759C1F0647050090D56F /* Document.swift in Sources */ = {isa = PBXBuildFile; fileRef = 8A98759A1F0647050090D56F /* Document.swift */; };
		8A98759E1F0673C90090D56F /* DocumentOperationTest.swift in Sources */ = {isa = PBXBuildFile; fileRef = 8A98759D1F0673C90090D56F /* DocumentOperationTest.swift */; };
		8A98759F1F0673C90090D56F /* DocumentOperationTest.swift in Sources */ = {isa = PBXBuildFile; fileRef = 8A98759D1F0673C90090D56F /* DocumentOperationTest.swift */; };
		8A9B2AB41FB9B5C5002F42C7 /* DecoderTest.swift in Sources */ = {isa = PBXBuildFile; fileRef = 8A9B2AB31FB9B5C5002F42C7 /* DecoderTest.swift */; };
		8A9B2AB51FB9B5C5002F42C7 /* DecoderTest.swift in Sources */ = {isa = PBXBuildFile; fileRef = 8A9B2AB31FB9B5C5002F42C7 /* DecoderTest.swift */; };
		8AA2BF241F54144F0083F8A6 /* URLQueryItemEncoder.swift in Sources */ = {isa = PBXBuildFile; fileRef = 8AA2BF231F54144F0083F8A6 /* URLQueryItemEncoder.swift */; };
		8AA2BF251F54144F0083F8A6 /* URLQueryItemEncoder.swift in Sources */ = {isa = PBXBuildFile; fileRef = 8AA2BF231F54144F0083F8A6 /* URLQueryItemEncoder.swift */; };
		8AA2EFC51D6C8A1E0052CCFB /* Omise.h in Headers */ = {isa = PBXBuildFile; fileRef = 220C32701CC762330060112E /* Omise.h */; settings = {ATTRIBUTES = (Public, ); }; };
		8AAC00EA22B7D9B9007A71BF /* LiveTest.swift in Sources */ = {isa = PBXBuildFile; fileRef = 22BF9B9E1CD1F76100CD3CAD /* LiveTest.swift */; };
		8AAC00EB22B7D9CF007A71BF /* FixtureClient.swift in Sources */ = {isa = PBXBuildFile; fileRef = 8A07D2F31D73F5040030B68D /* FixtureClient.swift */; };
		8AAC00EC22B7D9DF007A71BF /* FixtureTestCase.swift in Sources */ = {isa = PBXBuildFile; fileRef = 8A07D2F61D73F8370030B68D /* FixtureTestCase.swift */; };
		8AC49790229FD984000B83FE /* AnySchedulable.swift in Sources */ = {isa = PBXBuildFile; fileRef = 8AC4978F229FD984000B83FE /* AnySchedulable.swift */; };
		8AC49791229FD984000B83FE /* AnySchedulable.swift in Sources */ = {isa = PBXBuildFile; fileRef = 8AC4978F229FD984000B83FE /* AnySchedulable.swift */; };
		8ACB41501E28A3C2001793CD /* Charge.swift in Sources */ = {isa = PBXBuildFile; fileRef = 8ACB41141E277B60001793CD /* Charge.swift */; };
		8ACB41511E28A3C2001793CD /* Customer.swift in Sources */ = {isa = PBXBuildFile; fileRef = 8ACB41291E2793B3001793CD /* Customer.swift */; };
		8ACB41521E28A3C2001793CD /* DetailProperty.swift in Sources */ = {isa = PBXBuildFile; fileRef = 8ACB41241E278837001793CD /* DetailProperty.swift */; };
		8ACB41531E28A3C2001793CD /* ListProperty.swift in Sources */ = {isa = PBXBuildFile; fileRef = 8ACB41321E279730001793CD /* ListProperty.swift */; };
		8ACB41541E28A3C2001793CD /* Object.swift in Sources */ = {isa = PBXBuildFile; fileRef = 8ACB41121E277607001793CD /* Object.swift */; };
		8ACB41551E28A3C2001793CD /* Value.swift in Sources */ = {isa = PBXBuildFile; fileRef = 8ACB41201E277FBB001793CD /* Value.swift */; };
		8ACB41561E28A3C2001793CD /* Dispute.swift in Sources */ = {isa = PBXBuildFile; fileRef = 8ACB41361E279CED001793CD /* Dispute.swift */; };
		8ACB41571E28A3C2001793CD /* Transfer.swift in Sources */ = {isa = PBXBuildFile; fileRef = 8ACB41381E27A335001793CD /* Transfer.swift */; };
		8ACB41581E28A3C2001793CD /* Refund.swift in Sources */ = {isa = PBXBuildFile; fileRef = 8ACB41421E27A51A001793CD /* Refund.swift */; };
		8ACB41591E28A3C2001793CD /* Transaction.swift in Sources */ = {isa = PBXBuildFile; fileRef = 8ACB413F1E27A4B6001793CD /* Transaction.swift */; };
		8ACB415A1E28A3C2001793CD /* Recipient.swift in Sources */ = {isa = PBXBuildFile; fileRef = 8ACB413A1E27A36F001793CD /* Recipient.swift */; };
		8ACB415B1E28A3C2001793CD /* BankAccount.swift in Sources */ = {isa = PBXBuildFile; fileRef = 8ACB413D1E27A3F4001793CD /* BankAccount.swift */; };
		8ACB415E1E28A3EC001793CD /* Currency.swift in Sources */ = {isa = PBXBuildFile; fileRef = 8A56D41A1D78172D00F30D88 /* Currency.swift */; };
		8ACB41601E28A3EC001793CD /* Digits.swift in Sources */ = {isa = PBXBuildFile; fileRef = 8A7CBA481DE59A4700F83D21 /* Digits.swift */; };
		8ACB41641E28A403001793CD /* Endpoint.swift in Sources */ = {isa = PBXBuildFile; fileRef = 2298736E1CCE207500970F8C /* Endpoint.swift */; };
		8ACD570B1E2E3A9600FEE5A0 /* ListProperty.swift in Sources */ = {isa = PBXBuildFile; fileRef = 8ACB41321E279730001793CD /* ListProperty.swift */; };
		8ACD570C1E2E3A9600FEE5A0 /* Destroyable.swift in Sources */ = {isa = PBXBuildFile; fileRef = 225C4E4E1D22412A00A62F2C /* Destroyable.swift */; };
		8ACD570E1E2E3A9600FEE5A0 /* Value.swift in Sources */ = {isa = PBXBuildFile; fileRef = 8ACB41201E277FBB001793CD /* Value.swift */; };
		8ACD570F1E2E3A9600FEE5A0 /* APIError.swift in Sources */ = {isa = PBXBuildFile; fileRef = 2298735D1CCE15D400970F8C /* APIError.swift */; };
		8ACD57101E2E3A9600FEE5A0 /* OmiseError.swift in Sources */ = {isa = PBXBuildFile; fileRef = 2298738A1CCF5D9500970F8C /* OmiseError.swift */; };
		8ACD57111E2E3A9600FEE5A0 /* Tool.swift in Sources */ = {isa = PBXBuildFile; fileRef = 8A028B421E2CDB6F0008E010 /* Tool.swift */; };
		8ACD57141E2E3A9600FEE5A0 /* Customer.swift in Sources */ = {isa = PBXBuildFile; fileRef = 8ACB41291E2793B3001793CD /* Customer.swift */; };
		8ACD57151E2E3A9600FEE5A0 /* Currency.swift in Sources */ = {isa = PBXBuildFile; fileRef = 8A56D41A1D78172D00F30D88 /* Currency.swift */; };
		8ACD57161E2E3A9600FEE5A0 /* Dispute.swift in Sources */ = {isa = PBXBuildFile; fileRef = 8ACB41361E279CED001793CD /* Dispute.swift */; };
		8ACD57171E2E3A9600FEE5A0 /* OmiseAPIError.swift in Sources */ = {isa = PBXBuildFile; fileRef = 8A28BB421E28FDAE00EEBD55 /* OmiseAPIError.swift */; };
		8ACD57181E2E3A9600FEE5A0 /* Link.swift in Sources */ = {isa = PBXBuildFile; fileRef = 8A028B371E2CBABF0008E010 /* Link.swift */; };
		8ACD57191E2E3A9600FEE5A0 /* List.swift in Sources */ = {isa = PBXBuildFile; fileRef = 8A3938E51D8174C9007750AA /* List.swift */; };
		8ACD571A1E2E3A9600FEE5A0 /* Creatable.swift in Sources */ = {isa = PBXBuildFile; fileRef = 22A0F98C1D2160F900CA3D35 /* Creatable.swift */; };
		8ACD571C1E2E3A9600FEE5A0 /* Endpoint.swift in Sources */ = {isa = PBXBuildFile; fileRef = 2298736E1CCE207500970F8C /* Endpoint.swift */; };
		8ACD571D1E2E3A9600FEE5A0 /* Card.swift in Sources */ = {isa = PBXBuildFile; fileRef = 8ACB412C1E2793D4001793CD /* Card.swift */; };
		8ACD571E1E2E3A9600FEE5A0 /* APIRequest.swift in Sources */ = {isa = PBXBuildFile; fileRef = 8A028B4A1E2CECEF0008E010 /* APIRequest.swift */; };
		8ACD571F1E2E3A9600FEE5A0 /* Digits.swift in Sources */ = {isa = PBXBuildFile; fileRef = 8A7CBA481DE59A4700F83D21 /* Digits.swift */; };
		8ACD57201E2E3A9600FEE5A0 /* APIConfiguration.swift in Sources */ = {isa = PBXBuildFile; fileRef = 8A028B441E2CEA370008E010 /* APIConfiguration.swift */; };
		8ACD57211E2E3A9600FEE5A0 /* Ordering.swift in Sources */ = {isa = PBXBuildFile; fileRef = 22A0F9951D22372400CA3D35 /* Ordering.swift */; };
		8ACD57221E2E3A9600FEE5A0 /* APIEndpoint.swift in Sources */ = {isa = PBXBuildFile; fileRef = 8A242A511E2E1BAA0068BB5D /* APIEndpoint.swift */; };
		8ACD57231E2E3A9600FEE5A0 /* Refund.swift in Sources */ = {isa = PBXBuildFile; fileRef = 8ACB41421E27A51A001793CD /* Refund.swift */; };
		8ACD57241E2E3A9600FEE5A0 /* Retrievable.swift in Sources */ = {isa = PBXBuildFile; fileRef = 22A0F9881D215D3700CA3D35 /* Retrievable.swift */; };
		8ACD57261E2E3A9600FEE5A0 /* Charge.swift in Sources */ = {isa = PBXBuildFile; fileRef = 8ACB41141E277B60001793CD /* Charge.swift */; };
		8ACD57291E2E3A9600FEE5A0 /* Recipient.swift in Sources */ = {isa = PBXBuildFile; fileRef = 8ACB413A1E27A36F001793CD /* Recipient.swift */; };
		8ACD572A1E2E3A9600FEE5A0 /* Searchable.swift in Sources */ = {isa = PBXBuildFile; fileRef = 8A82A7061D7942E800A198A3 /* Searchable.swift */; };
		8ACD572C1E2E3A9600FEE5A0 /* Object.swift in Sources */ = {isa = PBXBuildFile; fileRef = 8ACB41121E277607001793CD /* Object.swift */; };
		8ACD572D1E2E3A9600FEE5A0 /* APIClient.swift in Sources */ = {isa = PBXBuildFile; fileRef = 8A028B461E2CEB8D0008E010 /* APIClient.swift */; };
		8ACD572E1E2E3A9600FEE5A0 /* APIResult.swift in Sources */ = {isa = PBXBuildFile; fileRef = 22338DB71D21392A00811363 /* APIResult.swift */; };
		8ACD572F1E2E3A9600FEE5A0 /* Transaction.swift in Sources */ = {isa = PBXBuildFile; fileRef = 8ACB413F1E27A4B6001793CD /* Transaction.swift */; };
		8ACD57301E2E3A9600FEE5A0 /* BankAccount.swift in Sources */ = {isa = PBXBuildFile; fileRef = 8ACB413D1E27A3F4001793CD /* BankAccount.swift */; };
		8ACD57311E2E3A9600FEE5A0 /* Listable.swift in Sources */ = {isa = PBXBuildFile; fileRef = 22A0F9861D21580400CA3D35 /* Listable.swift */; };
		8ACD57321E2E3A9600FEE5A0 /* Updatable.swift in Sources */ = {isa = PBXBuildFile; fileRef = 225C4E4C1D223FF700A62F2C /* Updatable.swift */; };
		8ACD57331E2E3A9600FEE5A0 /* DetailProperty.swift in Sources */ = {isa = PBXBuildFile; fileRef = 8ACB41241E278837001793CD /* DetailProperty.swift */; };
		8ACD57341E2E3A9600FEE5A0 /* SingletonRetrievable.swift in Sources */ = {isa = PBXBuildFile; fileRef = 22338DAF1D211D7E00811363 /* SingletonRetrievable.swift */; };
		8ACD57361E2E3A9600FEE5A0 /* Transfer.swift in Sources */ = {isa = PBXBuildFile; fileRef = 8ACB41381E27A335001793CD /* Transfer.swift */; };
		8ACD57381E2E3A9600FEE5A0 /* ChargeEndpoint.swift in Sources */ = {isa = PBXBuildFile; fileRef = 8A061AA01E2E31C70025EC14 /* ChargeEndpoint.swift */; };
		8ACD573A1E2E563800FEE5A0 /* Account.swift in Sources */ = {isa = PBXBuildFile; fileRef = 8ACD57391E2E563800FEE5A0 /* Account.swift */; };
		8ACD573B1E2E563800FEE5A0 /* Account.swift in Sources */ = {isa = PBXBuildFile; fileRef = 8ACD57391E2E563800FEE5A0 /* Account.swift */; };
		8ACD573D1E2E570600FEE5A0 /* Balance.swift in Sources */ = {isa = PBXBuildFile; fileRef = 8ACD573C1E2E570600FEE5A0 /* Balance.swift */; };
		8ACD573E1E2E570600FEE5A0 /* Balance.swift in Sources */ = {isa = PBXBuildFile; fileRef = 8ACD573C1E2E570600FEE5A0 /* Balance.swift */; };
		8ACE2354229D17C1008AA15E /* RefundEndpoint.swift in Sources */ = {isa = PBXBuildFile; fileRef = 8ACE2353229D17C1008AA15E /* RefundEndpoint.swift */; };
		8ACE2355229D17C1008AA15E /* RefundEndpoint.swift in Sources */ = {isa = PBXBuildFile; fileRef = 8ACE2353229D17C1008AA15E /* RefundEndpoint.swift */; };
		8ACE2357229D1CDC008AA15E /* TransferEndpoint.swift in Sources */ = {isa = PBXBuildFile; fileRef = 8ACE2356229D1CDC008AA15E /* TransferEndpoint.swift */; };
		8ACE2358229D1CDC008AA15E /* TransferEndpoint.swift in Sources */ = {isa = PBXBuildFile; fileRef = 8ACE2356229D1CDC008AA15E /* TransferEndpoint.swift */; };
		8ACE235A229D2711008AA15E /* ScheduleEndpoint.swift in Sources */ = {isa = PBXBuildFile; fileRef = 8ACE2359229D2711008AA15E /* ScheduleEndpoint.swift */; };
		8ACE235B229D2711008AA15E /* ScheduleEndpoint.swift in Sources */ = {isa = PBXBuildFile; fileRef = 8ACE2359229D2711008AA15E /* ScheduleEndpoint.swift */; };
		8ACE235D229D7890008AA15E /* DataID.swift in Sources */ = {isa = PBXBuildFile; fileRef = 8ACE235C229D7890008AA15E /* DataID.swift */; };
		8ACE235E229D7890008AA15E /* DataID.swift in Sources */ = {isa = PBXBuildFile; fileRef = 8ACE235C229D7890008AA15E /* DataID.swift */; };
		8AD3F2D31DEC077000F68FB4 /* LinkOperationTest.swift in Sources */ = {isa = PBXBuildFile; fileRef = 8AD3F2D11DEC077000F68FB4 /* LinkOperationTest.swift */; };
		8AD3F2D61DEC113200F68FB4 /* LinkOperationFixtureTest.swift in Sources */ = {isa = PBXBuildFile; fileRef = 8AD3F2D41DEC113200F68FB4 /* LinkOperationFixtureTest.swift */; };
		8AD58423228EC5C5008F3BF6 /* ChargeSchedule.swift in Sources */ = {isa = PBXBuildFile; fileRef = 8AD58422228EC5C5008F3BF6 /* ChargeSchedule.swift */; };
		8AD58424228EC5C5008F3BF6 /* ChargeSchedule.swift in Sources */ = {isa = PBXBuildFile; fileRef = 8AD58422228EC5C5008F3BF6 /* ChargeSchedule.swift */; };
		8ADE88B01ED4459100239263 /* Schedule.swift in Sources */ = {isa = PBXBuildFile; fileRef = 8ADE88AF1ED4459100239263 /* Schedule.swift */; };
		8ADE88B11ED4459100239263 /* Schedule.swift in Sources */ = {isa = PBXBuildFile; fileRef = 8ADE88AF1ED4459100239263 /* Schedule.swift */; };
		8ADE88B31ED4619A00239263 /* Occurrence.swift in Sources */ = {isa = PBXBuildFile; fileRef = 8ADE88B21ED4619A00239263 /* Occurrence.swift */; };
		8ADE88B41ED4619A00239263 /* Occurrence.swift in Sources */ = {isa = PBXBuildFile; fileRef = 8ADE88B21ED4619A00239263 /* Occurrence.swift */; };
		8AE11AF81ED846AD0015B16A /* AccountAndBalanceOperationsTest.swift in Sources */ = {isa = PBXBuildFile; fileRef = 8AE11AF71ED846AD0015B16A /* AccountAndBalanceOperationsTest.swift */; };
		8AE654A32296B82E00246410 /* Schedulable.swift in Sources */ = {isa = PBXBuildFile; fileRef = 8AE654A22296B82E00246410 /* Schedulable.swift */; };
		8AE654A42296B82E00246410 /* Schedulable.swift in Sources */ = {isa = PBXBuildFile; fileRef = 8AE654A22296B82E00246410 /* Schedulable.swift */; };
		8AE84C471E2F6A1300A3BD56 /* SearchResult.swift in Sources */ = {isa = PBXBuildFile; fileRef = 8AE84C461E2F6A1300A3BD56 /* SearchResult.swift */; };
		8AE84C481E2F6A1300A3BD56 /* SearchResult.swift in Sources */ = {isa = PBXBuildFile; fileRef = 8AE84C461E2F6A1300A3BD56 /* SearchResult.swift */; };
		8AEA41611EADE4C0000A5E28 /* TokenOperationTest.swift in Sources */ = {isa = PBXBuildFile; fileRef = 8AEA41601EADE4C0000A5E28 /* TokenOperationTest.swift */; };
		8AEA41621EADE4C0000A5E28 /* TokenOperationTest.swift in Sources */ = {isa = PBXBuildFile; fileRef = 8AEA41601EADE4C0000A5E28 /* TokenOperationTest.swift */; };
		8AEDE7D51DDC701600DD9DF1 /* Fixtures in Resources */ = {isa = PBXBuildFile; fileRef = 229873591CCE0B5A00970F8C /* Fixtures */; };
		8AF2219E21A40EE900AAF0F9 /* SearchOperationFixtureTests.swift in Sources */ = {isa = PBXBuildFile; fileRef = 8AF2219D21A40EE900AAF0F9 /* SearchOperationFixtureTests.swift */; };
		8AF2219F21A40EE900AAF0F9 /* SearchOperationFixtureTests.swift in Sources */ = {isa = PBXBuildFile; fileRef = 8AF2219D21A40EE900AAF0F9 /* SearchOperationFixtureTests.swift */; };
		8AF584421E0153AC00D7D647 /* ChargeOperationsTest.swift in Sources */ = {isa = PBXBuildFile; fileRef = 8AF584411E0153AC00D7D647 /* ChargeOperationsTest.swift */; };
		98256FF31D225E3000F91436 /* TransferOperationsTest.swift in Sources */ = {isa = PBXBuildFile; fileRef = 98256FF11D225E3000F91436 /* TransferOperationsTest.swift */; };
/* End PBXBuildFile section */

/* Begin PBXContainerItemProxy section */
		2270E3B01CC78D4200F18814 /* PBXContainerItemProxy */ = {
			isa = PBXContainerItemProxy;
			containerPortal = 220C32641CC762330060112E /* Project object */;
			proxyType = 1;
			remoteGlobalIDString = 220C326C1CC762330060112E;
			remoteInfo = OmiseSwiftOSX;
		};
		2270E3BF1CC78D8900F18814 /* PBXContainerItemProxy */ = {
			isa = PBXContainerItemProxy;
			containerPortal = 220C32641CC762330060112E /* Project object */;
			proxyType = 1;
			remoteGlobalIDString = 220C327C1CC762440060112E;
			remoteInfo = OmiseSwiftIOS;
		};
/* End PBXContainerItemProxy section */

/* Begin PBXFileReference section */
		220C326D1CC762330060112E /* Omise.framework */ = {isa = PBXFileReference; explicitFileType = wrapper.framework; includeInIndex = 0; path = Omise.framework; sourceTree = BUILT_PRODUCTS_DIR; };
		220C32701CC762330060112E /* Omise.h */ = {isa = PBXFileReference; lastKnownFileType = sourcecode.c.h; path = Omise.h; sourceTree = "<group>"; };
		220C32721CC762330060112E /* Info-OSX.plist */ = {isa = PBXFileReference; lastKnownFileType = text.plist.xml; path = "Info-OSX.plist"; sourceTree = "<group>"; };
		220C327D1CC762440060112E /* Omise.framework */ = {isa = PBXFileReference; explicitFileType = wrapper.framework; includeInIndex = 0; path = Omise.framework; sourceTree = BUILT_PRODUCTS_DIR; };
		22112D091CC7910700D0DB54 /* OmiseTestCase.swift */ = {isa = PBXFileReference; fileEncoding = 4; lastKnownFileType = sourcecode.swift; path = OmiseTestCase.swift; sourceTree = "<group>"; };
		22338DAF1D211D7E00811363 /* SingletonRetrievable.swift */ = {isa = PBXFileReference; fileEncoding = 4; lastKnownFileType = sourcecode.swift; path = SingletonRetrievable.swift; sourceTree = "<group>"; };
		22338DB71D21392A00811363 /* APIResult.swift */ = {isa = PBXFileReference; fileEncoding = 4; lastKnownFileType = sourcecode.swift; path = APIResult.swift; sourceTree = "<group>"; };
		2258D8161D226D87006C4149 /* QuickStart.playground */ = {isa = PBXFileReference; lastKnownFileType = file.playground; path = QuickStart.playground; sourceTree = "<group>"; xcLanguageSpecificationIdentifier = xcode.lang.swift; };
		225C4E4C1D223FF700A62F2C /* Updatable.swift */ = {isa = PBXFileReference; fileEncoding = 4; lastKnownFileType = sourcecode.swift; path = Updatable.swift; sourceTree = "<group>"; };
		225C4E4E1D22412A00A62F2C /* Destroyable.swift */ = {isa = PBXFileReference; fileEncoding = 4; lastKnownFileType = sourcecode.swift; path = Destroyable.swift; sourceTree = "<group>"; };
		2270E39D1CC7649A00F18814 /* Info-iOS.plist */ = {isa = PBXFileReference; fileEncoding = 4; lastKnownFileType = text.plist.xml; path = "Info-iOS.plist"; sourceTree = "<group>"; };
		2270E3AA1CC78D4200F18814 /* OmiseSwiftOSXTests.xctest */ = {isa = PBXFileReference; explicitFileType = wrapper.cfbundle; includeInIndex = 0; path = OmiseSwiftOSXTests.xctest; sourceTree = BUILT_PRODUCTS_DIR; };
		2270E3AE1CC78D4200F18814 /* Info-OSX.plist */ = {isa = PBXFileReference; lastKnownFileType = text.plist.xml; path = "Info-OSX.plist"; sourceTree = "<group>"; };
		2270E3B91CC78D8900F18814 /* OmiseSwiftIOSTests.xctest */ = {isa = PBXFileReference; explicitFileType = wrapper.cfbundle; includeInIndex = 0; path = OmiseSwiftIOSTests.xctest; sourceTree = BUILT_PRODUCTS_DIR; };
		2270E3C41CC78DDB00F18814 /* Info-iOS.plist */ = {isa = PBXFileReference; lastKnownFileType = text.plist.xml; path = "Info-iOS.plist"; sourceTree = "<group>"; };
		229873591CCE0B5A00970F8C /* Fixtures */ = {isa = PBXFileReference; lastKnownFileType = folder; path = Fixtures; sourceTree = "<group>"; };
		2298735D1CCE15D400970F8C /* APIError.swift */ = {isa = PBXFileReference; fileEncoding = 4; lastKnownFileType = sourcecode.swift; path = APIError.swift; sourceTree = "<group>"; };
		2298736E1CCE207500970F8C /* Endpoint.swift */ = {isa = PBXFileReference; fileEncoding = 4; lastKnownFileType = sourcecode.swift; path = Endpoint.swift; sourceTree = "<group>"; };
		229873801CCF3B1900970F8C /* URLEncoderTest.swift */ = {isa = PBXFileReference; fileEncoding = 4; lastKnownFileType = sourcecode.swift; path = URLEncoderTest.swift; sourceTree = "<group>"; };
		2298738A1CCF5D9500970F8C /* OmiseError.swift */ = {isa = PBXFileReference; fileEncoding = 4; lastKnownFileType = sourcecode.swift; path = OmiseError.swift; sourceTree = "<group>"; };
		22A0F9861D21580400CA3D35 /* Listable.swift */ = {isa = PBXFileReference; fileEncoding = 4; lastKnownFileType = sourcecode.swift; path = Listable.swift; sourceTree = "<group>"; };
		22A0F9881D215D3700CA3D35 /* Retrievable.swift */ = {isa = PBXFileReference; fileEncoding = 4; lastKnownFileType = sourcecode.swift; path = Retrievable.swift; sourceTree = "<group>"; };
		22A0F98C1D2160F900CA3D35 /* Creatable.swift */ = {isa = PBXFileReference; fileEncoding = 4; lastKnownFileType = sourcecode.swift; path = Creatable.swift; sourceTree = "<group>"; };
		22A0F9951D22372400CA3D35 /* Ordering.swift */ = {isa = PBXFileReference; fileEncoding = 4; lastKnownFileType = sourcecode.swift; path = Ordering.swift; sourceTree = "<group>"; };
		22BF9B9E1CD1F76100CD3CAD /* LiveTest.swift */ = {isa = PBXFileReference; fileEncoding = 4; lastKnownFileType = sourcecode.swift; path = LiveTest.swift; sourceTree = "<group>"; };
		8A028B371E2CBABF0008E010 /* Link.swift */ = {isa = PBXFileReference; fileEncoding = 4; lastKnownFileType = sourcecode.swift; path = Link.swift; sourceTree = "<group>"; };
		8A028B421E2CDB6F0008E010 /* Tool.swift */ = {isa = PBXFileReference; fileEncoding = 4; lastKnownFileType = sourcecode.swift; path = Tool.swift; sourceTree = "<group>"; };
		8A028B441E2CEA370008E010 /* APIConfiguration.swift */ = {isa = PBXFileReference; fileEncoding = 4; lastKnownFileType = sourcecode.swift; path = APIConfiguration.swift; sourceTree = "<group>"; };
		8A028B461E2CEB8D0008E010 /* APIClient.swift */ = {isa = PBXFileReference; fileEncoding = 4; lastKnownFileType = sourcecode.swift; path = APIClient.swift; sourceTree = "<group>"; };
		8A028B4A1E2CECEF0008E010 /* APIRequest.swift */ = {isa = PBXFileReference; fileEncoding = 4; lastKnownFileType = sourcecode.swift; path = APIRequest.swift; sourceTree = "<group>"; };
		8A061AA01E2E31C70025EC14 /* ChargeEndpoint.swift */ = {isa = PBXFileReference; fileEncoding = 4; lastKnownFileType = sourcecode.swift; path = ChargeEndpoint.swift; sourceTree = "<group>"; };
		8A07D2F31D73F5040030B68D /* FixtureClient.swift */ = {isa = PBXFileReference; fileEncoding = 4; lastKnownFileType = sourcecode.swift; path = FixtureClient.swift; sourceTree = "<group>"; };
		8A07D2F61D73F8370030B68D /* FixtureTestCase.swift */ = {isa = PBXFileReference; fileEncoding = 4; lastKnownFileType = sourcecode.swift; path = FixtureTestCase.swift; sourceTree = "<group>"; };
		8A07D2F91D741F430030B68D /* TransferOperationFixtureTests.swift */ = {isa = PBXFileReference; fileEncoding = 4; lastKnownFileType = sourcecode.swift; path = TransferOperationFixtureTests.swift; sourceTree = "<group>"; };
		8A07D2FE1D7436830030B68D /* ChargesOperationFixtureTests.swift */ = {isa = PBXFileReference; fileEncoding = 4; lastKnownFileType = sourcecode.swift; path = ChargesOperationFixtureTests.swift; sourceTree = "<group>"; };
		8A1039641EDD5FD70035B2EF /* ScheduleOperationsTest.swift */ = {isa = PBXFileReference; fileEncoding = 4; lastKnownFileType = sourcecode.swift; path = ScheduleOperationsTest.swift; sourceTree = "<group>"; };
		8A149C82229537D300BF8E75 /* AccountAndBalanceOperationFixtureTests.swift */ = {isa = PBXFileReference; lastKnownFileType = sourcecode.swift; path = AccountAndBalanceOperationFixtureTests.swift; sourceTree = "<group>"; };
		8A1CF6AC1F8B84B4003EDB38 /* SourceOperationFixtureTests.swift */ = {isa = PBXFileReference; lastKnownFileType = sourcecode.swift; path = SourceOperationFixtureTests.swift; sourceTree = "<group>"; };
		8A1CF6AF1F8BC1BD003EDB38 /* DigitsTest.swift */ = {isa = PBXFileReference; lastKnownFileType = sourcecode.swift; path = DigitsTest.swift; sourceTree = "<group>"; };
		8A208DDA21A81247009104C0 /* CapabilityOperationFixtureTests.swift */ = {isa = PBXFileReference; lastKnownFileType = sourcecode.swift; path = CapabilityOperationFixtureTests.swift; sourceTree = "<group>"; };
		8A242A511E2E1BAA0068BB5D /* APIEndpoint.swift */ = {isa = PBXFileReference; fileEncoding = 4; lastKnownFileType = sourcecode.swift; path = APIEndpoint.swift; sourceTree = "<group>"; };
		8A2698A11D743A2100515A0A /* RefundOperationFixtureTests.swift */ = {isa = PBXFileReference; fileEncoding = 4; lastKnownFileType = sourcecode.swift; path = RefundOperationFixtureTests.swift; sourceTree = "<group>"; };
		8A2698A41D74417800515A0A /* DisputeOperationFixtureTests.swift */ = {isa = PBXFileReference; fileEncoding = 4; lastKnownFileType = sourcecode.swift; path = DisputeOperationFixtureTests.swift; sourceTree = "<group>"; };
		8A28BB421E28FDAE00EEBD55 /* OmiseAPIError.swift */ = {isa = PBXFileReference; fileEncoding = 4; lastKnownFileType = sourcecode.swift; path = OmiseAPIError.swift; sourceTree = "<group>"; };
		8A2BCABD1E5C039B0069577B /* Bank.swift */ = {isa = PBXFileReference; fileEncoding = 4; lastKnownFileType = sourcecode.swift; path = Bank.swift; sourceTree = "<group>"; };
		8A2BCAC01E5C083F0069577B /* banks.json */ = {isa = PBXFileReference; fileEncoding = 4; lastKnownFileType = text.json; path = banks.json; sourceTree = "<group>"; };
		8A2BCAC31E5C400F0069577B /* RecipientOperationTest.swift */ = {isa = PBXFileReference; fileEncoding = 4; lastKnownFileType = sourcecode.swift; path = RecipientOperationTest.swift; sourceTree = "<group>"; };
		8A3139302293B2370055F755 /* TransferSchedule.swift */ = {isa = PBXFileReference; lastKnownFileType = sourcecode.swift; path = TransferSchedule.swift; sourceTree = "<group>"; };
		8A37FD3A22B7A9EB00325538 /* APIQuery.swift */ = {isa = PBXFileReference; lastKnownFileType = sourcecode.swift; path = APIQuery.swift; sourceTree = "<group>"; };
		8A38E78022968280005FD6F9 /* BillingAddress.swift */ = {isa = PBXFileReference; lastKnownFileType = sourcecode.swift; path = BillingAddress.swift; sourceTree = "<group>"; };
		8A3938E51D8174C9007750AA /* List.swift */ = {isa = PBXFileReference; fileEncoding = 4; lastKnownFileType = sourcecode.swift; path = List.swift; sourceTree = "<group>"; };
		8A3B90141E360AD30074D6CD /* Token.swift */ = {isa = PBXFileReference; fileEncoding = 4; lastKnownFileType = sourcecode.swift; path = Token.swift; sourceTree = "<group>"; };
		8A3BCB5F22B0F4C400569A93 /* RecipientEndpoint.swift */ = {isa = PBXFileReference; lastKnownFileType = sourcecode.swift; path = RecipientEndpoint.swift; sourceTree = "<group>"; };
		8A4224AA1E4C8F8E00B11AF2 /* Search.swift */ = {isa = PBXFileReference; fileEncoding = 4; lastKnownFileType = sourcecode.swift; path = Search.swift; sourceTree = "<group>"; };
		8A4469D11ED5A40C00F07334 /* SchedulesOperationFixtureTests.swift */ = {isa = PBXFileReference; fileEncoding = 4; lastKnownFileType = sourcecode.swift; path = SchedulesOperationFixtureTests.swift; sourceTree = "<group>"; };
		8A4469D41ED5E13D00F07334 /* Period.swift */ = {isa = PBXFileReference; fileEncoding = 4; lastKnownFileType = sourcecode.swift; path = Period.swift; sourceTree = "<group>"; };
		8A47E935202980780070A247 /* SourceType.swift */ = {isa = PBXFileReference; lastKnownFileType = sourcecode.swift; path = SourceType.swift; sourceTree = "<group>"; };
		8A4FC9451F87795300F32E9F /* Source.swift */ = {isa = PBXFileReference; lastKnownFileType = sourcecode.swift; path = Source.swift; sourceTree = "<group>"; };
		8A56D41A1D78172D00F30D88 /* Currency.swift */ = {isa = PBXFileReference; fileEncoding = 4; lastKnownFileType = sourcecode.swift; path = Currency.swift; sourceTree = "<group>"; };
		8A5880EB1F46EB4D00647405 /* Receipt.swift */ = {isa = PBXFileReference; lastKnownFileType = sourcecode.swift; path = Receipt.swift; sourceTree = "<group>"; };
		8A5880EE1F46EEB300647405 /* ReceiptsOperationFixtureTests.swift */ = {isa = PBXFileReference; lastKnownFileType = sourcecode.swift; path = ReceiptsOperationFixtureTests.swift; sourceTree = "<group>"; };
		8A590B431EDD72EC003C60E0 /* Forex.swift */ = {isa = PBXFileReference; fileEncoding = 4; lastKnownFileType = sourcecode.swift; path = Forex.swift; sourceTree = "<group>"; };
		8A590B461EDD74F7003C60E0 /* ForexEndpoint.swift */ = {isa = PBXFileReference; fileEncoding = 4; lastKnownFileType = sourcecode.swift; path = ForexEndpoint.swift; sourceTree = "<group>"; };
		8A590B491EDD780A003C60E0 /* ForexOperationFixtureTests.swift */ = {isa = PBXFileReference; fileEncoding = 4; lastKnownFileType = sourcecode.swift; path = ForexOperationFixtureTests.swift; sourceTree = "<group>"; };
		8A590B4C1EDD8035003C60E0 /* CustomerEndpoint.swift */ = {isa = PBXFileReference; fileEncoding = 4; lastKnownFileType = sourcecode.swift; path = CustomerEndpoint.swift; sourceTree = "<group>"; };
		8A5AB0CE2189BEF2008EDCF4 /* EnrolledSource.swift */ = {isa = PBXFileReference; lastKnownFileType = sourcecode.swift; path = EnrolledSource.swift; sourceTree = "<group>"; };
		8A5AB0D12189BF0F008EDCF4 /* PaymentSource.swift */ = {isa = PBXFileReference; lastKnownFileType = sourcecode.swift; path = PaymentSource.swift; sourceTree = "<group>"; };
		8A5BC2DD2012743400B55139 /* CurrencyTest.swift */ = {isa = PBXFileReference; lastKnownFileType = sourcecode.swift; path = CurrencyTest.swift; sourceTree = "<group>"; };
		8A60792F1EB1E395005684CC /* AnyAccessKey.swift */ = {isa = PBXFileReference; fileEncoding = 4; lastKnownFileType = sourcecode.swift; path = AnyAccessKey.swift; sourceTree = "<group>"; };
		8A6785CC2297CABB0068DF40 /* OmiseAPIChildObject.swift */ = {isa = PBXFileReference; lastKnownFileType = sourcecode.swift; path = OmiseAPIChildObject.swift; sourceTree = "<group>"; };
		8A6785CF2297F0C90068DF40 /* CustomerOperationFixtureTests.swift */ = {isa = PBXFileReference; lastKnownFileType = sourcecode.swift; path = CustomerOperationFixtureTests.swift; sourceTree = "<group>"; };
		8A6785D22297F3C40068DF40 /* CustomerCardOperationFixtureTests.swift */ = {isa = PBXFileReference; lastKnownFileType = sourcecode.swift; path = CustomerCardOperationFixtureTests.swift; sourceTree = "<group>"; };
		8A6785D52297FF7F0068DF40 /* OmiseAPIRequestObjectTest.swift */ = {isa = PBXFileReference; lastKnownFileType = sourcecode.swift; path = OmiseAPIRequestObjectTest.swift; sourceTree = "<group>"; };
		8A762C2021A6B84F00AC5C46 /* Capability.swift */ = {isa = PBXFileReference; lastKnownFileType = sourcecode.swift; path = Capability.swift; sourceTree = "<group>"; };
		8A7CBA481DE59A4700F83D21 /* Digits.swift */ = {isa = PBXFileReference; fileEncoding = 4; lastKnownFileType = sourcecode.swift; path = Digits.swift; sourceTree = "<group>"; };
		8A82A7061D7942E800A198A3 /* Searchable.swift */ = {isa = PBXFileReference; fileEncoding = 4; lastKnownFileType = sourcecode.swift; path = Searchable.swift; sourceTree = "<group>"; };
		8A82A7091D795DCC00A198A3 /* SearchOperationTest.swift */ = {isa = PBXFileReference; fileEncoding = 4; lastKnownFileType = sourcecode.swift; path = SearchOperationTest.swift; sourceTree = "<group>"; };
		8A98759A1F0647050090D56F /* Document.swift */ = {isa = PBXFileReference; fileEncoding = 4; lastKnownFileType = sourcecode.swift; path = Document.swift; sourceTree = "<group>"; };
		8A98759D1F0673C90090D56F /* DocumentOperationTest.swift */ = {isa = PBXFileReference; fileEncoding = 4; lastKnownFileType = sourcecode.swift; path = DocumentOperationTest.swift; sourceTree = "<group>"; };
		8A9B2AB31FB9B5C5002F42C7 /* DecoderTest.swift */ = {isa = PBXFileReference; lastKnownFileType = sourcecode.swift; path = DecoderTest.swift; sourceTree = "<group>"; };
		8AA2BF231F54144F0083F8A6 /* URLQueryItemEncoder.swift */ = {isa = PBXFileReference; lastKnownFileType = sourcecode.swift; path = URLQueryItemEncoder.swift; sourceTree = "<group>"; };
		8AC4978F229FD984000B83FE /* AnySchedulable.swift */ = {isa = PBXFileReference; lastKnownFileType = sourcecode.swift; path = AnySchedulable.swift; sourceTree = "<group>"; };
		8ACB41121E277607001793CD /* Object.swift */ = {isa = PBXFileReference; fileEncoding = 4; lastKnownFileType = sourcecode.swift; path = Object.swift; sourceTree = "<group>"; };
		8ACB41141E277B60001793CD /* Charge.swift */ = {isa = PBXFileReference; fileEncoding = 4; lastKnownFileType = sourcecode.swift; path = Charge.swift; sourceTree = "<group>"; };
		8ACB41201E277FBB001793CD /* Value.swift */ = {isa = PBXFileReference; fileEncoding = 4; lastKnownFileType = sourcecode.swift; path = Value.swift; sourceTree = "<group>"; };
		8ACB41241E278837001793CD /* DetailProperty.swift */ = {isa = PBXFileReference; fileEncoding = 4; lastKnownFileType = sourcecode.swift; path = DetailProperty.swift; sourceTree = "<group>"; };
		8ACB41291E2793B3001793CD /* Customer.swift */ = {isa = PBXFileReference; fileEncoding = 4; lastKnownFileType = sourcecode.swift; path = Customer.swift; sourceTree = "<group>"; };
		8ACB412C1E2793D4001793CD /* Card.swift */ = {isa = PBXFileReference; fileEncoding = 4; lastKnownFileType = sourcecode.swift; path = Card.swift; sourceTree = "<group>"; };
		8ACB41321E279730001793CD /* ListProperty.swift */ = {isa = PBXFileReference; fileEncoding = 4; lastKnownFileType = sourcecode.swift; path = ListProperty.swift; sourceTree = "<group>"; };
		8ACB41361E279CED001793CD /* Dispute.swift */ = {isa = PBXFileReference; fileEncoding = 4; lastKnownFileType = sourcecode.swift; path = Dispute.swift; sourceTree = "<group>"; };
		8ACB41381E27A335001793CD /* Transfer.swift */ = {isa = PBXFileReference; fileEncoding = 4; lastKnownFileType = sourcecode.swift; path = Transfer.swift; sourceTree = "<group>"; };
		8ACB413A1E27A36F001793CD /* Recipient.swift */ = {isa = PBXFileReference; fileEncoding = 4; lastKnownFileType = sourcecode.swift; path = Recipient.swift; sourceTree = "<group>"; };
		8ACB413D1E27A3F4001793CD /* BankAccount.swift */ = {isa = PBXFileReference; fileEncoding = 4; lastKnownFileType = sourcecode.swift; path = BankAccount.swift; sourceTree = "<group>"; };
		8ACB413F1E27A4B6001793CD /* Transaction.swift */ = {isa = PBXFileReference; fileEncoding = 4; lastKnownFileType = sourcecode.swift; path = Transaction.swift; sourceTree = "<group>"; };
		8ACB41421E27A51A001793CD /* Refund.swift */ = {isa = PBXFileReference; fileEncoding = 4; lastKnownFileType = sourcecode.swift; path = Refund.swift; sourceTree = "<group>"; };
		8ACD57391E2E563800FEE5A0 /* Account.swift */ = {isa = PBXFileReference; fileEncoding = 4; lastKnownFileType = sourcecode.swift; path = Account.swift; sourceTree = "<group>"; };
		8ACD573C1E2E570600FEE5A0 /* Balance.swift */ = {isa = PBXFileReference; fileEncoding = 4; lastKnownFileType = sourcecode.swift; path = Balance.swift; sourceTree = "<group>"; };
		8ACE2353229D17C1008AA15E /* RefundEndpoint.swift */ = {isa = PBXFileReference; lastKnownFileType = sourcecode.swift; path = RefundEndpoint.swift; sourceTree = "<group>"; };
		8ACE2356229D1CDC008AA15E /* TransferEndpoint.swift */ = {isa = PBXFileReference; lastKnownFileType = sourcecode.swift; path = TransferEndpoint.swift; sourceTree = "<group>"; };
		8ACE2359229D2711008AA15E /* ScheduleEndpoint.swift */ = {isa = PBXFileReference; lastKnownFileType = sourcecode.swift; path = ScheduleEndpoint.swift; sourceTree = "<group>"; };
		8ACE235C229D7890008AA15E /* DataID.swift */ = {isa = PBXFileReference; lastKnownFileType = sourcecode.swift; path = DataID.swift; sourceTree = "<group>"; };
		8AD3F2D11DEC077000F68FB4 /* LinkOperationTest.swift */ = {isa = PBXFileReference; fileEncoding = 4; lastKnownFileType = sourcecode.swift; path = LinkOperationTest.swift; sourceTree = "<group>"; };
		8AD3F2D41DEC113200F68FB4 /* LinkOperationFixtureTest.swift */ = {isa = PBXFileReference; fileEncoding = 4; lastKnownFileType = sourcecode.swift; path = LinkOperationFixtureTest.swift; sourceTree = "<group>"; };
		8AD58422228EC5C5008F3BF6 /* ChargeSchedule.swift */ = {isa = PBXFileReference; lastKnownFileType = sourcecode.swift; path = ChargeSchedule.swift; sourceTree = "<group>"; };
		8ADE88AF1ED4459100239263 /* Schedule.swift */ = {isa = PBXFileReference; fileEncoding = 4; lastKnownFileType = sourcecode.swift; path = Schedule.swift; sourceTree = "<group>"; };
		8ADE88B21ED4619A00239263 /* Occurrence.swift */ = {isa = PBXFileReference; fileEncoding = 4; lastKnownFileType = sourcecode.swift; path = Occurrence.swift; sourceTree = "<group>"; };
		8AE11AF71ED846AD0015B16A /* AccountAndBalanceOperationsTest.swift */ = {isa = PBXFileReference; fileEncoding = 4; lastKnownFileType = sourcecode.swift; path = AccountAndBalanceOperationsTest.swift; sourceTree = "<group>"; };
		8AE654A22296B82E00246410 /* Schedulable.swift */ = {isa = PBXFileReference; lastKnownFileType = sourcecode.swift; path = Schedulable.swift; sourceTree = "<group>"; };
		8AE84C461E2F6A1300A3BD56 /* SearchResult.swift */ = {isa = PBXFileReference; fileEncoding = 4; lastKnownFileType = sourcecode.swift; path = SearchResult.swift; sourceTree = "<group>"; };
		8AEA41601EADE4C0000A5E28 /* TokenOperationTest.swift */ = {isa = PBXFileReference; fileEncoding = 4; lastKnownFileType = sourcecode.swift; path = TokenOperationTest.swift; sourceTree = "<group>"; };
		8AF2219D21A40EE900AAF0F9 /* SearchOperationFixtureTests.swift */ = {isa = PBXFileReference; lastKnownFileType = sourcecode.swift; path = SearchOperationFixtureTests.swift; sourceTree = "<group>"; };
		8AF584411E0153AC00D7D647 /* ChargeOperationsTest.swift */ = {isa = PBXFileReference; fileEncoding = 4; lastKnownFileType = sourcecode.swift; path = ChargeOperationsTest.swift; sourceTree = "<group>"; };
		98256FF11D225E3000F91436 /* TransferOperationsTest.swift */ = {isa = PBXFileReference; fileEncoding = 4; lastKnownFileType = sourcecode.swift; path = TransferOperationsTest.swift; sourceTree = "<group>"; };
/* End PBXFileReference section */

/* Begin PBXFrameworksBuildPhase section */
		220C32691CC762330060112E /* Frameworks */ = {
			isa = PBXFrameworksBuildPhase;
			buildActionMask = 2147483647;
			files = (
			);
			runOnlyForDeploymentPostprocessing = 0;
		};
		220C32791CC762440060112E /* Frameworks */ = {
			isa = PBXFrameworksBuildPhase;
			buildActionMask = 2147483647;
			files = (
			);
			runOnlyForDeploymentPostprocessing = 0;
		};
		2270E3A71CC78D4200F18814 /* Frameworks */ = {
			isa = PBXFrameworksBuildPhase;
			buildActionMask = 2147483647;
			files = (
				2270E3AF1CC78D4200F18814 /* Omise.framework in Frameworks */,
			);
			runOnlyForDeploymentPostprocessing = 0;
		};
		2270E3B61CC78D8900F18814 /* Frameworks */ = {
			isa = PBXFrameworksBuildPhase;
			buildActionMask = 2147483647;
			files = (
				2270E3BE1CC78D8900F18814 /* Omise.framework in Frameworks */,
			);
			runOnlyForDeploymentPostprocessing = 0;
		};
/* End PBXFrameworksBuildPhase section */

/* Begin PBXGroup section */
		220C32631CC762330060112E = {
			isa = PBXGroup;
			children = (
				2258D8161D226D87006C4149 /* QuickStart.playground */,
				220C326F1CC762330060112E /* OmiseSwift */,
				2270E3AB1CC78D4200F18814 /* OmiseSwiftTests */,
				220C326E1CC762330060112E /* Products */,
			);
			indentWidth = 4;
			sourceTree = "<group>";
			tabWidth = 4;
		};
		220C326E1CC762330060112E /* Products */ = {
			isa = PBXGroup;
			children = (
				220C326D1CC762330060112E /* Omise.framework */,
				220C327D1CC762440060112E /* Omise.framework */,
				2270E3AA1CC78D4200F18814 /* OmiseSwiftOSXTests.xctest */,
				2270E3B91CC78D8900F18814 /* OmiseSwiftIOSTests.xctest */,
			);
			name = Products;
			sourceTree = "<group>";
		};
		220C326F1CC762330060112E /* OmiseSwift */ = {
			isa = PBXGroup;
			children = (
				220C32701CC762330060112E /* Omise.h */,
				2270E39D1CC7649A00F18814 /* Info-iOS.plist */,
				220C32721CC762330060112E /* Info-OSX.plist */,
				8AC06B8622A7565400816255 /* API */,
				8AC06B8722A7567800816255 /* API Models */,
				8AC06B8922A756B100816255 /* Models */,
				8AC06B8A22A756BD00816255 /* Operations */,
				8AC06B8B22A756F400816255 /* Resources */,
			);
			path = OmiseSwift;
			sourceTree = "<group>";
		};
		2270E3AB1CC78D4200F18814 /* OmiseSwiftTests */ = {
			isa = PBXGroup;
			children = (
				2270E3C41CC78DDB00F18814 /* Info-iOS.plist */,
				2270E3AE1CC78D4200F18814 /* Info-OSX.plist */,
				8A07D2F31D73F5040030B68D /* FixtureClient.swift */,
				8A07D2F61D73F8370030B68D /* FixtureTestCase.swift */,
				22BF9B9E1CD1F76100CD3CAD /* LiveTest.swift */,
				22112D091CC7910700D0DB54 /* OmiseTestCase.swift */,
				8A07D2FC1D742B4F0030B68D /* Fixture Tests */,
				8A07D2FD1D742B580030B68D /* Live Tests */,
				229873381CCDF8AA00970F8C /* Models */,
			);
			path = OmiseSwiftTests;
			sourceTree = "<group>";
		};
		229873381CCDF8AA00970F8C /* Models */ = {
			isa = PBXGroup;
			children = (
				8A5BC2DD2012743400B55139 /* CurrencyTest.swift */,
				8A9B2AB31FB9B5C5002F42C7 /* DecoderTest.swift */,
				8A1CF6AF1F8BC1BD003EDB38 /* DigitsTest.swift */,
				8A6785D52297FF7F0068DF40 /* OmiseAPIRequestObjectTest.swift */,
				229873801CCF3B1900970F8C /* URLEncoderTest.swift */,
			);
			name = Models;
			sourceTree = "<group>";
		};
		8A07D2FC1D742B4F0030B68D /* Fixture Tests */ = {
			isa = PBXGroup;
			children = (
				229873591CCE0B5A00970F8C /* Fixtures */,
				8A149C82229537D300BF8E75 /* AccountAndBalanceOperationFixtureTests.swift */,
				8A208DDA21A81247009104C0 /* CapabilityOperationFixtureTests.swift */,
				8A07D2FE1D7436830030B68D /* ChargesOperationFixtureTests.swift */,
				8A6785D22297F3C40068DF40 /* CustomerCardOperationFixtureTests.swift */,
				8A6785CF2297F0C90068DF40 /* CustomerOperationFixtureTests.swift */,
				8A2698A41D74417800515A0A /* DisputeOperationFixtureTests.swift */,
				8A590B491EDD780A003C60E0 /* ForexOperationFixtureTests.swift */,
				8AD3F2D41DEC113200F68FB4 /* LinkOperationFixtureTest.swift */,
				8A5880EE1F46EEB300647405 /* ReceiptsOperationFixtureTests.swift */,
				8A2698A11D743A2100515A0A /* RefundOperationFixtureTests.swift */,
				8A4469D11ED5A40C00F07334 /* SchedulesOperationFixtureTests.swift */,
				8AF2219D21A40EE900AAF0F9 /* SearchOperationFixtureTests.swift */,
				8A1CF6AC1F8B84B4003EDB38 /* SourceOperationFixtureTests.swift */,
				8A07D2F91D741F430030B68D /* TransferOperationFixtureTests.swift */,
			);
			name = "Fixture Tests";
			sourceTree = "<group>";
		};
		8A07D2FD1D742B580030B68D /* Live Tests */ = {
			isa = PBXGroup;
			children = (
				8AE11AF71ED846AD0015B16A /* AccountAndBalanceOperationsTest.swift */,
				8AF584411E0153AC00D7D647 /* ChargeOperationsTest.swift */,
				8A98759D1F0673C90090D56F /* DocumentOperationTest.swift */,
				8AD3F2D11DEC077000F68FB4 /* LinkOperationTest.swift */,
				8A2BCAC31E5C400F0069577B /* RecipientOperationTest.swift */,
				8A1039641EDD5FD70035B2EF /* ScheduleOperationsTest.swift */,
				8A82A7091D795DCC00A198A3 /* SearchOperationTest.swift */,
				8AEA41601EADE4C0000A5E28 /* TokenOperationTest.swift */,
				98256FF11D225E3000F91436 /* TransferOperationsTest.swift */,
			);
			name = "Live Tests";
			sourceTree = "<group>";
		};
		8AC06B8622A7565400816255 /* API */ = {
			isa = PBXGroup;
			children = (
				8A028B461E2CEB8D0008E010 /* APIClient.swift */,
				8A028B441E2CEA370008E010 /* APIConfiguration.swift */,
				8A242A511E2E1BAA0068BB5D /* APIEndpoint.swift */,
				2298735D1CCE15D400970F8C /* APIError.swift */,
				8A37FD3A22B7A9EB00325538 /* APIQuery.swift */,
				8A028B4A1E2CECEF0008E010 /* APIRequest.swift */,
				2298736E1CCE207500970F8C /* Endpoint.swift */,
				2298738A1CCF5D9500970F8C /* OmiseError.swift */,
				8A028B421E2CDB6F0008E010 /* Tool.swift */,
				8AA2BF231F54144F0083F8A6 /* URLQueryItemEncoder.swift */,
			);
			path = API;
			sourceTree = "<group>";
		};
		8AC06B8722A7567800816255 /* API Models */ = {
			isa = PBXGroup;
			children = (
				8ACD57391E2E563800FEE5A0 /* Account.swift */,
				8ACD573C1E2E570600FEE5A0 /* Balance.swift */,
				8A2BCABD1E5C039B0069577B /* Bank.swift */,
				8ACB413D1E27A3F4001793CD /* BankAccount.swift */,
				8A38E78022968280005FD6F9 /* BillingAddress.swift */,
				8A762C2021A6B84F00AC5C46 /* Capability.swift */,
				8ACB412C1E2793D4001793CD /* Card.swift */,
				8ACB41141E277B60001793CD /* Charge.swift */,
				8AD58422228EC5C5008F3BF6 /* ChargeSchedule.swift */,
				8A56D41A1D78172D00F30D88 /* Currency.swift */,
				8ACB41291E2793B3001793CD /* Customer.swift */,
				8ACB41361E279CED001793CD /* Dispute.swift */,
				8A98759A1F0647050090D56F /* Document.swift */,
				8A590B431EDD72EC003C60E0 /* Forex.swift */,
				8A028B371E2CBABF0008E010 /* Link.swift */,
				8ADE88B21ED4619A00239263 /* Occurrence.swift */,
				8A4469D41ED5E13D00F07334 /* Period.swift */,
				8A5880EB1F46EB4D00647405 /* Receipt.swift */,
				8ACB413A1E27A36F001793CD /* Recipient.swift */,
				8ACB41421E27A51A001793CD /* Refund.swift */,
				8ADE88AF1ED4459100239263 /* Schedule.swift */,
				8AE84C461E2F6A1300A3BD56 /* SearchResult.swift */,
				8A4FC9451F87795300F32E9F /* Source.swift */,
				8A3B90141E360AD30074D6CD /* Token.swift */,
				8ACB413F1E27A4B6001793CD /* Transaction.swift */,
				8ACB41381E27A335001793CD /* Transfer.swift */,
				8A3139302293B2370055F755 /* TransferSchedule.swift */,
				8AC06B8822A7569900816255 /* Source */,
			);
			path = "API Models";
			sourceTree = "<group>";
		};
		8AC06B8822A7569900816255 /* Source */ = {
			isa = PBXGroup;
			children = (
				8A5AB0CE2189BEF2008EDCF4 /* EnrolledSource.swift */,
				8A5AB0D12189BF0F008EDCF4 /* PaymentSource.swift */,
				8A47E935202980780070A247 /* SourceType.swift */,
			);
			path = Source;
			sourceTree = "<group>";
		};
		8AC06B8922A756B100816255 /* Models */ = {
			isa = PBXGroup;
			children = (
				8A60792F1EB1E395005684CC /* AnyAccessKey.swift */,
				8AC4978F229FD984000B83FE /* AnySchedulable.swift */,
				22338DB71D21392A00811363 /* APIResult.swift */,
				8ACE235C229D7890008AA15E /* DataID.swift */,
				8ACB41241E278837001793CD /* DetailProperty.swift */,
				8A7CBA481DE59A4700F83D21 /* Digits.swift */,
				8A3938E51D8174C9007750AA /* List.swift */,
				8ACB41321E279730001793CD /* ListProperty.swift */,
				8ACB41121E277607001793CD /* Object.swift */,
				8A6785CC2297CABB0068DF40 /* OmiseAPIChildObject.swift */,
				8A28BB421E28FDAE00EEBD55 /* OmiseAPIError.swift */,
				22A0F9951D22372400CA3D35 /* Ordering.swift */,
				8A4224AA1E4C8F8E00B11AF2 /* Search.swift */,
				8ACB41201E277FBB001793CD /* Value.swift */,
			);
			path = Models;
			sourceTree = "<group>";
		};
		8AC06B8A22A756BD00816255 /* Operations */ = {
			isa = PBXGroup;
			children = (
				8A061AA01E2E31C70025EC14 /* ChargeEndpoint.swift */,
				22A0F98C1D2160F900CA3D35 /* Creatable.swift */,
				8A590B4C1EDD8035003C60E0 /* CustomerEndpoint.swift */,
				225C4E4E1D22412A00A62F2C /* Destroyable.swift */,
				8A590B461EDD74F7003C60E0 /* ForexEndpoint.swift */,
				22A0F9861D21580400CA3D35 /* Listable.swift */,
				8A3BCB5F22B0F4C400569A93 /* RecipientEndpoint.swift */,
				8ACE2353229D17C1008AA15E /* RefundEndpoint.swift */,
				22A0F9881D215D3700CA3D35 /* Retrievable.swift */,
				8AE654A22296B82E00246410 /* Schedulable.swift */,
				8ACE2359229D2711008AA15E /* ScheduleEndpoint.swift */,
				8A82A7061D7942E800A198A3 /* Searchable.swift */,
				22338DAF1D211D7E00811363 /* SingletonRetrievable.swift */,
				8ACE2356229D1CDC008AA15E /* TransferEndpoint.swift */,
				225C4E4C1D223FF700A62F2C /* Updatable.swift */,
			);
			path = Operations;
			sourceTree = "<group>";
		};
		8AC06B8B22A756F400816255 /* Resources */ = {
			isa = PBXGroup;
			children = (
				8A2BCAC01E5C083F0069577B /* banks.json */,
			);
			path = Resources;
			sourceTree = "<group>";
		};
/* End PBXGroup section */

/* Begin PBXHeadersBuildPhase section */
		220C326A1CC762330060112E /* Headers */ = {
			isa = PBXHeadersBuildPhase;
			buildActionMask = 2147483647;
			files = (
				220C32711CC762330060112E /* Omise.h in Headers */,
			);
			runOnlyForDeploymentPostprocessing = 0;
		};
		220C327A1CC762440060112E /* Headers */ = {
			isa = PBXHeadersBuildPhase;
			buildActionMask = 2147483647;
			files = (
				8AA2EFC51D6C8A1E0052CCFB /* Omise.h in Headers */,
			);
			runOnlyForDeploymentPostprocessing = 0;
		};
/* End PBXHeadersBuildPhase section */

/* Begin PBXNativeTarget section */
		220C326C1CC762330060112E /* OmiseSwiftOSX */ = {
			isa = PBXNativeTarget;
			buildConfigurationList = 220C32751CC762330060112E /* Build configuration list for PBXNativeTarget "OmiseSwiftOSX" */;
			buildPhases = (
				220C32681CC762330060112E /* Sources */,
				220C32691CC762330060112E /* Frameworks */,
				220C326A1CC762330060112E /* Headers */,
				220C326B1CC762330060112E /* Resources */,
			);
			buildRules = (
			);
			dependencies = (
			);
			name = OmiseSwiftOSX;
			productName = OmiseSwift;
			productReference = 220C326D1CC762330060112E /* Omise.framework */;
			productType = "com.apple.product-type.framework";
		};
		220C327C1CC762440060112E /* OmiseSwiftIOS */ = {
			isa = PBXNativeTarget;
			buildConfigurationList = 220C32821CC762440060112E /* Build configuration list for PBXNativeTarget "OmiseSwiftIOS" */;
			buildPhases = (
				220C32781CC762440060112E /* Sources */,
				220C32791CC762440060112E /* Frameworks */,
				220C327A1CC762440060112E /* Headers */,
				220C327B1CC762440060112E /* Resources */,
			);
			buildRules = (
			);
			dependencies = (
			);
			name = OmiseSwiftIOS;
			productName = OmiseSwiftX;
			productReference = 220C327D1CC762440060112E /* Omise.framework */;
			productType = "com.apple.product-type.framework";
		};
		2270E3A91CC78D4200F18814 /* OmiseSwiftOSXTests */ = {
			isa = PBXNativeTarget;
			buildConfigurationList = 2270E3B21CC78D4200F18814 /* Build configuration list for PBXNativeTarget "OmiseSwiftOSXTests" */;
			buildPhases = (
				2270E3A61CC78D4200F18814 /* Sources */,
				2270E3A71CC78D4200F18814 /* Frameworks */,
				2270E3A81CC78D4200F18814 /* Resources */,
			);
			buildRules = (
			);
			dependencies = (
				2270E3B11CC78D4200F18814 /* PBXTargetDependency */,
			);
			name = OmiseSwiftOSXTests;
			productName = OmiseSwiftTests;
			productReference = 2270E3AA1CC78D4200F18814 /* OmiseSwiftOSXTests.xctest */;
			productType = "com.apple.product-type.bundle.unit-test";
		};
		2270E3B81CC78D8900F18814 /* OmiseSwiftIOSTests */ = {
			isa = PBXNativeTarget;
			buildConfigurationList = 2270E3C11CC78D8900F18814 /* Build configuration list for PBXNativeTarget "OmiseSwiftIOSTests" */;
			buildPhases = (
				2270E3B51CC78D8900F18814 /* Sources */,
				2270E3B61CC78D8900F18814 /* Frameworks */,
				2270E3B71CC78D8900F18814 /* Resources */,
			);
			buildRules = (
			);
			dependencies = (
				2270E3C01CC78D8900F18814 /* PBXTargetDependency */,
			);
			name = OmiseSwiftIOSTests;
			productName = OmiseSwiftIOSTests;
			productReference = 2270E3B91CC78D8900F18814 /* OmiseSwiftIOSTests.xctest */;
			productType = "com.apple.product-type.bundle.unit-test";
		};
/* End PBXNativeTarget section */

/* Begin PBXProject section */
		220C32641CC762330060112E /* Project object */ = {
			isa = PBXProject;
			attributes = {
				LastSwiftUpdateCheck = 0730;
				LastUpgradeCheck = 1240;
				ORGANIZATIONNAME = Omise;
				TargetAttributes = {
					220C326C1CC762330060112E = {
						CreatedOnToolsVersion = 7.3;
					};
					220C327C1CC762440060112E = {
						CreatedOnToolsVersion = 7.3;
						LastSwiftMigration = 1020;
					};
					2270E3A91CC78D4200F18814 = {
						CreatedOnToolsVersion = 7.3;
					};
					2270E3B81CC78D8900F18814 = {
						CreatedOnToolsVersion = 7.3;
						DevelopmentTeam = AWD3VR6J7J;
						LastSwiftMigration = 1020;
						ProvisioningStyle = Automatic;
					};
				};
			};
			buildConfigurationList = 220C32671CC762330060112E /* Build configuration list for PBXProject "OmiseSwift" */;
			compatibilityVersion = "Xcode 3.2";
			developmentRegion = en;
			hasScannedForEncodings = 0;
			knownRegions = (
				en,
				Base,
			);
			mainGroup = 220C32631CC762330060112E;
			productRefGroup = 220C326E1CC762330060112E /* Products */;
			projectDirPath = "";
			projectRoot = "";
			targets = (
				220C327C1CC762440060112E /* OmiseSwiftIOS */,
				220C326C1CC762330060112E /* OmiseSwiftOSX */,
				2270E3B81CC78D8900F18814 /* OmiseSwiftIOSTests */,
				2270E3A91CC78D4200F18814 /* OmiseSwiftOSXTests */,
			);
		};
/* End PBXProject section */

/* Begin PBXResourcesBuildPhase section */
		220C326B1CC762330060112E /* Resources */ = {
			isa = PBXResourcesBuildPhase;
			buildActionMask = 2147483647;
			files = (
				8A2BCAC21E5C083F0069577B /* banks.json in Resources */,
			);
			runOnlyForDeploymentPostprocessing = 0;
		};
		220C327B1CC762440060112E /* Resources */ = {
			isa = PBXResourcesBuildPhase;
			buildActionMask = 2147483647;
			files = (
				8A2BCAC11E5C083F0069577B /* banks.json in Resources */,
			);
			runOnlyForDeploymentPostprocessing = 0;
		};
		2270E3A81CC78D4200F18814 /* Resources */ = {
			isa = PBXResourcesBuildPhase;
			buildActionMask = 2147483647;
			files = (
				8A028B411E2CCEC80008E010 /* Fixtures in Resources */,
			);
			runOnlyForDeploymentPostprocessing = 0;
		};
		2270E3B71CC78D8900F18814 /* Resources */ = {
			isa = PBXResourcesBuildPhase;
			buildActionMask = 2147483647;
			files = (
				8AEDE7D51DDC701600DD9DF1 /* Fixtures in Resources */,
			);
			runOnlyForDeploymentPostprocessing = 0;
		};
/* End PBXResourcesBuildPhase section */

/* Begin PBXSourcesBuildPhase section */
		220C32681CC762330060112E /* Sources */ = {
			isa = PBXSourcesBuildPhase;
			buildActionMask = 2147483647;
			files = (
				8ACB41531E28A3C2001793CD /* ListProperty.swift in Sources */,
				8A3B90161E360AD30074D6CD /* Token.swift in Sources */,
				8A50C5061E2E250800EC9407 /* Destroyable.swift in Sources */,
				8ACE235B229D2711008AA15E /* ScheduleEndpoint.swift in Sources */,
				8ACB41551E28A3C2001793CD /* Value.swift in Sources */,
				8A242A4F1E2E0B020068BB5D /* APIError.swift in Sources */,
				8ACE235E229D7890008AA15E /* DataID.swift in Sources */,
				8A242A4E1E2E0A6A0068BB5D /* OmiseError.swift in Sources */,
				8A028B431E2CDB6F0008E010 /* Tool.swift in Sources */,
				8A3139322293B2370055F755 /* TransferSchedule.swift in Sources */,
				8AA2BF251F54144F0083F8A6 /* URLQueryItemEncoder.swift in Sources */,
				8ACB41511E28A3C2001793CD /* Customer.swift in Sources */,
				8AE654A42296B82E00246410 /* Schedulable.swift in Sources */,
				8A590B481EDD74F7003C60E0 /* ForexEndpoint.swift in Sources */,
				8ACB415E1E28A3EC001793CD /* Currency.swift in Sources */,
				8ACB41561E28A3C2001793CD /* Dispute.swift in Sources */,
				8A4469D61ED5E13D00F07334 /* Period.swift in Sources */,
				8ADE88B11ED4459100239263 /* Schedule.swift in Sources */,
				8ACE2358229D1CDC008AA15E /* TransferEndpoint.swift in Sources */,
				8A38E78222968280005FD6F9 /* BillingAddress.swift in Sources */,
				8A28BB431E28FDAE00EEBD55 /* OmiseAPIError.swift in Sources */,
				8A028B381E2CBABF0008E010 /* Link.swift in Sources */,
				8A84EF761E2E27C90041082E /* List.swift in Sources */,
				8ACE2355229D17C1008AA15E /* RefundEndpoint.swift in Sources */,
				8A98759C1F0647050090D56F /* Document.swift in Sources */,
				8A37FD3C22B7A9EB00325538 /* APIQuery.swift in Sources */,
				8A6785CE2297CABB0068DF40 /* OmiseAPIChildObject.swift in Sources */,
				8A3BCB6122B0F4C400569A93 /* RecipientEndpoint.swift in Sources */,
				8A5880ED1F46EB4D00647405 /* Receipt.swift in Sources */,
				8ACD573B1E2E563800FEE5A0 /* Account.swift in Sources */,
				8A50C5051E2E250800EC9407 /* Creatable.swift in Sources */,
				8A6079311EB1E395005684CC /* AnyAccessKey.swift in Sources */,
				8ACB41641E28A403001793CD /* Endpoint.swift in Sources */,
				8A028B391E2CC3920008E010 /* Card.swift in Sources */,
				8A4224AC1E4C8F8E00B11AF2 /* Search.swift in Sources */,
				8A028B4B1E2CECEF0008E010 /* APIRequest.swift in Sources */,
				8ACB41601E28A3EC001793CD /* Digits.swift in Sources */,
				8A028B451E2CEA370008E010 /* APIConfiguration.swift in Sources */,
				8A50C50D1E2E259600EC9407 /* Ordering.swift in Sources */,
				8A5AB0D02189BEF2008EDCF4 /* EnrolledSource.swift in Sources */,
				8A762C2221A6B84F00AC5C46 /* Capability.swift in Sources */,
				8A242A521E2E1BAA0068BB5D /* APIEndpoint.swift in Sources */,
				8ACB41581E28A3C2001793CD /* Refund.swift in Sources */,
				8A47E937202980BE0070A247 /* SourceType.swift in Sources */,
				8AC49791229FD984000B83FE /* AnySchedulable.swift in Sources */,
				8A50C5081E2E250800EC9407 /* Retrievable.swift in Sources */,
				8ACB41501E28A3C2001793CD /* Charge.swift in Sources */,
				8ADE88B41ED4619A00239263 /* Occurrence.swift in Sources */,
				8ACB415A1E28A3C2001793CD /* Recipient.swift in Sources */,
				8A50C5091E2E250800EC9407 /* Searchable.swift in Sources */,
				8A590B451EDD72EC003C60E0 /* Forex.swift in Sources */,
				8ACB41541E28A3C2001793CD /* Object.swift in Sources */,
				8A2BCABF1E5C039B0069577B /* Bank.swift in Sources */,
				8A5AB0D32189BF0F008EDCF4 /* PaymentSource.swift in Sources */,
				8A028B471E2CEB8D0008E010 /* APIClient.swift in Sources */,
				8AE84C481E2F6A1300A3BD56 /* SearchResult.swift in Sources */,
				8A028B4C1E2CEE460008E010 /* APIResult.swift in Sources */,
				8A590B4E1EDD8035003C60E0 /* CustomerEndpoint.swift in Sources */,
				8ACB41591E28A3C2001793CD /* Transaction.swift in Sources */,
				8ACB415B1E28A3C2001793CD /* BankAccount.swift in Sources */,
				8AD58424228EC5C5008F3BF6 /* ChargeSchedule.swift in Sources */,
				8A84EF771E2E28610041082E /* Listable.swift in Sources */,
				8A50C50B1E2E250800EC9407 /* Updatable.swift in Sources */,
				8A4FC9471F87795300F32E9F /* Source.swift in Sources */,
				8ACB41521E28A3C2001793CD /* DetailProperty.swift in Sources */,
				8A50C50A1E2E250800EC9407 /* SingletonRetrievable.swift in Sources */,
				8ACB41571E28A3C2001793CD /* Transfer.swift in Sources */,
				8ACD573E1E2E570600FEE5A0 /* Balance.swift in Sources */,
				8A061AA11E2E31C70025EC14 /* ChargeEndpoint.swift in Sources */,
			);
			runOnlyForDeploymentPostprocessing = 0;
		};
		220C32781CC762440060112E /* Sources */ = {
			isa = PBXSourcesBuildPhase;
			buildActionMask = 2147483647;
			files = (
				8ACD57231E2E3A9600FEE5A0 /* Refund.swift in Sources */,
				8A3B90151E360AD30074D6CD /* Token.swift in Sources */,
				8ACD57101E2E3A9600FEE5A0 /* OmiseError.swift in Sources */,
				8ACE235A229D2711008AA15E /* ScheduleEndpoint.swift in Sources */,
				8ACD57211E2E3A9600FEE5A0 /* Ordering.swift in Sources */,
				8ACD570C1E2E3A9600FEE5A0 /* Destroyable.swift in Sources */,
				8ACE235D229D7890008AA15E /* DataID.swift in Sources */,
				8AA2BF241F54144F0083F8A6 /* URLQueryItemEncoder.swift in Sources */,
				8ACD57301E2E3A9600FEE5A0 /* BankAccount.swift in Sources */,
				8A3139312293B2370055F755 /* TransferSchedule.swift in Sources */,
				8ACD57111E2E3A9600FEE5A0 /* Tool.swift in Sources */,
				8A590B471EDD74F7003C60E0 /* ForexEndpoint.swift in Sources */,
				8AE654A32296B82E00246410 /* Schedulable.swift in Sources */,
				8ACD57341E2E3A9600FEE5A0 /* SingletonRetrievable.swift in Sources */,
				8ACD572D1E2E3A9600FEE5A0 /* APIClient.swift in Sources */,
				8A4469D51ED5E13D00F07334 /* Period.swift in Sources */,
				8ADE88B01ED4459100239263 /* Schedule.swift in Sources */,
				8ACD572C1E2E3A9600FEE5A0 /* Object.swift in Sources */,
				8ACE2357229D1CDC008AA15E /* TransferEndpoint.swift in Sources */,
				8A38E78122968280005FD6F9 /* BillingAddress.swift in Sources */,
				8ACD57161E2E3A9600FEE5A0 /* Dispute.swift in Sources */,
				8ACD57321E2E3A9600FEE5A0 /* Updatable.swift in Sources */,
				8A98759B1F0647050090D56F /* Document.swift in Sources */,
				8ACE2354229D17C1008AA15E /* RefundEndpoint.swift in Sources */,
				8A5880EC1F46EB4D00647405 /* Receipt.swift in Sources */,
				8A37FD3B22B7A9EB00325538 /* APIQuery.swift in Sources */,
				8A6785CD2297CABB0068DF40 /* OmiseAPIChildObject.swift in Sources */,
				8A3BCB6022B0F4C400569A93 /* RecipientEndpoint.swift in Sources */,
				8ACD573A1E2E563800FEE5A0 /* Account.swift in Sources */,
				8ACD57221E2E3A9600FEE5A0 /* APIEndpoint.swift in Sources */,
				8ACD57331E2E3A9600FEE5A0 /* DetailProperty.swift in Sources */,
				8A6079301EB1E395005684CC /* AnyAccessKey.swift in Sources */,
				8ACD570B1E2E3A9600FEE5A0 /* ListProperty.swift in Sources */,
				8ACD57381E2E3A9600FEE5A0 /* ChargeEndpoint.swift in Sources */,
				8A4224AB1E4C8F8E00B11AF2 /* Search.swift in Sources */,
				8ACD57201E2E3A9600FEE5A0 /* APIConfiguration.swift in Sources */,
				8ACD57241E2E3A9600FEE5A0 /* Retrievable.swift in Sources */,
				8ACD57181E2E3A9600FEE5A0 /* Link.swift in Sources */,
				8ACD571F1E2E3A9600FEE5A0 /* Digits.swift in Sources */,
				8A5AB0CF2189BEF2008EDCF4 /* EnrolledSource.swift in Sources */,
				8A762C2121A6B84F00AC5C46 /* Capability.swift in Sources */,
				8ACD57291E2E3A9600FEE5A0 /* Recipient.swift in Sources */,
				8ACD57191E2E3A9600FEE5A0 /* List.swift in Sources */,
				8A47E936202980780070A247 /* SourceType.swift in Sources */,
				8AC49790229FD984000B83FE /* AnySchedulable.swift in Sources */,
				8ACD571C1E2E3A9600FEE5A0 /* Endpoint.swift in Sources */,
				8ACD57151E2E3A9600FEE5A0 /* Currency.swift in Sources */,
				8ACD572A1E2E3A9600FEE5A0 /* Searchable.swift in Sources */,
				8ADE88B31ED4619A00239263 /* Occurrence.swift in Sources */,
				8ACD570F1E2E3A9600FEE5A0 /* APIError.swift in Sources */,
				8A590B441EDD72EC003C60E0 /* Forex.swift in Sources */,
				8ACD570E1E2E3A9600FEE5A0 /* Value.swift in Sources */,
				8A5AB0D22189BF0F008EDCF4 /* PaymentSource.swift in Sources */,
				8A2BCABE1E5C039B0069577B /* Bank.swift in Sources */,
				8ACD571A1E2E3A9600FEE5A0 /* Creatable.swift in Sources */,
				8AE84C471E2F6A1300A3BD56 /* SearchResult.swift in Sources */,
				8ACD57171E2E3A9600FEE5A0 /* OmiseAPIError.swift in Sources */,
				8A590B4D1EDD8035003C60E0 /* CustomerEndpoint.swift in Sources */,
				8ACD57141E2E3A9600FEE5A0 /* Customer.swift in Sources */,
				8AD58423228EC5C5008F3BF6 /* ChargeSchedule.swift in Sources */,
				8ACD571E1E2E3A9600FEE5A0 /* APIRequest.swift in Sources */,
				8ACD571D1E2E3A9600FEE5A0 /* Card.swift in Sources */,
				8A4FC9461F87795300F32E9F /* Source.swift in Sources */,
				8ACD57311E2E3A9600FEE5A0 /* Listable.swift in Sources */,
				8ACD572E1E2E3A9600FEE5A0 /* APIResult.swift in Sources */,
				8ACD57361E2E3A9600FEE5A0 /* Transfer.swift in Sources */,
				8ACD572F1E2E3A9600FEE5A0 /* Transaction.swift in Sources */,
				8ACD573D1E2E570600FEE5A0 /* Balance.swift in Sources */,
				8ACD57261E2E3A9600FEE5A0 /* Charge.swift in Sources */,
			);
			runOnlyForDeploymentPostprocessing = 0;
		};
		2270E3A61CC78D4200F18814 /* Sources */ = {
			isa = PBXSourcesBuildPhase;
			buildActionMask = 2147483647;
			files = (
				8AEA41621EADE4C0000A5E28 /* TokenOperationTest.swift in Sources */,
				8AAC00EA22B7D9B9007A71BF /* LiveTest.swift in Sources */,
				8A4469D31ED5A40C00F07334 /* SchedulesOperationFixtureTests.swift in Sources */,
				8A028B401E2CCE550008E010 /* OmiseTestCase.swift in Sources */,
				8A6785D12297F0C90068DF40 /* CustomerOperationFixtureTests.swift in Sources */,
				8A208DDE21A81268009104C0 /* CapabilityOperationFixtureTests.swift in Sources */,
				8A1039661EDD5FD70035B2EF /* ScheduleOperationsTest.swift in Sources */,
				8AAC00EC22B7D9DF007A71BF /* FixtureTestCase.swift in Sources */,
				8A5BC2DF2012743400B55139 /* CurrencyTest.swift in Sources */,
				8AF2219F21A40EE900AAF0F9 /* SearchOperationFixtureTests.swift in Sources */,
				8A590B4B1EDD780A003C60E0 /* ForexOperationFixtureTests.swift in Sources */,
				8A6785D42297F3C40068DF40 /* CustomerCardOperationFixtureTests.swift in Sources */,
				8A1CF6AE1F8B84B4003EDB38 /* SourceOperationFixtureTests.swift in Sources */,
				8A98759F1F0673C90090D56F /* DocumentOperationTest.swift in Sources */,
				8A5880F01F46EEB300647405 /* ReceiptsOperationFixtureTests.swift in Sources */,
				8A2BCAC51E5C400F0069577B /* RecipientOperationTest.swift in Sources */,
				8A9B2AB51FB9B5C5002F42C7 /* DecoderTest.swift in Sources */,
				8A1CF6B11F8BC1D8003EDB38 /* DigitsTest.swift in Sources */,
				8AAC00EB22B7D9CF007A71BF /* FixtureClient.swift in Sources */,
				8A6785D72297FF7F0068DF40 /* OmiseAPIRequestObjectTest.swift in Sources */,
			);
			runOnlyForDeploymentPostprocessing = 0;
		};
		2270E3B51CC78D8900F18814 /* Sources */ = {
			isa = PBXSourcesBuildPhase;
			buildActionMask = 2147483647;
			files = (
				8AD3F2D31DEC077000F68FB4 /* LinkOperationTest.swift in Sources */,
				8A07D2FB1D741F430030B68D /* TransferOperationFixtureTests.swift in Sources */,
				8AE11AF81ED846AD0015B16A /* AccountAndBalanceOperationsTest.swift in Sources */,
				8AD3F2D61DEC113200F68FB4 /* LinkOperationFixtureTest.swift in Sources */,
				8A2698A61D74417800515A0A /* DisputeOperationFixtureTests.swift in Sources */,
				8AF2219E21A40EE900AAF0F9 /* SearchOperationFixtureTests.swift in Sources */,
				22BF9BA11CD1F76900CD3CAD /* LiveTest.swift in Sources */,
				8AF584421E0153AC00D7D647 /* ChargeOperationsTest.swift in Sources */,
				8A6785D62297FF7F0068DF40 /* OmiseAPIRequestObjectTest.swift in Sources */,
				8A2698A31D743A2100515A0A /* RefundOperationFixtureTests.swift in Sources */,
				8A6785D32297F3C40068DF40 /* CustomerCardOperationFixtureTests.swift in Sources */,
				8A9B2AB41FB9B5C5002F42C7 /* DecoderTest.swift in Sources */,
				8AEA41611EADE4C0000A5E28 /* TokenOperationTest.swift in Sources */,
				8A1039651EDD5FD70035B2EF /* ScheduleOperationsTest.swift in Sources */,
				8A82A70B1D795DCC00A198A3 /* SearchOperationTest.swift in Sources */,
				8A590B4A1EDD780A003C60E0 /* ForexOperationFixtureTests.swift in Sources */,
				98256FF31D225E3000F91436 /* TransferOperationsTest.swift in Sources */,
				8A07D2F81D73F8370030B68D /* FixtureTestCase.swift in Sources */,
				8A149C83229537D300BF8E75 /* AccountAndBalanceOperationFixtureTests.swift in Sources */,
				8A1CF6AD1F8B84B4003EDB38 /* SourceOperationFixtureTests.swift in Sources */,
				8A5880EF1F46EEB300647405 /* ReceiptsOperationFixtureTests.swift in Sources */,
				8A5BC2DE2012743400B55139 /* CurrencyTest.swift in Sources */,
				8A07D3001D7436830030B68D /* ChargesOperationFixtureTests.swift in Sources */,
				8A6785D02297F0C90068DF40 /* CustomerOperationFixtureTests.swift in Sources */,
				8A4469D21ED5A40C00F07334 /* SchedulesOperationFixtureTests.swift in Sources */,
				8A2BCAC41E5C400F0069577B /* RecipientOperationTest.swift in Sources */,
				8A07D2F51D73F5040030B68D /* FixtureClient.swift in Sources */,
				8A98759E1F0673C90090D56F /* DocumentOperationTest.swift in Sources */,
				8A1CF6B01F8BC1D7003EDB38 /* DigitsTest.swift in Sources */,
				22112D0D1CC7910700D0DB54 /* OmiseTestCase.swift in Sources */,
				8A208DDD21A81267009104C0 /* CapabilityOperationFixtureTests.swift in Sources */,
			);
			runOnlyForDeploymentPostprocessing = 0;
		};
/* End PBXSourcesBuildPhase section */

/* Begin PBXTargetDependency section */
		2270E3B11CC78D4200F18814 /* PBXTargetDependency */ = {
			isa = PBXTargetDependency;
			target = 220C326C1CC762330060112E /* OmiseSwiftOSX */;
			targetProxy = 2270E3B01CC78D4200F18814 /* PBXContainerItemProxy */;
		};
		2270E3C01CC78D8900F18814 /* PBXTargetDependency */ = {
			isa = PBXTargetDependency;
			target = 220C327C1CC762440060112E /* OmiseSwiftIOS */;
			targetProxy = 2270E3BF1CC78D8900F18814 /* PBXContainerItemProxy */;
		};
/* End PBXTargetDependency section */

/* Begin XCBuildConfiguration section */
		220C32731CC762330060112E /* Debug */ = {
			isa = XCBuildConfiguration;
			buildSettings = {
				ALWAYS_SEARCH_USER_PATHS = NO;
				CLANG_ANALYZER_LOCALIZABILITY_NONLOCALIZED = YES;
				CLANG_ANALYZER_NONNULL = YES;
				CLANG_CXX_LANGUAGE_STANDARD = "gnu++0x";
				CLANG_CXX_LIBRARY = "libc++";
				CLANG_ENABLE_MODULES = YES;
				CLANG_ENABLE_OBJC_ARC = YES;
				CLANG_WARN_BLOCK_CAPTURE_AUTORELEASING = YES;
				CLANG_WARN_BOOL_CONVERSION = YES;
				CLANG_WARN_COMMA = YES;
				CLANG_WARN_CONSTANT_CONVERSION = YES;
				CLANG_WARN_DEPRECATED_OBJC_IMPLEMENTATIONS = YES;
				CLANG_WARN_DIRECT_OBJC_ISA_USAGE = YES_ERROR;
				CLANG_WARN_EMPTY_BODY = YES;
				CLANG_WARN_ENUM_CONVERSION = YES;
				CLANG_WARN_INFINITE_RECURSION = YES;
				CLANG_WARN_INT_CONVERSION = YES;
				CLANG_WARN_NON_LITERAL_NULL_CONVERSION = YES;
				CLANG_WARN_OBJC_IMPLICIT_RETAIN_SELF = YES;
				CLANG_WARN_OBJC_LITERAL_CONVERSION = YES;
				CLANG_WARN_OBJC_ROOT_CLASS = YES_ERROR;
				CLANG_WARN_QUOTED_INCLUDE_IN_FRAMEWORK_HEADER = YES;
				CLANG_WARN_RANGE_LOOP_ANALYSIS = YES;
				CLANG_WARN_STRICT_PROTOTYPES = YES;
				CLANG_WARN_SUSPICIOUS_MOVE = YES;
				CLANG_WARN_UNREACHABLE_CODE = YES;
				CLANG_WARN__DUPLICATE_METHOD_MATCH = YES;
				CODE_SIGN_IDENTITY = "-";
				COPY_PHASE_STRIP = NO;
				CURRENT_PROJECT_VERSION = 1;
				DEBUG_INFORMATION_FORMAT = dwarf;
				ENABLE_STRICT_OBJC_MSGSEND = YES;
				ENABLE_TESTABILITY = YES;
				GCC_C_LANGUAGE_STANDARD = gnu99;
				GCC_DYNAMIC_NO_PIC = NO;
				GCC_NO_COMMON_BLOCKS = YES;
				GCC_OPTIMIZATION_LEVEL = 0;
				GCC_PREPROCESSOR_DEFINITIONS = (
					"DEBUG=1",
					"$(inherited)",
				);
				GCC_WARN_64_TO_32_BIT_CONVERSION = YES;
				GCC_WARN_ABOUT_RETURN_TYPE = YES_ERROR;
				GCC_WARN_UNDECLARED_SELECTOR = YES;
				GCC_WARN_UNINITIALIZED_AUTOS = YES_AGGRESSIVE;
				GCC_WARN_UNUSED_FUNCTION = YES;
				GCC_WARN_UNUSED_VARIABLE = YES;
				IPHONEOS_DEPLOYMENT_TARGET = 10.0;
				MACOSX_DEPLOYMENT_TARGET = 10.12;
				MTL_ENABLE_DEBUG_INFO = YES;
				ONLY_ACTIVE_ARCH = YES;
				SDKROOT = macosx;
				SWIFT_OPTIMIZATION_LEVEL = "-Onone";
				SWIFT_VERSION = 5.0;
				VERSIONING_SYSTEM = "apple-generic";
				VERSION_INFO_PREFIX = "";
			};
			name = Debug;
		};
		220C32741CC762330060112E /* Release */ = {
			isa = XCBuildConfiguration;
			buildSettings = {
				ALWAYS_SEARCH_USER_PATHS = NO;
				CLANG_ANALYZER_LOCALIZABILITY_NONLOCALIZED = YES;
				CLANG_ANALYZER_NONNULL = YES;
				CLANG_CXX_LANGUAGE_STANDARD = "gnu++0x";
				CLANG_CXX_LIBRARY = "libc++";
				CLANG_ENABLE_MODULES = YES;
				CLANG_ENABLE_OBJC_ARC = YES;
				CLANG_WARN_BLOCK_CAPTURE_AUTORELEASING = YES;
				CLANG_WARN_BOOL_CONVERSION = YES;
				CLANG_WARN_COMMA = YES;
				CLANG_WARN_CONSTANT_CONVERSION = YES;
				CLANG_WARN_DEPRECATED_OBJC_IMPLEMENTATIONS = YES;
				CLANG_WARN_DIRECT_OBJC_ISA_USAGE = YES_ERROR;
				CLANG_WARN_EMPTY_BODY = YES;
				CLANG_WARN_ENUM_CONVERSION = YES;
				CLANG_WARN_INFINITE_RECURSION = YES;
				CLANG_WARN_INT_CONVERSION = YES;
				CLANG_WARN_NON_LITERAL_NULL_CONVERSION = YES;
				CLANG_WARN_OBJC_IMPLICIT_RETAIN_SELF = YES;
				CLANG_WARN_OBJC_LITERAL_CONVERSION = YES;
				CLANG_WARN_OBJC_ROOT_CLASS = YES_ERROR;
				CLANG_WARN_QUOTED_INCLUDE_IN_FRAMEWORK_HEADER = YES;
				CLANG_WARN_RANGE_LOOP_ANALYSIS = YES;
				CLANG_WARN_STRICT_PROTOTYPES = YES;
				CLANG_WARN_SUSPICIOUS_MOVE = YES;
				CLANG_WARN_UNREACHABLE_CODE = YES;
				CLANG_WARN__DUPLICATE_METHOD_MATCH = YES;
				CODE_SIGN_IDENTITY = "-";
				COPY_PHASE_STRIP = NO;
				CURRENT_PROJECT_VERSION = 1;
				DEBUG_INFORMATION_FORMAT = "dwarf-with-dsym";
				ENABLE_NS_ASSERTIONS = NO;
				ENABLE_STRICT_OBJC_MSGSEND = YES;
				GCC_C_LANGUAGE_STANDARD = gnu99;
				GCC_NO_COMMON_BLOCKS = YES;
				GCC_WARN_64_TO_32_BIT_CONVERSION = YES;
				GCC_WARN_ABOUT_RETURN_TYPE = YES_ERROR;
				GCC_WARN_UNDECLARED_SELECTOR = YES;
				GCC_WARN_UNINITIALIZED_AUTOS = YES_AGGRESSIVE;
				GCC_WARN_UNUSED_FUNCTION = YES;
				GCC_WARN_UNUSED_VARIABLE = YES;
				IPHONEOS_DEPLOYMENT_TARGET = 10.0;
				MACOSX_DEPLOYMENT_TARGET = 10.12;
				MTL_ENABLE_DEBUG_INFO = NO;
				SDKROOT = macosx;
				SWIFT_OPTIMIZATION_LEVEL = "-Owholemodule";
				SWIFT_VERSION = 5.0;
				VERSIONING_SYSTEM = "apple-generic";
				VERSION_INFO_PREFIX = "";
			};
			name = Release;
		};
		220C32761CC762330060112E /* Debug */ = {
			isa = XCBuildConfiguration;
			buildSettings = {
				APPLICATION_EXTENSION_API_ONLY = YES;
				CLANG_ENABLE_MODULES = YES;
				CODE_SIGN_IDENTITY = "";
				COMBINE_HIDPI_IMAGES = YES;
				DEFINES_MODULE = YES;
				DYLIB_COMPATIBILITY_VERSION = 1;
				DYLIB_CURRENT_VERSION = 1;
				DYLIB_INSTALL_NAME_BASE = "@rpath";
				FRAMEWORK_VERSION = A;
				INFOPLIST_FILE = "OmiseSwift/Info-OSX.plist";
				INSTALL_PATH = "$(LOCAL_LIBRARY_DIR)/Frameworks";
				LD_RUNPATH_SEARCH_PATHS = "$(inherited) @executable_path/../Frameworks @loader_path/Frameworks";
				PRODUCT_BUNDLE_IDENTIFIER = co.omise.OmiseSwift;
				PRODUCT_NAME = Omise;
				SKIP_INSTALL = YES;
				SWIFT_OPTIMIZATION_LEVEL = "-Onone";
			};
			name = Debug;
		};
		220C32771CC762330060112E /* Release */ = {
			isa = XCBuildConfiguration;
			buildSettings = {
				APPLICATION_EXTENSION_API_ONLY = YES;
				CLANG_ENABLE_MODULES = YES;
				CODE_SIGN_IDENTITY = "";
				COMBINE_HIDPI_IMAGES = YES;
				DEFINES_MODULE = YES;
				DYLIB_COMPATIBILITY_VERSION = 1;
				DYLIB_CURRENT_VERSION = 1;
				DYLIB_INSTALL_NAME_BASE = "@rpath";
				FRAMEWORK_VERSION = A;
				INFOPLIST_FILE = "OmiseSwift/Info-OSX.plist";
				INSTALL_PATH = "$(LOCAL_LIBRARY_DIR)/Frameworks";
				LD_RUNPATH_SEARCH_PATHS = "$(inherited) @executable_path/../Frameworks @loader_path/Frameworks";
				PRODUCT_BUNDLE_IDENTIFIER = co.omise.OmiseSwift;
				PRODUCT_NAME = Omise;
				SKIP_INSTALL = YES;
			};
			name = Release;
		};
		220C32831CC762440060112E /* Debug */ = {
			isa = XCBuildConfiguration;
			buildSettings = {
				APPLICATION_EXTENSION_API_ONLY = YES;
				"CODE_SIGN_IDENTITY[sdk=iphoneos*]" = "";
				DEFINES_MODULE = YES;
				DYLIB_COMPATIBILITY_VERSION = 1;
				DYLIB_CURRENT_VERSION = 1;
				DYLIB_INSTALL_NAME_BASE = "@rpath";
				INFOPLIST_FILE = "OmiseSwift/Info-iOS.plist";
				INSTALL_PATH = "$(LOCAL_LIBRARY_DIR)/Frameworks";
				LD_RUNPATH_SEARCH_PATHS = "$(inherited) @executable_path/Frameworks @loader_path/Frameworks";
				PRODUCT_BUNDLE_IDENTIFIER = co.omise.OmiseSwift;
				PRODUCT_NAME = Omise;
				SDKROOT = iphoneos;
				SKIP_INSTALL = YES;
				TARGETED_DEVICE_FAMILY = "1,2";
			};
			name = Debug;
		};
		220C32841CC762440060112E /* Release */ = {
			isa = XCBuildConfiguration;
			buildSettings = {
				APPLICATION_EXTENSION_API_ONLY = YES;
				"CODE_SIGN_IDENTITY[sdk=iphoneos*]" = "";
				DEFINES_MODULE = YES;
				DYLIB_COMPATIBILITY_VERSION = 1;
				DYLIB_CURRENT_VERSION = 1;
				DYLIB_INSTALL_NAME_BASE = "@rpath";
				INFOPLIST_FILE = "OmiseSwift/Info-iOS.plist";
				INSTALL_PATH = "$(LOCAL_LIBRARY_DIR)/Frameworks";
				LD_RUNPATH_SEARCH_PATHS = "$(inherited) @executable_path/Frameworks @loader_path/Frameworks";
				PRODUCT_BUNDLE_IDENTIFIER = co.omise.OmiseSwift;
				PRODUCT_NAME = Omise;
				SDKROOT = iphoneos;
				SKIP_INSTALL = YES;
				TARGETED_DEVICE_FAMILY = "1,2";
				VALIDATE_PRODUCT = YES;
			};
			name = Release;
		};
		2270E3B31CC78D4200F18814 /* Debug */ = {
			isa = XCBuildConfiguration;
			buildSettings = {
				ALWAYS_EMBED_SWIFT_STANDARD_LIBRARIES = YES;
				CLANG_ENABLE_MODULES = YES;
				COMBINE_HIDPI_IMAGES = YES;
				INFOPLIST_FILE = "OmiseSwiftTests/Info-OSX.plist";
				LD_RUNPATH_SEARCH_PATHS = "$(inherited) @executable_path/../Frameworks @loader_path/../Frameworks";
				PRODUCT_BUNDLE_IDENTIFIER = co.omise.OmiseSwiftTests;
				PRODUCT_NAME = "$(TARGET_NAME)";
				SWIFT_OPTIMIZATION_LEVEL = "-Onone";
			};
			name = Debug;
		};
		2270E3B41CC78D4200F18814 /* Release */ = {
			isa = XCBuildConfiguration;
			buildSettings = {
				ALWAYS_EMBED_SWIFT_STANDARD_LIBRARIES = YES;
				CLANG_ENABLE_MODULES = YES;
				COMBINE_HIDPI_IMAGES = YES;
				INFOPLIST_FILE = "OmiseSwiftTests/Info-OSX.plist";
				LD_RUNPATH_SEARCH_PATHS = "$(inherited) @executable_path/../Frameworks @loader_path/../Frameworks";
				PRODUCT_BUNDLE_IDENTIFIER = co.omise.OmiseSwiftTests;
				PRODUCT_NAME = "$(TARGET_NAME)";
			};
			name = Release;
		};
		2270E3C21CC78D8900F18814 /* Debug */ = {
			isa = XCBuildConfiguration;
			buildSettings = {
				ALWAYS_EMBED_SWIFT_STANDARD_LIBRARIES = YES;
				CLANG_ENABLE_MODULES = YES;
				CODE_SIGN_IDENTITY = "iPhone Developer";
				"CODE_SIGN_IDENTITY[sdk=iphoneos*]" = "iPhone Developer";
				CODE_SIGN_STYLE = Automatic;
				INFOPLIST_FILE = "OmiseSwiftTests/Info-iOS.plist";
				LD_RUNPATH_SEARCH_PATHS = "$(inherited) @executable_path/Frameworks @loader_path/Frameworks";
				PRODUCT_BUNDLE_IDENTIFIER = co.omise.OmiseSwiftIOSTests;
				PRODUCT_NAME = "$(TARGET_NAME)";
				PROVISIONING_PROFILE_SPECIFIER = "";
				SDKROOT = iphoneos;
				SWIFT_OPTIMIZATION_LEVEL = "-Onone";
			};
			name = Debug;
		};
		2270E3C31CC78D8900F18814 /* Release */ = {
			isa = XCBuildConfiguration;
			buildSettings = {
				ALWAYS_EMBED_SWIFT_STANDARD_LIBRARIES = YES;
				CLANG_ENABLE_MODULES = YES;
				CODE_SIGN_IDENTITY = "iPhone Developer";
				"CODE_SIGN_IDENTITY[sdk=iphoneos*]" = "iPhone Developer";
				CODE_SIGN_STYLE = Automatic;
				INFOPLIST_FILE = "OmiseSwiftTests/Info-iOS.plist";
				LD_RUNPATH_SEARCH_PATHS = "$(inherited) @executable_path/Frameworks @loader_path/Frameworks";
				PRODUCT_BUNDLE_IDENTIFIER = co.omise.OmiseSwiftIOSTests;
				PRODUCT_NAME = "$(TARGET_NAME)";
				PROVISIONING_PROFILE_SPECIFIER = "";
				SDKROOT = iphoneos;
				VALIDATE_PRODUCT = YES;
			};
			name = Release;
		};
/* End XCBuildConfiguration section */

/* Begin XCConfigurationList section */
		220C32671CC762330060112E /* Build configuration list for PBXProject "OmiseSwift" */ = {
			isa = XCConfigurationList;
			buildConfigurations = (
				220C32731CC762330060112E /* Debug */,
				220C32741CC762330060112E /* Release */,
			);
			defaultConfigurationIsVisible = 0;
			defaultConfigurationName = Release;
		};
		220C32751CC762330060112E /* Build configuration list for PBXNativeTarget "OmiseSwiftOSX" */ = {
			isa = XCConfigurationList;
			buildConfigurations = (
				220C32761CC762330060112E /* Debug */,
				220C32771CC762330060112E /* Release */,
			);
			defaultConfigurationIsVisible = 0;
			defaultConfigurationName = Release;
		};
		220C32821CC762440060112E /* Build configuration list for PBXNativeTarget "OmiseSwiftIOS" */ = {
			isa = XCConfigurationList;
			buildConfigurations = (
				220C32831CC762440060112E /* Debug */,
				220C32841CC762440060112E /* Release */,
			);
			defaultConfigurationIsVisible = 0;
			defaultConfigurationName = Release;
		};
		2270E3B21CC78D4200F18814 /* Build configuration list for PBXNativeTarget "OmiseSwiftOSXTests" */ = {
			isa = XCConfigurationList;
			buildConfigurations = (
				2270E3B31CC78D4200F18814 /* Debug */,
				2270E3B41CC78D4200F18814 /* Release */,
			);
			defaultConfigurationIsVisible = 0;
			defaultConfigurationName = Release;
		};
		2270E3C11CC78D8900F18814 /* Build configuration list for PBXNativeTarget "OmiseSwiftIOSTests" */ = {
			isa = XCConfigurationList;
			buildConfigurations = (
				2270E3C21CC78D8900F18814 /* Debug */,
				2270E3C31CC78D8900F18814 /* Release */,
			);
			defaultConfigurationIsVisible = 0;
			defaultConfigurationName = Release;
		};
/* End XCConfigurationList section */
	};
	rootObject = 220C32641CC762330060112E /* Project object */;
}
