// !$*UTF8*$!
{
	archiveVersion = 1;
	classes = {
	};
	objectVersion = 46;
	objects = {

/* Begin PBXBuildFile section */
		220C32711CC762330060112E /* Omise.h in Headers */ = {isa = PBXBuildFile; fileRef = 220C32701CC762330060112E /* Omise.h */; settings = {ATTRIBUTES = (Public, ); }; };
		22112D0B1CC7910700D0DB54 /* ConfigTest.swift in Sources */ = {isa = PBXBuildFile; fileRef = 22112D081CC7910700D0DB54 /* ConfigTest.swift */; };
		22112D0D1CC7910700D0DB54 /* OmiseTestCase.swift in Sources */ = {isa = PBXBuildFile; fileRef = 22112D091CC7910700D0DB54 /* OmiseTestCase.swift */; };
		2270E3AF1CC78D4200F18814 /* Omise.framework in Frameworks */ = {isa = PBXBuildFile; fileRef = 220C326D1CC762330060112E /* Omise.framework */; };
		2270E3BE1CC78D8900F18814 /* Omise.framework in Frameworks */ = {isa = PBXBuildFile; fileRef = 220C327D1CC762440060112E /* Omise.framework */; };
		2298733B1CCDF99700970F8C /* JSONTest.swift in Sources */ = {isa = PBXBuildFile; fileRef = 229873391CCDF8B200970F8C /* JSONTest.swift */; };
		229873881CCF566F00970F8C /* RequestTest.swift in Sources */ = {isa = PBXBuildFile; fileRef = 229873851CCF565C00970F8C /* RequestTest.swift */; };
		22BF9BA11CD1F76900CD3CAD /* LiveTest.swift in Sources */ = {isa = PBXBuildFile; fileRef = 22BF9B9E1CD1F76100CD3CAD /* LiveTest.swift */; };
		8A028B381E2CBABF0008E010 /* Link.swift in Sources */ = {isa = PBXBuildFile; fileRef = 8A028B371E2CBABF0008E010 /* Link.swift */; };
		8A028B391E2CC3920008E010 /* Card.swift in Sources */ = {isa = PBXBuildFile; fileRef = 8ACB412C1E2793D4001793CD /* Card.swift */; };
		8A028B3E1E2CC9D30008E010 /* AttributesSerializer.swift in Sources */ = {isa = PBXBuildFile; fileRef = 8A028B3D1E2CC9D30008E010 /* AttributesSerializer.swift */; };
		8A028B401E2CCE550008E010 /* OmiseTestCase.swift in Sources */ = {isa = PBXBuildFile; fileRef = 22112D091CC7910700D0DB54 /* OmiseTestCase.swift */; };
		8A028B411E2CCEC80008E010 /* Fixtures in Resources */ = {isa = PBXBuildFile; fileRef = 229873591CCE0B5A00970F8C /* Fixtures */; };
		8A028B431E2CDB6F0008E010 /* Tool.swift in Sources */ = {isa = PBXBuildFile; fileRef = 8A028B421E2CDB6F0008E010 /* Tool.swift */; };
		8A028B451E2CEA370008E010 /* APIConfiguration.swift in Sources */ = {isa = PBXBuildFile; fileRef = 8A028B441E2CEA370008E010 /* APIConfiguration.swift */; };
		8A028B471E2CEB8D0008E010 /* APIClient.swift in Sources */ = {isa = PBXBuildFile; fileRef = 8A028B461E2CEB8D0008E010 /* APIClient.swift */; };
		8A028B4B1E2CECEF0008E010 /* APIRequest.swift in Sources */ = {isa = PBXBuildFile; fileRef = 8A028B4A1E2CECEF0008E010 /* APIRequest.swift */; };
		8A028B4C1E2CEE460008E010 /* Failable.swift in Sources */ = {isa = PBXBuildFile; fileRef = 22338DB71D21392A00811363 /* Failable.swift */; };
		8A061A9F1E2E307D0025EC14 /* DateComponentsConverter.swift in Sources */ = {isa = PBXBuildFile; fileRef = 8A82A7121D79786100A198A3 /* DateComponentsConverter.swift */; };
		8A061AA11E2E31C70025EC14 /* ChargeEndpoint.swift in Sources */ = {isa = PBXBuildFile; fileRef = 8A061AA01E2E31C70025EC14 /* ChargeEndpoint.swift */; };
		8A07D2F51D73F5040030B68D /* FixtureClient.swift in Sources */ = {isa = PBXBuildFile; fileRef = 8A07D2F31D73F5040030B68D /* FixtureClient.swift */; };
		8A07D2F81D73F8370030B68D /* FixtureTestCase.swift in Sources */ = {isa = PBXBuildFile; fileRef = 8A07D2F61D73F8370030B68D /* FixtureTestCase.swift */; };
		8A07D2FB1D741F430030B68D /* TransferOperationFixtureTests.swift in Sources */ = {isa = PBXBuildFile; fileRef = 8A07D2F91D741F430030B68D /* TransferOperationFixtureTests.swift */; };
		8A07D3001D7436830030B68D /* ChargesOperationFixtureTests.swift in Sources */ = {isa = PBXBuildFile; fileRef = 8A07D2FE1D7436830030B68D /* ChargesOperationFixtureTests.swift */; };
		8A242A4E1E2E0A6A0068BB5D /* OmiseError.swift in Sources */ = {isa = PBXBuildFile; fileRef = 2298738A1CCF5D9500970F8C /* OmiseError.swift */; };
		8A242A4F1E2E0B020068BB5D /* APIError.swift in Sources */ = {isa = PBXBuildFile; fileRef = 2298735D1CCE15D400970F8C /* APIError.swift */; };
		8A242A521E2E1BAA0068BB5D /* APIEndpoint.swift in Sources */ = {isa = PBXBuildFile; fileRef = 8A242A511E2E1BAA0068BB5D /* APIEndpoint.swift */; };
		8A2698A31D743A2100515A0A /* RefundOperationFixtureTests.swift in Sources */ = {isa = PBXBuildFile; fileRef = 8A2698A11D743A2100515A0A /* RefundOperationFixtureTests.swift */; };
		8A2698A61D74417800515A0A /* DisputeOperationFixtureTests.swift in Sources */ = {isa = PBXBuildFile; fileRef = 8A2698A41D74417800515A0A /* DisputeOperationFixtureTests.swift */; };
		8A28BB411E28DCE200EEBD55 /* Payment.swift in Sources */ = {isa = PBXBuildFile; fileRef = 8A075A361DF016C9009143A9 /* Payment.swift */; };
		8A28BB431E28FDAE00EEBD55 /* OmiseAPIError.swift in Sources */ = {isa = PBXBuildFile; fileRef = 8A28BB421E28FDAE00EEBD55 /* OmiseAPIError.swift */; };
		8A28BB441E290A5500EEBD55 /* DateConverter.swift in Sources */ = {isa = PBXBuildFile; fileRef = 220D1C3B1CC8E226006C7FD6 /* DateConverter.swift */; };
		8A28BB451E290A5A00EEBD55 /* Converter.swift in Sources */ = {isa = PBXBuildFile; fileRef = 229873321CCDF1F900970F8C /* Converter.swift */; };
		8A28BB461E290B9200EEBD55 /* CurrencyFieldConverter.swift in Sources */ = {isa = PBXBuildFile; fileRef = 8AF5843E1E0152DC00D7D647 /* CurrencyFieldConverter.swift */; };
		8A50C5051E2E250800EC9407 /* Creatable.swift in Sources */ = {isa = PBXBuildFile; fileRef = 22A0F98C1D2160F900CA3D35 /* Creatable.swift */; };
		8A50C5061E2E250800EC9407 /* Destroyable.swift in Sources */ = {isa = PBXBuildFile; fileRef = 225C4E4E1D22412A00A62F2C /* Destroyable.swift */; };
		8A50C5081E2E250800EC9407 /* Retrievable.swift in Sources */ = {isa = PBXBuildFile; fileRef = 22A0F9881D215D3700CA3D35 /* Retrievable.swift */; };
		8A50C5091E2E250800EC9407 /* Searchable.swift in Sources */ = {isa = PBXBuildFile; fileRef = 8A82A7061D7942E800A198A3 /* Searchable.swift */; };
		8A50C50A1E2E250800EC9407 /* SingletonRetrievable.swift in Sources */ = {isa = PBXBuildFile; fileRef = 22338DAF1D211D7E00811363 /* SingletonRetrievable.swift */; };
		8A50C50B1E2E250800EC9407 /* Updatable.swift in Sources */ = {isa = PBXBuildFile; fileRef = 225C4E4C1D223FF700A62F2C /* Updatable.swift */; };
		8A50C50D1E2E259600EC9407 /* Ordering.swift in Sources */ = {isa = PBXBuildFile; fileRef = 22A0F9951D22372400CA3D35 /* Ordering.swift */; };
		8A634A0D1DAF916200C4D9AE /* OmisePinning.der in Resources */ = {isa = PBXBuildFile; fileRef = 8A634A0C1DAF916200C4D9AE /* OmisePinning.der */; };
		8A634A0E1DAF916200C4D9AE /* OmisePinning.der in Resources */ = {isa = PBXBuildFile; fileRef = 8A634A0C1DAF916200C4D9AE /* OmisePinning.der */; };
		8A7CBA501DE59F0200F83D21 /* LastDigitsTest.swift in Sources */ = {isa = PBXBuildFile; fileRef = 8A7CBA4E1DE59F0200F83D21 /* LastDigitsTest.swift */; };
		8A82A70B1D795DCC00A198A3 /* SearchOperationTest.swift in Sources */ = {isa = PBXBuildFile; fileRef = 8A82A7091D795DCC00A198A3 /* SearchOperationTest.swift */; };
		8A84EF761E2E27C90041082E /* List.swift in Sources */ = {isa = PBXBuildFile; fileRef = 8A3938E51D8174C9007750AA /* List.swift */; };
		8A84EF771E2E28610041082E /* Listable.swift in Sources */ = {isa = PBXBuildFile; fileRef = 22A0F9861D21580400CA3D35 /* Listable.swift */; };
		8AA2EFC51D6C8A1E0052CCFB /* Omise.h in Headers */ = {isa = PBXBuildFile; fileRef = 220C32701CC762330060112E /* Omise.h */; settings = {ATTRIBUTES = (Public, ); }; };
		8ACB41501E28A3C2001793CD /* Charge.swift in Sources */ = {isa = PBXBuildFile; fileRef = 8ACB41141E277B60001793CD /* Charge.swift */; };
		8ACB41511E28A3C2001793CD /* Customer.swift in Sources */ = {isa = PBXBuildFile; fileRef = 8ACB41291E2793B3001793CD /* Customer.swift */; };
		8ACB41521E28A3C2001793CD /* DetailProperty.swift in Sources */ = {isa = PBXBuildFile; fileRef = 8ACB41241E278837001793CD /* DetailProperty.swift */; };
		8ACB41531E28A3C2001793CD /* ListProperty.swift in Sources */ = {isa = PBXBuildFile; fileRef = 8ACB41321E279730001793CD /* ListProperty.swift */; };
		8ACB41541E28A3C2001793CD /* Object.swift in Sources */ = {isa = PBXBuildFile; fileRef = 8ACB41121E277607001793CD /* Object.swift */; };
		8ACB41551E28A3C2001793CD /* Value.swift in Sources */ = {isa = PBXBuildFile; fileRef = 8ACB41201E277FBB001793CD /* Value.swift */; };
		8ACB41561E28A3C2001793CD /* Dispute.swift in Sources */ = {isa = PBXBuildFile; fileRef = 8ACB41361E279CED001793CD /* Dispute.swift */; };
		8ACB41571E28A3C2001793CD /* Transfer.swift in Sources */ = {isa = PBXBuildFile; fileRef = 8ACB41381E27A335001793CD /* Transfer.swift */; };
		8ACB41581E28A3C2001793CD /* Refund.swift in Sources */ = {isa = PBXBuildFile; fileRef = 8ACB41421E27A51A001793CD /* Refund.swift */; };
		8ACB41591E28A3C2001793CD /* Transaction.swift in Sources */ = {isa = PBXBuildFile; fileRef = 8ACB413F1E27A4B6001793CD /* Transaction.swift */; };
		8ACB415A1E28A3C2001793CD /* Recipient.swift in Sources */ = {isa = PBXBuildFile; fileRef = 8ACB413A1E27A36F001793CD /* Recipient.swift */; };
		8ACB415B1E28A3C2001793CD /* BankAccount.swift in Sources */ = {isa = PBXBuildFile; fileRef = 8ACB413D1E27A3F4001793CD /* BankAccount.swift */; };
		8ACB415E1E28A3EC001793CD /* Currency.swift in Sources */ = {isa = PBXBuildFile; fileRef = 8A56D41A1D78172D00F30D88 /* Currency.swift */; };
		8ACB41601E28A3EC001793CD /* LastDigits.swift in Sources */ = {isa = PBXBuildFile; fileRef = 8A7CBA481DE59A4700F83D21 /* LastDigits.swift */; };
		8ACB41631E28A3F2001793CD /* ResourceInfo.swift in Sources */ = {isa = PBXBuildFile; fileRef = 2258D8171D23C480006C4149 /* ResourceInfo.swift */; };
		8ACB41641E28A403001793CD /* Endpoint.swift in Sources */ = {isa = PBXBuildFile; fileRef = 2298736E1CCE207500970F8C /* Endpoint.swift */; };
		8ACD570B1E2E3A9600FEE5A0 /* ListProperty.swift in Sources */ = {isa = PBXBuildFile; fileRef = 8ACB41321E279730001793CD /* ListProperty.swift */; };
		8ACD570C1E2E3A9600FEE5A0 /* Destroyable.swift in Sources */ = {isa = PBXBuildFile; fileRef = 225C4E4E1D22412A00A62F2C /* Destroyable.swift */; };
		8ACD570D1E2E3A9600FEE5A0 /* Converter.swift in Sources */ = {isa = PBXBuildFile; fileRef = 229873321CCDF1F900970F8C /* Converter.swift */; };
		8ACD570E1E2E3A9600FEE5A0 /* Value.swift in Sources */ = {isa = PBXBuildFile; fileRef = 8ACB41201E277FBB001793CD /* Value.swift */; };
		8ACD570F1E2E3A9600FEE5A0 /* APIError.swift in Sources */ = {isa = PBXBuildFile; fileRef = 2298735D1CCE15D400970F8C /* APIError.swift */; };
		8ACD57101E2E3A9600FEE5A0 /* OmiseError.swift in Sources */ = {isa = PBXBuildFile; fileRef = 2298738A1CCF5D9500970F8C /* OmiseError.swift */; };
		8ACD57111E2E3A9600FEE5A0 /* Tool.swift in Sources */ = {isa = PBXBuildFile; fileRef = 8A028B421E2CDB6F0008E010 /* Tool.swift */; };
		8ACD57121E2E3A9600FEE5A0 /* AttributesSerializer.swift in Sources */ = {isa = PBXBuildFile; fileRef = 8A028B3D1E2CC9D30008E010 /* AttributesSerializer.swift */; };
		8ACD57131E2E3A9600FEE5A0 /* CurrencyFieldConverter.swift in Sources */ = {isa = PBXBuildFile; fileRef = 8AF5843E1E0152DC00D7D647 /* CurrencyFieldConverter.swift */; };
		8ACD57141E2E3A9600FEE5A0 /* Customer.swift in Sources */ = {isa = PBXBuildFile; fileRef = 8ACB41291E2793B3001793CD /* Customer.swift */; };
		8ACD57151E2E3A9600FEE5A0 /* Currency.swift in Sources */ = {isa = PBXBuildFile; fileRef = 8A56D41A1D78172D00F30D88 /* Currency.swift */; };
		8ACD57161E2E3A9600FEE5A0 /* Dispute.swift in Sources */ = {isa = PBXBuildFile; fileRef = 8ACB41361E279CED001793CD /* Dispute.swift */; };
		8ACD57171E2E3A9600FEE5A0 /* OmiseAPIError.swift in Sources */ = {isa = PBXBuildFile; fileRef = 8A28BB421E28FDAE00EEBD55 /* OmiseAPIError.swift */; };
		8ACD57181E2E3A9600FEE5A0 /* Link.swift in Sources */ = {isa = PBXBuildFile; fileRef = 8A028B371E2CBABF0008E010 /* Link.swift */; };
		8ACD57191E2E3A9600FEE5A0 /* List.swift in Sources */ = {isa = PBXBuildFile; fileRef = 8A3938E51D8174C9007750AA /* List.swift */; };
		8ACD571A1E2E3A9600FEE5A0 /* Creatable.swift in Sources */ = {isa = PBXBuildFile; fileRef = 22A0F98C1D2160F900CA3D35 /* Creatable.swift */; };
		8ACD571B1E2E3A9600FEE5A0 /* Payment.swift in Sources */ = {isa = PBXBuildFile; fileRef = 8A075A361DF016C9009143A9 /* Payment.swift */; };
		8ACD571C1E2E3A9600FEE5A0 /* Endpoint.swift in Sources */ = {isa = PBXBuildFile; fileRef = 2298736E1CCE207500970F8C /* Endpoint.swift */; };
		8ACD571D1E2E3A9600FEE5A0 /* Card.swift in Sources */ = {isa = PBXBuildFile; fileRef = 8ACB412C1E2793D4001793CD /* Card.swift */; };
		8ACD571E1E2E3A9600FEE5A0 /* APIRequest.swift in Sources */ = {isa = PBXBuildFile; fileRef = 8A028B4A1E2CECEF0008E010 /* APIRequest.swift */; };
		8ACD571F1E2E3A9600FEE5A0 /* LastDigits.swift in Sources */ = {isa = PBXBuildFile; fileRef = 8A7CBA481DE59A4700F83D21 /* LastDigits.swift */; };
		8ACD57201E2E3A9600FEE5A0 /* APIConfiguration.swift in Sources */ = {isa = PBXBuildFile; fileRef = 8A028B441E2CEA370008E010 /* APIConfiguration.swift */; };
		8ACD57211E2E3A9600FEE5A0 /* Ordering.swift in Sources */ = {isa = PBXBuildFile; fileRef = 22A0F9951D22372400CA3D35 /* Ordering.swift */; };
		8ACD57221E2E3A9600FEE5A0 /* APIEndpoint.swift in Sources */ = {isa = PBXBuildFile; fileRef = 8A242A511E2E1BAA0068BB5D /* APIEndpoint.swift */; };
		8ACD57231E2E3A9600FEE5A0 /* Refund.swift in Sources */ = {isa = PBXBuildFile; fileRef = 8ACB41421E27A51A001793CD /* Refund.swift */; };
		8ACD57241E2E3A9600FEE5A0 /* Retrievable.swift in Sources */ = {isa = PBXBuildFile; fileRef = 22A0F9881D215D3700CA3D35 /* Retrievable.swift */; };
		8ACD57251E2E3A9600FEE5A0 /* DateConverter.swift in Sources */ = {isa = PBXBuildFile; fileRef = 220D1C3B1CC8E226006C7FD6 /* DateConverter.swift */; };
		8ACD57261E2E3A9600FEE5A0 /* Charge.swift in Sources */ = {isa = PBXBuildFile; fileRef = 8ACB41141E277B60001793CD /* Charge.swift */; };
		8ACD57271E2E3A9600FEE5A0 /* DateComponentsConverter.swift in Sources */ = {isa = PBXBuildFile; fileRef = 8A82A7121D79786100A198A3 /* DateComponentsConverter.swift */; };
		8ACD57281E2E3A9600FEE5A0 /* EnumConverter.swift in Sources */ = {isa = PBXBuildFile; fileRef = 22BF9BAA1CD2299600CD3CAD /* EnumConverter.swift */; };
		8ACD57291E2E3A9600FEE5A0 /* Recipient.swift in Sources */ = {isa = PBXBuildFile; fileRef = 8ACB413A1E27A36F001793CD /* Recipient.swift */; };
		8ACD572A1E2E3A9600FEE5A0 /* Searchable.swift in Sources */ = {isa = PBXBuildFile; fileRef = 8A82A7061D7942E800A198A3 /* Searchable.swift */; };
		8ACD572B1E2E3A9600FEE5A0 /* LastDigitsConverter.swift in Sources */ = {isa = PBXBuildFile; fileRef = 8A7CBA4B1DE59C2000F83D21 /* LastDigitsConverter.swift */; };
		8ACD572C1E2E3A9600FEE5A0 /* Object.swift in Sources */ = {isa = PBXBuildFile; fileRef = 8ACB41121E277607001793CD /* Object.swift */; };
		8ACD572D1E2E3A9600FEE5A0 /* APIClient.swift in Sources */ = {isa = PBXBuildFile; fileRef = 8A028B461E2CEB8D0008E010 /* APIClient.swift */; };
		8ACD572E1E2E3A9600FEE5A0 /* Failable.swift in Sources */ = {isa = PBXBuildFile; fileRef = 22338DB71D21392A00811363 /* Failable.swift */; };
		8ACD572F1E2E3A9600FEE5A0 /* Transaction.swift in Sources */ = {isa = PBXBuildFile; fileRef = 8ACB413F1E27A4B6001793CD /* Transaction.swift */; };
		8ACD57301E2E3A9600FEE5A0 /* BankAccount.swift in Sources */ = {isa = PBXBuildFile; fileRef = 8ACB413D1E27A3F4001793CD /* BankAccount.swift */; };
		8ACD57311E2E3A9600FEE5A0 /* Listable.swift in Sources */ = {isa = PBXBuildFile; fileRef = 22A0F9861D21580400CA3D35 /* Listable.swift */; };
		8ACD57321E2E3A9600FEE5A0 /* Updatable.swift in Sources */ = {isa = PBXBuildFile; fileRef = 225C4E4C1D223FF700A62F2C /* Updatable.swift */; };
		8ACD57331E2E3A9600FEE5A0 /* DetailProperty.swift in Sources */ = {isa = PBXBuildFile; fileRef = 8ACB41241E278837001793CD /* DetailProperty.swift */; };
		8ACD57341E2E3A9600FEE5A0 /* SingletonRetrievable.swift in Sources */ = {isa = PBXBuildFile; fileRef = 22338DAF1D211D7E00811363 /* SingletonRetrievable.swift */; };
		8ACD57351E2E3A9600FEE5A0 /* ResourceInfo.swift in Sources */ = {isa = PBXBuildFile; fileRef = 2258D8171D23C480006C4149 /* ResourceInfo.swift */; };
		8ACD57361E2E3A9600FEE5A0 /* Transfer.swift in Sources */ = {isa = PBXBuildFile; fileRef = 8ACB41381E27A335001793CD /* Transfer.swift */; };
		8ACD57371E2E3A9600FEE5A0 /* PaymentConverter.swift in Sources */ = {isa = PBXBuildFile; fileRef = 8A075A391DF01AA7009143A9 /* PaymentConverter.swift */; };
		8ACD57381E2E3A9600FEE5A0 /* ChargeEndpoint.swift in Sources */ = {isa = PBXBuildFile; fileRef = 8A061AA01E2E31C70025EC14 /* ChargeEndpoint.swift */; };
		8ACD573A1E2E563800FEE5A0 /* Account.swift in Sources */ = {isa = PBXBuildFile; fileRef = 8ACD57391E2E563800FEE5A0 /* Account.swift */; };
		8ACD573B1E2E563800FEE5A0 /* Account.swift in Sources */ = {isa = PBXBuildFile; fileRef = 8ACD57391E2E563800FEE5A0 /* Account.swift */; };
		8ACD573D1E2E570600FEE5A0 /* Balance.swift in Sources */ = {isa = PBXBuildFile; fileRef = 8ACD573C1E2E570600FEE5A0 /* Balance.swift */; };
		8ACD573E1E2E570600FEE5A0 /* Balance.swift in Sources */ = {isa = PBXBuildFile; fileRef = 8ACD573C1E2E570600FEE5A0 /* Balance.swift */; };
		8AD3F2D31DEC077000F68FB4 /* LinkOperationTest.swift in Sources */ = {isa = PBXBuildFile; fileRef = 8AD3F2D11DEC077000F68FB4 /* LinkOperationTest.swift */; };
		8AD3F2D61DEC113200F68FB4 /* LinkOperationFixtureTest.swift in Sources */ = {isa = PBXBuildFile; fileRef = 8AD3F2D41DEC113200F68FB4 /* LinkOperationFixtureTest.swift */; };
		8AE84C471E2F6A1300A3BD56 /* SearchResult.swift in Sources */ = {isa = PBXBuildFile; fileRef = 8AE84C461E2F6A1300A3BD56 /* SearchResult.swift */; };
		8AE84C481E2F6A1300A3BD56 /* SearchResult.swift in Sources */ = {isa = PBXBuildFile; fileRef = 8AE84C461E2F6A1300A3BD56 /* SearchResult.swift */; };
		8AEDE7D51DDC701600DD9DF1 /* Fixtures in Resources */ = {isa = PBXBuildFile; fileRef = 229873591CCE0B5A00970F8C /* Fixtures */; };
		8AF584421E0153AC00D7D647 /* ChargeOperationsTest.swift in Sources */ = {isa = PBXBuildFile; fileRef = 8AF584411E0153AC00D7D647 /* ChargeOperationsTest.swift */; };
		8AF9D8011E2C8E7000F10869 /* PaymentConverter.swift in Sources */ = {isa = PBXBuildFile; fileRef = 8A075A391DF01AA7009143A9 /* PaymentConverter.swift */; };
		8AF9D8021E2C8FBE00F10869 /* LastDigitsConverter.swift in Sources */ = {isa = PBXBuildFile; fileRef = 8A7CBA4B1DE59C2000F83D21 /* LastDigitsConverter.swift */; };
		8AF9D8031E2C942A00F10869 /* EnumConverter.swift in Sources */ = {isa = PBXBuildFile; fileRef = 22BF9BAA1CD2299600CD3CAD /* EnumConverter.swift */; };
		98256FF31D225E3000F91436 /* TransferOperationsTest.swift in Sources */ = {isa = PBXBuildFile; fileRef = 98256FF11D225E3000F91436 /* TransferOperationsTest.swift */; };
/* End PBXBuildFile section */

/* Begin PBXContainerItemProxy section */
		2270E3B01CC78D4200F18814 /* PBXContainerItemProxy */ = {
			isa = PBXContainerItemProxy;
			containerPortal = 220C32641CC762330060112E /* Project object */;
			proxyType = 1;
			remoteGlobalIDString = 220C326C1CC762330060112E;
			remoteInfo = OmiseSwiftOSX;
		};
		2270E3BF1CC78D8900F18814 /* PBXContainerItemProxy */ = {
			isa = PBXContainerItemProxy;
			containerPortal = 220C32641CC762330060112E /* Project object */;
			proxyType = 1;
			remoteGlobalIDString = 220C327C1CC762440060112E;
			remoteInfo = OmiseSwiftIOS;
		};
/* End PBXContainerItemProxy section */

/* Begin PBXFileReference section */
		220C326D1CC762330060112E /* Omise.framework */ = {isa = PBXFileReference; explicitFileType = wrapper.framework; includeInIndex = 0; path = Omise.framework; sourceTree = BUILT_PRODUCTS_DIR; };
		220C32701CC762330060112E /* Omise.h */ = {isa = PBXFileReference; lastKnownFileType = sourcecode.c.h; path = Omise.h; sourceTree = "<group>"; };
		220C32721CC762330060112E /* Info-OSX.plist */ = {isa = PBXFileReference; lastKnownFileType = text.plist.xml; path = "Info-OSX.plist"; sourceTree = "<group>"; };
		220C327D1CC762440060112E /* Omise.framework */ = {isa = PBXFileReference; explicitFileType = wrapper.framework; includeInIndex = 0; path = Omise.framework; sourceTree = BUILT_PRODUCTS_DIR; };
		220D1C3B1CC8E226006C7FD6 /* DateConverter.swift */ = {isa = PBXFileReference; fileEncoding = 4; lastKnownFileType = sourcecode.swift; path = DateConverter.swift; sourceTree = "<group>"; };
		220F53611CD8770100344B06 /* OmiseObjectTest.swift */ = {isa = PBXFileReference; fileEncoding = 4; lastKnownFileType = sourcecode.swift; path = OmiseObjectTest.swift; sourceTree = "<group>"; };
		22112D081CC7910700D0DB54 /* ConfigTest.swift */ = {isa = PBXFileReference; fileEncoding = 4; lastKnownFileType = sourcecode.swift; path = ConfigTest.swift; sourceTree = "<group>"; };
		22112D091CC7910700D0DB54 /* OmiseTestCase.swift */ = {isa = PBXFileReference; fileEncoding = 4; lastKnownFileType = sourcecode.swift; path = OmiseTestCase.swift; sourceTree = "<group>"; };
		22338DAF1D211D7E00811363 /* SingletonRetrievable.swift */ = {isa = PBXFileReference; fileEncoding = 4; lastKnownFileType = sourcecode.swift; path = SingletonRetrievable.swift; sourceTree = "<group>"; };
		22338DB71D21392A00811363 /* Failable.swift */ = {isa = PBXFileReference; fileEncoding = 4; lastKnownFileType = sourcecode.swift; path = Failable.swift; sourceTree = "<group>"; };
		2258D8161D226D87006C4149 /* QuickStart.playground */ = {isa = PBXFileReference; lastKnownFileType = file.playground; path = QuickStart.playground; sourceTree = "<group>"; };
		2258D8171D23C480006C4149 /* ResourceInfo.swift */ = {isa = PBXFileReference; fileEncoding = 4; lastKnownFileType = sourcecode.swift; path = ResourceInfo.swift; sourceTree = "<group>"; };
		225C4E4C1D223FF700A62F2C /* Updatable.swift */ = {isa = PBXFileReference; fileEncoding = 4; lastKnownFileType = sourcecode.swift; path = Updatable.swift; sourceTree = "<group>"; };
		225C4E4E1D22412A00A62F2C /* Destroyable.swift */ = {isa = PBXFileReference; fileEncoding = 4; lastKnownFileType = sourcecode.swift; path = Destroyable.swift; sourceTree = "<group>"; };
		2270E39D1CC7649A00F18814 /* Info-iOS.plist */ = {isa = PBXFileReference; fileEncoding = 4; lastKnownFileType = text.plist.xml; path = "Info-iOS.plist"; sourceTree = "<group>"; };
		2270E3AA1CC78D4200F18814 /* OmiseSwiftOSXTests.xctest */ = {isa = PBXFileReference; explicitFileType = wrapper.cfbundle; includeInIndex = 0; path = OmiseSwiftOSXTests.xctest; sourceTree = BUILT_PRODUCTS_DIR; };
		2270E3AE1CC78D4200F18814 /* Info-OSX.plist */ = {isa = PBXFileReference; lastKnownFileType = text.plist.xml; path = "Info-OSX.plist"; sourceTree = "<group>"; };
		2270E3B91CC78D8900F18814 /* OmiseSwiftIOSTests.xctest */ = {isa = PBXFileReference; explicitFileType = wrapper.cfbundle; includeInIndex = 0; path = OmiseSwiftIOSTests.xctest; sourceTree = BUILT_PRODUCTS_DIR; };
		2270E3C41CC78DDB00F18814 /* Info-iOS.plist */ = {isa = PBXFileReference; lastKnownFileType = text.plist.xml; path = "Info-iOS.plist"; sourceTree = "<group>"; };
		229873321CCDF1F900970F8C /* Converter.swift */ = {isa = PBXFileReference; fileEncoding = 4; lastKnownFileType = sourcecode.swift; path = Converter.swift; sourceTree = "<group>"; };
		229873391CCDF8B200970F8C /* JSONTest.swift */ = {isa = PBXFileReference; fileEncoding = 4; lastKnownFileType = sourcecode.swift; path = JSONTest.swift; sourceTree = "<group>"; };
		229873591CCE0B5A00970F8C /* Fixtures */ = {isa = PBXFileReference; lastKnownFileType = folder; path = Fixtures; sourceTree = "<group>"; };
		2298735D1CCE15D400970F8C /* APIError.swift */ = {isa = PBXFileReference; fileEncoding = 4; lastKnownFileType = sourcecode.swift; path = APIError.swift; sourceTree = "<group>"; };
		2298736E1CCE207500970F8C /* Endpoint.swift */ = {isa = PBXFileReference; fileEncoding = 4; lastKnownFileType = sourcecode.swift; path = Endpoint.swift; sourceTree = "<group>"; };
		229873751CCE29D700970F8C /* OperationTest.swift */ = {isa = PBXFileReference; fileEncoding = 4; lastKnownFileType = sourcecode.swift; path = OperationTest.swift; sourceTree = "<group>"; };
		229873801CCF3B1900970F8C /* URLEncoderTest.swift */ = {isa = PBXFileReference; fileEncoding = 4; lastKnownFileType = sourcecode.swift; path = URLEncoderTest.swift; sourceTree = "<group>"; };
		229873851CCF565C00970F8C /* RequestTest.swift */ = {isa = PBXFileReference; fileEncoding = 4; lastKnownFileType = sourcecode.swift; path = RequestTest.swift; sourceTree = "<group>"; };
		2298738A1CCF5D9500970F8C /* OmiseError.swift */ = {isa = PBXFileReference; fileEncoding = 4; lastKnownFileType = sourcecode.swift; path = OmiseError.swift; sourceTree = "<group>"; };
		22A0F9861D21580400CA3D35 /* Listable.swift */ = {isa = PBXFileReference; fileEncoding = 4; lastKnownFileType = sourcecode.swift; path = Listable.swift; sourceTree = "<group>"; };
		22A0F9881D215D3700CA3D35 /* Retrievable.swift */ = {isa = PBXFileReference; fileEncoding = 4; lastKnownFileType = sourcecode.swift; path = Retrievable.swift; sourceTree = "<group>"; };
		22A0F98C1D2160F900CA3D35 /* Creatable.swift */ = {isa = PBXFileReference; fileEncoding = 4; lastKnownFileType = sourcecode.swift; path = Creatable.swift; sourceTree = "<group>"; };
		22A0F9951D22372400CA3D35 /* Ordering.swift */ = {isa = PBXFileReference; fileEncoding = 4; lastKnownFileType = sourcecode.swift; path = Ordering.swift; sourceTree = "<group>"; };
		22BF9B9E1CD1F76100CD3CAD /* LiveTest.swift */ = {isa = PBXFileReference; fileEncoding = 4; lastKnownFileType = sourcecode.swift; path = LiveTest.swift; sourceTree = "<group>"; };
		22BF9BAA1CD2299600CD3CAD /* EnumConverter.swift */ = {isa = PBXFileReference; fileEncoding = 4; lastKnownFileType = sourcecode.swift; path = EnumConverter.swift; sourceTree = "<group>"; };
		8A028B371E2CBABF0008E010 /* Link.swift */ = {isa = PBXFileReference; fileEncoding = 4; lastKnownFileType = sourcecode.swift; path = Link.swift; sourceTree = "<group>"; };
		8A028B3D1E2CC9D30008E010 /* AttributesSerializer.swift */ = {isa = PBXFileReference; fileEncoding = 4; lastKnownFileType = sourcecode.swift; path = AttributesSerializer.swift; sourceTree = "<group>"; };
		8A028B421E2CDB6F0008E010 /* Tool.swift */ = {isa = PBXFileReference; fileEncoding = 4; lastKnownFileType = sourcecode.swift; path = Tool.swift; sourceTree = "<group>"; };
		8A028B441E2CEA370008E010 /* APIConfiguration.swift */ = {isa = PBXFileReference; fileEncoding = 4; lastKnownFileType = sourcecode.swift; path = APIConfiguration.swift; sourceTree = "<group>"; };
		8A028B461E2CEB8D0008E010 /* APIClient.swift */ = {isa = PBXFileReference; fileEncoding = 4; lastKnownFileType = sourcecode.swift; path = APIClient.swift; sourceTree = "<group>"; };
		8A028B4A1E2CECEF0008E010 /* APIRequest.swift */ = {isa = PBXFileReference; fileEncoding = 4; lastKnownFileType = sourcecode.swift; path = APIRequest.swift; sourceTree = "<group>"; };
		8A061AA01E2E31C70025EC14 /* ChargeEndpoint.swift */ = {isa = PBXFileReference; fileEncoding = 4; lastKnownFileType = sourcecode.swift; path = ChargeEndpoint.swift; sourceTree = "<group>"; };
		8A075A361DF016C9009143A9 /* Payment.swift */ = {isa = PBXFileReference; fileEncoding = 4; lastKnownFileType = sourcecode.swift; path = Payment.swift; sourceTree = "<group>"; };
		8A075A391DF01AA7009143A9 /* PaymentConverter.swift */ = {isa = PBXFileReference; fileEncoding = 4; lastKnownFileType = sourcecode.swift; path = PaymentConverter.swift; sourceTree = "<group>"; };
		8A07D2F31D73F5040030B68D /* FixtureClient.swift */ = {isa = PBXFileReference; fileEncoding = 4; lastKnownFileType = sourcecode.swift; path = FixtureClient.swift; sourceTree = "<group>"; };
		8A07D2F61D73F8370030B68D /* FixtureTestCase.swift */ = {isa = PBXFileReference; fileEncoding = 4; lastKnownFileType = sourcecode.swift; path = FixtureTestCase.swift; sourceTree = "<group>"; };
		8A07D2F91D741F430030B68D /* TransferOperationFixtureTests.swift */ = {isa = PBXFileReference; fileEncoding = 4; lastKnownFileType = sourcecode.swift; path = TransferOperationFixtureTests.swift; sourceTree = "<group>"; };
		8A07D2FE1D7436830030B68D /* ChargesOperationFixtureTests.swift */ = {isa = PBXFileReference; fileEncoding = 4; lastKnownFileType = sourcecode.swift; path = ChargesOperationFixtureTests.swift; sourceTree = "<group>"; };
		8A242A511E2E1BAA0068BB5D /* APIEndpoint.swift */ = {isa = PBXFileReference; fileEncoding = 4; lastKnownFileType = sourcecode.swift; path = APIEndpoint.swift; sourceTree = "<group>"; };
		8A2698A11D743A2100515A0A /* RefundOperationFixtureTests.swift */ = {isa = PBXFileReference; fileEncoding = 4; lastKnownFileType = sourcecode.swift; path = RefundOperationFixtureTests.swift; sourceTree = "<group>"; };
		8A2698A41D74417800515A0A /* DisputeOperationFixtureTests.swift */ = {isa = PBXFileReference; fileEncoding = 4; lastKnownFileType = sourcecode.swift; path = DisputeOperationFixtureTests.swift; sourceTree = "<group>"; };
		8A28BB421E28FDAE00EEBD55 /* OmiseAPIError.swift */ = {isa = PBXFileReference; fileEncoding = 4; lastKnownFileType = sourcecode.swift; path = OmiseAPIError.swift; sourceTree = "<group>"; };
		8A3938E51D8174C9007750AA /* List.swift */ = {isa = PBXFileReference; fileEncoding = 4; lastKnownFileType = sourcecode.swift; path = List.swift; sourceTree = "<group>"; };
		8A56D41A1D78172D00F30D88 /* Currency.swift */ = {isa = PBXFileReference; fileEncoding = 4; lastKnownFileType = sourcecode.swift; path = Currency.swift; sourceTree = "<group>"; };
		8A634A0C1DAF916200C4D9AE /* OmisePinning.der */ = {isa = PBXFileReference; lastKnownFileType = file; path = OmisePinning.der; sourceTree = "<group>"; };
		8A7CBA481DE59A4700F83D21 /* LastDigits.swift */ = {isa = PBXFileReference; fileEncoding = 4; lastKnownFileType = sourcecode.swift; path = LastDigits.swift; sourceTree = "<group>"; };
		8A7CBA4B1DE59C2000F83D21 /* LastDigitsConverter.swift */ = {isa = PBXFileReference; fileEncoding = 4; lastKnownFileType = sourcecode.swift; path = LastDigitsConverter.swift; sourceTree = "<group>"; };
		8A7CBA4E1DE59F0200F83D21 /* LastDigitsTest.swift */ = {isa = PBXFileReference; fileEncoding = 4; lastKnownFileType = sourcecode.swift; name = LastDigitsTest.swift; path = Fixtures/LastDigitsTest.swift; sourceTree = "<group>"; };
		8A82A7061D7942E800A198A3 /* Searchable.swift */ = {isa = PBXFileReference; fileEncoding = 4; lastKnownFileType = sourcecode.swift; path = Searchable.swift; sourceTree = "<group>"; };
		8A82A7091D795DCC00A198A3 /* SearchOperationTest.swift */ = {isa = PBXFileReference; fileEncoding = 4; lastKnownFileType = sourcecode.swift; path = SearchOperationTest.swift; sourceTree = "<group>"; };
		8A82A7121D79786100A198A3 /* DateComponentsConverter.swift */ = {isa = PBXFileReference; fileEncoding = 4; lastKnownFileType = sourcecode.swift; path = DateComponentsConverter.swift; sourceTree = "<group>"; };
		8ACB41121E277607001793CD /* Object.swift */ = {isa = PBXFileReference; fileEncoding = 4; lastKnownFileType = sourcecode.swift; path = Object.swift; sourceTree = "<group>"; };
		8ACB41141E277B60001793CD /* Charge.swift */ = {isa = PBXFileReference; fileEncoding = 4; lastKnownFileType = sourcecode.swift; path = Charge.swift; sourceTree = "<group>"; };
		8ACB41201E277FBB001793CD /* Value.swift */ = {isa = PBXFileReference; fileEncoding = 4; lastKnownFileType = sourcecode.swift; path = Value.swift; sourceTree = "<group>"; };
		8ACB41241E278837001793CD /* DetailProperty.swift */ = {isa = PBXFileReference; fileEncoding = 4; lastKnownFileType = sourcecode.swift; path = DetailProperty.swift; sourceTree = "<group>"; };
		8ACB41291E2793B3001793CD /* Customer.swift */ = {isa = PBXFileReference; fileEncoding = 4; lastKnownFileType = sourcecode.swift; path = Customer.swift; sourceTree = "<group>"; };
		8ACB412C1E2793D4001793CD /* Card.swift */ = {isa = PBXFileReference; fileEncoding = 4; lastKnownFileType = sourcecode.swift; path = Card.swift; sourceTree = "<group>"; };
		8ACB41321E279730001793CD /* ListProperty.swift */ = {isa = PBXFileReference; fileEncoding = 4; lastKnownFileType = sourcecode.swift; path = ListProperty.swift; sourceTree = "<group>"; };
		8ACB41361E279CED001793CD /* Dispute.swift */ = {isa = PBXFileReference; fileEncoding = 4; lastKnownFileType = sourcecode.swift; path = Dispute.swift; sourceTree = "<group>"; };
		8ACB41381E27A335001793CD /* Transfer.swift */ = {isa = PBXFileReference; fileEncoding = 4; lastKnownFileType = sourcecode.swift; path = Transfer.swift; sourceTree = "<group>"; };
		8ACB413A1E27A36F001793CD /* Recipient.swift */ = {isa = PBXFileReference; fileEncoding = 4; lastKnownFileType = sourcecode.swift; path = Recipient.swift; sourceTree = "<group>"; };
		8ACB413D1E27A3F4001793CD /* BankAccount.swift */ = {isa = PBXFileReference; fileEncoding = 4; lastKnownFileType = sourcecode.swift; path = BankAccount.swift; sourceTree = "<group>"; };
		8ACB413F1E27A4B6001793CD /* Transaction.swift */ = {isa = PBXFileReference; fileEncoding = 4; lastKnownFileType = sourcecode.swift; path = Transaction.swift; sourceTree = "<group>"; };
		8ACB41421E27A51A001793CD /* Refund.swift */ = {isa = PBXFileReference; fileEncoding = 4; lastKnownFileType = sourcecode.swift; path = Refund.swift; sourceTree = "<group>"; };
		8ACD57391E2E563800FEE5A0 /* Account.swift */ = {isa = PBXFileReference; fileEncoding = 4; lastKnownFileType = sourcecode.swift; path = Account.swift; sourceTree = "<group>"; };
		8ACD573C1E2E570600FEE5A0 /* Balance.swift */ = {isa = PBXFileReference; fileEncoding = 4; lastKnownFileType = sourcecode.swift; path = Balance.swift; sourceTree = "<group>"; };
		8AD3F2D11DEC077000F68FB4 /* LinkOperationTest.swift */ = {isa = PBXFileReference; fileEncoding = 4; lastKnownFileType = sourcecode.swift; path = LinkOperationTest.swift; sourceTree = "<group>"; };
		8AD3F2D41DEC113200F68FB4 /* LinkOperationFixtureTest.swift */ = {isa = PBXFileReference; fileEncoding = 4; lastKnownFileType = sourcecode.swift; path = LinkOperationFixtureTest.swift; sourceTree = "<group>"; };
		8AE84C461E2F6A1300A3BD56 /* SearchResult.swift */ = {isa = PBXFileReference; fileEncoding = 4; lastKnownFileType = sourcecode.swift; path = SearchResult.swift; sourceTree = "<group>"; };
		8AF5843E1E0152DC00D7D647 /* CurrencyFieldConverter.swift */ = {isa = PBXFileReference; fileEncoding = 4; lastKnownFileType = sourcecode.swift; path = CurrencyFieldConverter.swift; sourceTree = "<group>"; };
		8AF584411E0153AC00D7D647 /* ChargeOperationsTest.swift */ = {isa = PBXFileReference; fileEncoding = 4; lastKnownFileType = sourcecode.swift; path = ChargeOperationsTest.swift; sourceTree = "<group>"; };
		98256FF11D225E3000F91436 /* TransferOperationsTest.swift */ = {isa = PBXFileReference; fileEncoding = 4; lastKnownFileType = sourcecode.swift; path = TransferOperationsTest.swift; sourceTree = "<group>"; };
/* End PBXFileReference section */

/* Begin PBXFrameworksBuildPhase section */
		220C32691CC762330060112E /* Frameworks */ = {
			isa = PBXFrameworksBuildPhase;
			buildActionMask = 2147483647;
			files = (
			);
			runOnlyForDeploymentPostprocessing = 0;
		};
		220C32791CC762440060112E /* Frameworks */ = {
			isa = PBXFrameworksBuildPhase;
			buildActionMask = 2147483647;
			files = (
			);
			runOnlyForDeploymentPostprocessing = 0;
		};
		2270E3A71CC78D4200F18814 /* Frameworks */ = {
			isa = PBXFrameworksBuildPhase;
			buildActionMask = 2147483647;
			files = (
				2270E3AF1CC78D4200F18814 /* Omise.framework in Frameworks */,
			);
			runOnlyForDeploymentPostprocessing = 0;
		};
		2270E3B61CC78D8900F18814 /* Frameworks */ = {
			isa = PBXFrameworksBuildPhase;
			buildActionMask = 2147483647;
			files = (
				2270E3BE1CC78D8900F18814 /* Omise.framework in Frameworks */,
			);
			runOnlyForDeploymentPostprocessing = 0;
		};
/* End PBXFrameworksBuildPhase section */

/* Begin PBXGroup section */
		220C32631CC762330060112E = {
			isa = PBXGroup;
			children = (
				2258D8161D226D87006C4149 /* QuickStart.playground */,
				220C326F1CC762330060112E /* OmiseSwift */,
				2270E3AB1CC78D4200F18814 /* OmiseSwiftTests */,
				220C326E1CC762330060112E /* Products */,
			);
			indentWidth = 4;
			sourceTree = "<group>";
			tabWidth = 4;
		};
		220C326E1CC762330060112E /* Products */ = {
			isa = PBXGroup;
			children = (
				220C326D1CC762330060112E /* Omise.framework */,
				220C327D1CC762440060112E /* Omise.framework */,
				2270E3AA1CC78D4200F18814 /* OmiseSwiftOSXTests.xctest */,
				2270E3B91CC78D8900F18814 /* OmiseSwiftIOSTests.xctest */,
			);
			name = Products;
			sourceTree = "<group>";
		};
		220C326F1CC762330060112E /* OmiseSwift */ = {
			isa = PBXGroup;
			children = (
				220C32701CC762330060112E /* Omise.h */,
				2270E39D1CC7649A00F18814 /* Info-iOS.plist */,
				220C32721CC762330060112E /* Info-OSX.plist */,
				8A634A0C1DAF916200C4D9AE /* OmisePinning.der */,
				8A028B3C1E2CC9660008E010 /* API */,
				22112D151CC7963600D0DB54 /* Converters */,
				8ACB41111E2775FC001793CD /* Models */,
				22338DA71D2104D100811363 /* Operations */,
			);
			path = OmiseSwift;
			sourceTree = "<group>";
		};
		22112D151CC7963600D0DB54 /* Converters */ = {
			isa = PBXGroup;
			children = (
				229873321CCDF1F900970F8C /* Converter.swift */,
				8AF5843E1E0152DC00D7D647 /* CurrencyFieldConverter.swift */,
				8A82A7121D79786100A198A3 /* DateComponentsConverter.swift */,
				220D1C3B1CC8E226006C7FD6 /* DateConverter.swift */,
				22BF9BAA1CD2299600CD3CAD /* EnumConverter.swift */,
				8A7CBA4B1DE59C2000F83D21 /* LastDigitsConverter.swift */,
				8A075A391DF01AA7009143A9 /* PaymentConverter.swift */,
			);
			name = Converters;
			sourceTree = "<group>";
		};
		22338DA71D2104D100811363 /* Operations */ = {
			isa = PBXGroup;
			children = (
				22A0F98C1D2160F900CA3D35 /* Creatable.swift */,
				225C4E4E1D22412A00A62F2C /* Destroyable.swift */,
				22A0F9861D21580400CA3D35 /* Listable.swift */,
				22A0F9881D215D3700CA3D35 /* Retrievable.swift */,
				8A82A7061D7942E800A198A3 /* Searchable.swift */,
				22338DAF1D211D7E00811363 /* SingletonRetrievable.swift */,
				225C4E4C1D223FF700A62F2C /* Updatable.swift */,
			);
			name = Operations;
			sourceTree = "<group>";
		};
		2270E3AB1CC78D4200F18814 /* OmiseSwiftTests */ = {
			isa = PBXGroup;
			children = (
				8A028B3F1E2CCD2D0008E010 /* New Tests */,
				2270E3C41CC78DDB00F18814 /* Info-iOS.plist */,
				2270E3AE1CC78D4200F18814 /* Info-OSX.plist */,
				22112D081CC7910700D0DB54 /* ConfigTest.swift */,
				8A07D2F31D73F5040030B68D /* FixtureClient.swift */,
				8A07D2F61D73F8370030B68D /* FixtureTestCase.swift */,
				22BF9B9E1CD1F76100CD3CAD /* LiveTest.swift */,
				22112D091CC7910700D0DB54 /* OmiseTestCase.swift */,
				229873751CCE29D700970F8C /* OperationTest.swift */,
				229873851CCF565C00970F8C /* RequestTest.swift */,
				8A07D2FC1D742B4F0030B68D /* Fixture Tests */,
				8A07D2FD1D742B580030B68D /* Live Tests */,
				229873381CCDF8AA00970F8C /* Models */,
			);
			path = OmiseSwiftTests;
			sourceTree = "<group>";
		};
		229873381CCDF8AA00970F8C /* Models */ = {
			isa = PBXGroup;
			children = (
				220F53611CD8770100344B06 /* OmiseObjectTest.swift */,
				229873801CCF3B1900970F8C /* URLEncoderTest.swift */,
				8A7CBA4E1DE59F0200F83D21 /* LastDigitsTest.swift */,
			);
			name = Models;
			sourceTree = "<group>";
		};
		8A028B3C1E2CC9660008E010 /* API */ = {
			isa = PBXGroup;
			children = (
				8A028B461E2CEB8D0008E010 /* APIClient.swift */,
				8A028B441E2CEA370008E010 /* APIConfiguration.swift */,
				8A242A511E2E1BAA0068BB5D /* APIEndpoint.swift */,
				2298735D1CCE15D400970F8C /* APIError.swift */,
				8A028B4A1E2CECEF0008E010 /* APIRequest.swift */,
				8A028B3D1E2CC9D30008E010 /* AttributesSerializer.swift */,
				8A061AA01E2E31C70025EC14 /* ChargeEndpoint.swift */,
				2298736E1CCE207500970F8C /* Endpoint.swift */,
				2298738A1CCF5D9500970F8C /* OmiseError.swift */,
				8A028B421E2CDB6F0008E010 /* Tool.swift */,
			);
			name = API;
			sourceTree = "<group>";
		};
		8A028B3F1E2CCD2D0008E010 /* New Tests */ = {
			isa = PBXGroup;
			children = (
				229873391CCDF8B200970F8C /* JSONTest.swift */,
			);
			name = "New Tests";
			sourceTree = "<group>";
		};
		8A07D2FC1D742B4F0030B68D /* Fixture Tests */ = {
			isa = PBXGroup;
			children = (
				229873591CCE0B5A00970F8C /* Fixtures */,
				8A07D2FE1D7436830030B68D /* ChargesOperationFixtureTests.swift */,
				8A2698A41D74417800515A0A /* DisputeOperationFixtureTests.swift */,
				8A2698A11D743A2100515A0A /* RefundOperationFixtureTests.swift */,
				8A07D2F91D741F430030B68D /* TransferOperationFixtureTests.swift */,
				8AD3F2D41DEC113200F68FB4 /* LinkOperationFixtureTest.swift */,
			);
			name = "Fixture Tests";
			sourceTree = "<group>";
		};
		8A07D2FD1D742B580030B68D /* Live Tests */ = {
			isa = PBXGroup;
			children = (
				8AF584411E0153AC00D7D647 /* ChargeOperationsTest.swift */,
				8A82A7091D795DCC00A198A3 /* SearchOperationTest.swift */,
				98256FF11D225E3000F91436 /* TransferOperationsTest.swift */,
				8AD3F2D11DEC077000F68FB4 /* LinkOperationTest.swift */,
			);
			name = "Live Tests";
			sourceTree = "<group>";
		};
		8ACB41111E2775FC001793CD /* Models */ = {
			isa = PBXGroup;
			children = (
				8ACD57391E2E563800FEE5A0 /* Account.swift */,
				8ACD573C1E2E570600FEE5A0 /* Balance.swift */,
				8ACB413D1E27A3F4001793CD /* BankAccount.swift */,
				8ACB412C1E2793D4001793CD /* Card.swift */,
				8ACB41141E277B60001793CD /* Charge.swift */,
				8A56D41A1D78172D00F30D88 /* Currency.swift */,
				8ACB41291E2793B3001793CD /* Customer.swift */,
				8ACB41241E278837001793CD /* DetailProperty.swift */,
				8ACB41361E279CED001793CD /* Dispute.swift */,
				22338DB71D21392A00811363 /* Failable.swift */,
				8A7CBA481DE59A4700F83D21 /* LastDigits.swift */,
				8A028B371E2CBABF0008E010 /* Link.swift */,
				8A3938E51D8174C9007750AA /* List.swift */,
				8ACB41321E279730001793CD /* ListProperty.swift */,
				8ACB41121E277607001793CD /* Object.swift */,
				8A28BB421E28FDAE00EEBD55 /* OmiseAPIError.swift */,
				22A0F9951D22372400CA3D35 /* Ordering.swift */,
				8A075A361DF016C9009143A9 /* Payment.swift */,
				8ACB413A1E27A36F001793CD /* Recipient.swift */,
				8ACB41421E27A51A001793CD /* Refund.swift */,
				2258D8171D23C480006C4149 /* ResourceInfo.swift */,
				8AE84C461E2F6A1300A3BD56 /* SearchResult.swift */,
				8ACB413F1E27A4B6001793CD /* Transaction.swift */,
				8ACB41381E27A335001793CD /* Transfer.swift */,
				8ACB41201E277FBB001793CD /* Value.swift */,
			);
			name = Models;
			sourceTree = "<group>";
		};
/* End PBXGroup section */

/* Begin PBXHeadersBuildPhase section */
		220C326A1CC762330060112E /* Headers */ = {
			isa = PBXHeadersBuildPhase;
			buildActionMask = 2147483647;
			files = (
				220C32711CC762330060112E /* Omise.h in Headers */,
			);
			runOnlyForDeploymentPostprocessing = 0;
		};
		220C327A1CC762440060112E /* Headers */ = {
			isa = PBXHeadersBuildPhase;
			buildActionMask = 2147483647;
			files = (
				8AA2EFC51D6C8A1E0052CCFB /* Omise.h in Headers */,
			);
			runOnlyForDeploymentPostprocessing = 0;
		};
/* End PBXHeadersBuildPhase section */

/* Begin PBXNativeTarget section */
		220C326C1CC762330060112E /* OmiseSwiftOSX */ = {
			isa = PBXNativeTarget;
			buildConfigurationList = 220C32751CC762330060112E /* Build configuration list for PBXNativeTarget "OmiseSwiftOSX" */;
			buildPhases = (
				220C32681CC762330060112E /* Sources */,
				220C32691CC762330060112E /* Frameworks */,
				220C326A1CC762330060112E /* Headers */,
				220C326B1CC762330060112E /* Resources */,
			);
			buildRules = (
			);
			dependencies = (
			);
			name = OmiseSwiftOSX;
			productName = OmiseSwift;
			productReference = 220C326D1CC762330060112E /* Omise.framework */;
			productType = "com.apple.product-type.framework";
		};
		220C327C1CC762440060112E /* OmiseSwiftIOS */ = {
			isa = PBXNativeTarget;
			buildConfigurationList = 220C32821CC762440060112E /* Build configuration list for PBXNativeTarget "OmiseSwiftIOS" */;
			buildPhases = (
				220C32781CC762440060112E /* Sources */,
				220C32791CC762440060112E /* Frameworks */,
				220C327A1CC762440060112E /* Headers */,
				220C327B1CC762440060112E /* Resources */,
			);
			buildRules = (
			);
			dependencies = (
			);
			name = OmiseSwiftIOS;
			productName = OmiseSwiftX;
			productReference = 220C327D1CC762440060112E /* Omise.framework */;
			productType = "com.apple.product-type.framework";
		};
		2270E3A91CC78D4200F18814 /* OmiseSwiftOSXTests */ = {
			isa = PBXNativeTarget;
			buildConfigurationList = 2270E3B21CC78D4200F18814 /* Build configuration list for PBXNativeTarget "OmiseSwiftOSXTests" */;
			buildPhases = (
				2270E3A61CC78D4200F18814 /* Sources */,
				2270E3A71CC78D4200F18814 /* Frameworks */,
				2270E3A81CC78D4200F18814 /* Resources */,
			);
			buildRules = (
			);
			dependencies = (
				2270E3B11CC78D4200F18814 /* PBXTargetDependency */,
			);
			name = OmiseSwiftOSXTests;
			productName = OmiseSwiftTests;
			productReference = 2270E3AA1CC78D4200F18814 /* OmiseSwiftOSXTests.xctest */;
			productType = "com.apple.product-type.bundle.unit-test";
		};
		2270E3B81CC78D8900F18814 /* OmiseSwiftIOSTests */ = {
			isa = PBXNativeTarget;
			buildConfigurationList = 2270E3C11CC78D8900F18814 /* Build configuration list for PBXNativeTarget "OmiseSwiftIOSTests" */;
			buildPhases = (
				2270E3B51CC78D8900F18814 /* Sources */,
				2270E3B61CC78D8900F18814 /* Frameworks */,
				2270E3B71CC78D8900F18814 /* Resources */,
			);
			buildRules = (
			);
			dependencies = (
				2270E3C01CC78D8900F18814 /* PBXTargetDependency */,
			);
			name = OmiseSwiftIOSTests;
			productName = OmiseSwiftIOSTests;
			productReference = 2270E3B91CC78D8900F18814 /* OmiseSwiftIOSTests.xctest */;
			productType = "com.apple.product-type.bundle.unit-test";
		};
/* End PBXNativeTarget section */

/* Begin PBXProject section */
		220C32641CC762330060112E /* Project object */ = {
			isa = PBXProject;
			attributes = {
				LastSwiftUpdateCheck = 0730;
				LastUpgradeCheck = 0800;
				ORGANIZATIONNAME = Omise;
				TargetAttributes = {
					220C326C1CC762330060112E = {
						CreatedOnToolsVersion = 7.3;
					};
					220C327C1CC762440060112E = {
						CreatedOnToolsVersion = 7.3;
						LastSwiftMigration = 0820;
					};
					2270E3A91CC78D4200F18814 = {
						CreatedOnToolsVersion = 7.3;
					};
					2270E3B81CC78D8900F18814 = {
						CreatedOnToolsVersion = 7.3;
						LastSwiftMigration = 0820;
					};
				};
			};
			buildConfigurationList = 220C32671CC762330060112E /* Build configuration list for PBXProject "OmiseSwift" */;
			compatibilityVersion = "Xcode 3.2";
			developmentRegion = English;
			hasScannedForEncodings = 0;
			knownRegions = (
				en,
			);
			mainGroup = 220C32631CC762330060112E;
			productRefGroup = 220C326E1CC762330060112E /* Products */;
			projectDirPath = "";
			projectRoot = "";
			targets = (
				220C327C1CC762440060112E /* OmiseSwiftIOS */,
				220C326C1CC762330060112E /* OmiseSwiftOSX */,
				2270E3B81CC78D8900F18814 /* OmiseSwiftIOSTests */,
				2270E3A91CC78D4200F18814 /* OmiseSwiftOSXTests */,
			);
		};
/* End PBXProject section */

/* Begin PBXResourcesBuildPhase section */
		220C326B1CC762330060112E /* Resources */ = {
			isa = PBXResourcesBuildPhase;
			buildActionMask = 2147483647;
			files = (
				8A634A0D1DAF916200C4D9AE /* OmisePinning.der in Resources */,
			);
			runOnlyForDeploymentPostprocessing = 0;
		};
		220C327B1CC762440060112E /* Resources */ = {
			isa = PBXResourcesBuildPhase;
			buildActionMask = 2147483647;
			files = (
				8A634A0E1DAF916200C4D9AE /* OmisePinning.der in Resources */,
			);
			runOnlyForDeploymentPostprocessing = 0;
		};
		2270E3A81CC78D4200F18814 /* Resources */ = {
			isa = PBXResourcesBuildPhase;
			buildActionMask = 2147483647;
			files = (
				8A028B411E2CCEC80008E010 /* Fixtures in Resources */,
			);
			runOnlyForDeploymentPostprocessing = 0;
		};
		2270E3B71CC78D8900F18814 /* Resources */ = {
			isa = PBXResourcesBuildPhase;
			buildActionMask = 2147483647;
			files = (
				8AEDE7D51DDC701600DD9DF1 /* Fixtures in Resources */,
			);
			runOnlyForDeploymentPostprocessing = 0;
		};
/* End PBXResourcesBuildPhase section */

/* Begin PBXSourcesBuildPhase section */
		220C32681CC762330060112E /* Sources */ = {
			isa = PBXSourcesBuildPhase;
			buildActionMask = 2147483647;
			files = (
				8ACB41531E28A3C2001793CD /* ListProperty.swift in Sources */,
				8A50C5061E2E250800EC9407 /* Destroyable.swift in Sources */,
				8A28BB451E290A5A00EEBD55 /* Converter.swift in Sources */,
				8ACB41551E28A3C2001793CD /* Value.swift in Sources */,
				8A242A4F1E2E0B020068BB5D /* APIError.swift in Sources */,
				8A242A4E1E2E0A6A0068BB5D /* OmiseError.swift in Sources */,
				8A028B431E2CDB6F0008E010 /* Tool.swift in Sources */,
				8A028B3E1E2CC9D30008E010 /* AttributesSerializer.swift in Sources */,
				8A28BB461E290B9200EEBD55 /* CurrencyFieldConverter.swift in Sources */,
				8ACB41511E28A3C2001793CD /* Customer.swift in Sources */,
				8ACB415E1E28A3EC001793CD /* Currency.swift in Sources */,
				8ACB41561E28A3C2001793CD /* Dispute.swift in Sources */,
				8A28BB431E28FDAE00EEBD55 /* OmiseAPIError.swift in Sources */,
				8A028B381E2CBABF0008E010 /* Link.swift in Sources */,
				8A84EF761E2E27C90041082E /* List.swift in Sources */,
				8ACD573B1E2E563800FEE5A0 /* Account.swift in Sources */,
				8A50C5051E2E250800EC9407 /* Creatable.swift in Sources */,
				8A28BB411E28DCE200EEBD55 /* Payment.swift in Sources */,
				8ACB41641E28A403001793CD /* Endpoint.swift in Sources */,
				8A028B391E2CC3920008E010 /* Card.swift in Sources */,
				8A028B4B1E2CECEF0008E010 /* APIRequest.swift in Sources */,
				8ACB41601E28A3EC001793CD /* LastDigits.swift in Sources */,
				8A028B451E2CEA370008E010 /* APIConfiguration.swift in Sources */,
				8A50C50D1E2E259600EC9407 /* Ordering.swift in Sources */,
				8A242A521E2E1BAA0068BB5D /* APIEndpoint.swift in Sources */,
				8ACB41581E28A3C2001793CD /* Refund.swift in Sources */,
				8A50C5081E2E250800EC9407 /* Retrievable.swift in Sources */,
				8A28BB441E290A5500EEBD55 /* DateConverter.swift in Sources */,
				8ACB41501E28A3C2001793CD /* Charge.swift in Sources */,
				8A061A9F1E2E307D0025EC14 /* DateComponentsConverter.swift in Sources */,
				8AF9D8031E2C942A00F10869 /* EnumConverter.swift in Sources */,
				8ACB415A1E28A3C2001793CD /* Recipient.swift in Sources */,
				8A50C5091E2E250800EC9407 /* Searchable.swift in Sources */,
				8AF9D8021E2C8FBE00F10869 /* LastDigitsConverter.swift in Sources */,
				8ACB41541E28A3C2001793CD /* Object.swift in Sources */,
				8A028B471E2CEB8D0008E010 /* APIClient.swift in Sources */,
				8AE84C481E2F6A1300A3BD56 /* SearchResult.swift in Sources */,
				8A028B4C1E2CEE460008E010 /* Failable.swift in Sources */,
				8ACB41591E28A3C2001793CD /* Transaction.swift in Sources */,
				8ACB415B1E28A3C2001793CD /* BankAccount.swift in Sources */,
				8A84EF771E2E28610041082E /* Listable.swift in Sources */,
				8A50C50B1E2E250800EC9407 /* Updatable.swift in Sources */,
				8ACB41521E28A3C2001793CD /* DetailProperty.swift in Sources */,
				8A50C50A1E2E250800EC9407 /* SingletonRetrievable.swift in Sources */,
				8ACB41631E28A3F2001793CD /* ResourceInfo.swift in Sources */,
				8ACB41571E28A3C2001793CD /* Transfer.swift in Sources */,
				8AF9D8011E2C8E7000F10869 /* PaymentConverter.swift in Sources */,
				8ACD573E1E2E570600FEE5A0 /* Balance.swift in Sources */,
				8A061AA11E2E31C70025EC14 /* ChargeEndpoint.swift in Sources */,
			);
			runOnlyForDeploymentPostprocessing = 0;
		};
		220C32781CC762440060112E /* Sources */ = {
			isa = PBXSourcesBuildPhase;
			buildActionMask = 2147483647;
			files = (
				8ACD57231E2E3A9600FEE5A0 /* Refund.swift in Sources */,
				8ACD57371E2E3A9600FEE5A0 /* PaymentConverter.swift in Sources */,
				8ACD57101E2E3A9600FEE5A0 /* OmiseError.swift in Sources */,
				8ACD57251E2E3A9600FEE5A0 /* DateConverter.swift in Sources */,
				8ACD571B1E2E3A9600FEE5A0 /* Payment.swift in Sources */,
				8ACD57211E2E3A9600FEE5A0 /* Ordering.swift in Sources */,
				8ACD570C1E2E3A9600FEE5A0 /* Destroyable.swift in Sources */,
				8ACD570D1E2E3A9600FEE5A0 /* Converter.swift in Sources */,
				8ACD57301E2E3A9600FEE5A0 /* BankAccount.swift in Sources */,
				8ACD57111E2E3A9600FEE5A0 /* Tool.swift in Sources */,
				8ACD57341E2E3A9600FEE5A0 /* SingletonRetrievable.swift in Sources */,
				8ACD572D1E2E3A9600FEE5A0 /* APIClient.swift in Sources */,
				8ACD572C1E2E3A9600FEE5A0 /* Object.swift in Sources */,
				8ACD57161E2E3A9600FEE5A0 /* Dispute.swift in Sources */,
				8ACD57321E2E3A9600FEE5A0 /* Updatable.swift in Sources */,
				8ACD573A1E2E563800FEE5A0 /* Account.swift in Sources */,
				8ACD57221E2E3A9600FEE5A0 /* APIEndpoint.swift in Sources */,
				8ACD57331E2E3A9600FEE5A0 /* DetailProperty.swift in Sources */,
				8ACD570B1E2E3A9600FEE5A0 /* ListProperty.swift in Sources */,
				8ACD57381E2E3A9600FEE5A0 /* ChargeEndpoint.swift in Sources */,
				8ACD57201E2E3A9600FEE5A0 /* APIConfiguration.swift in Sources */,
				8ACD57241E2E3A9600FEE5A0 /* Retrievable.swift in Sources */,
				8ACD57131E2E3A9600FEE5A0 /* CurrencyFieldConverter.swift in Sources */,
				8ACD57181E2E3A9600FEE5A0 /* Link.swift in Sources */,
				8ACD571F1E2E3A9600FEE5A0 /* LastDigits.swift in Sources */,
				8ACD57291E2E3A9600FEE5A0 /* Recipient.swift in Sources */,
				8ACD57191E2E3A9600FEE5A0 /* List.swift in Sources */,
				8ACD571C1E2E3A9600FEE5A0 /* Endpoint.swift in Sources */,
				8ACD57151E2E3A9600FEE5A0 /* Currency.swift in Sources */,
				8ACD57281E2E3A9600FEE5A0 /* EnumConverter.swift in Sources */,
				8ACD572A1E2E3A9600FEE5A0 /* Searchable.swift in Sources */,
				8ACD57351E2E3A9600FEE5A0 /* ResourceInfo.swift in Sources */,
				8ACD570F1E2E3A9600FEE5A0 /* APIError.swift in Sources */,
				8ACD57121E2E3A9600FEE5A0 /* AttributesSerializer.swift in Sources */,
				8ACD570E1E2E3A9600FEE5A0 /* Value.swift in Sources */,
				8ACD571A1E2E3A9600FEE5A0 /* Creatable.swift in Sources */,
				8AE84C471E2F6A1300A3BD56 /* SearchResult.swift in Sources */,
				8ACD57171E2E3A9600FEE5A0 /* OmiseAPIError.swift in Sources */,
				8ACD57141E2E3A9600FEE5A0 /* Customer.swift in Sources */,
				8ACD57271E2E3A9600FEE5A0 /* DateComponentsConverter.swift in Sources */,
				8ACD571E1E2E3A9600FEE5A0 /* APIRequest.swift in Sources */,
				8ACD571D1E2E3A9600FEE5A0 /* Card.swift in Sources */,
				8ACD57311E2E3A9600FEE5A0 /* Listable.swift in Sources */,
				8ACD572E1E2E3A9600FEE5A0 /* Failable.swift in Sources */,
				8ACD57361E2E3A9600FEE5A0 /* Transfer.swift in Sources */,
				8ACD572B1E2E3A9600FEE5A0 /* LastDigitsConverter.swift in Sources */,
				8ACD572F1E2E3A9600FEE5A0 /* Transaction.swift in Sources */,
				8ACD573D1E2E570600FEE5A0 /* Balance.swift in Sources */,
				8ACD57261E2E3A9600FEE5A0 /* Charge.swift in Sources */,
			);
			runOnlyForDeploymentPostprocessing = 0;
		};
		2270E3A61CC78D4200F18814 /* Sources */ = {
			isa = PBXSourcesBuildPhase;
			buildActionMask = 2147483647;
			files = (
				2298733B1CCDF99700970F8C /* JSONTest.swift in Sources */,
				8A028B401E2CCE550008E010 /* OmiseTestCase.swift in Sources */,
			);
			runOnlyForDeploymentPostprocessing = 0;
		};
		2270E3B51CC78D8900F18814 /* Sources */ = {
			isa = PBXSourcesBuildPhase;
			buildActionMask = 2147483647;
			files = (
				8AD3F2D31DEC077000F68FB4 /* LinkOperationTest.swift in Sources */,
				8A07D2FB1D741F430030B68D /* TransferOperationFixtureTests.swift in Sources */,
				8AD3F2D61DEC113200F68FB4 /* LinkOperationFixtureTest.swift in Sources */,
				8A2698A61D74417800515A0A /* DisputeOperationFixtureTests.swift in Sources */,
				22BF9BA11CD1F76900CD3CAD /* LiveTest.swift in Sources */,
				8AF584421E0153AC00D7D647 /* ChargeOperationsTest.swift in Sources */,
				8A2698A31D743A2100515A0A /* RefundOperationFixtureTests.swift in Sources */,
				8A7CBA501DE59F0200F83D21 /* LastDigitsTest.swift in Sources */,
				22112D0B1CC7910700D0DB54 /* ConfigTest.swift in Sources */,
				229873881CCF566F00970F8C /* RequestTest.swift in Sources */,
				8A82A70B1D795DCC00A198A3 /* SearchOperationTest.swift in Sources */,
				98256FF31D225E3000F91436 /* TransferOperationsTest.swift in Sources */,
				8A07D2F81D73F8370030B68D /* FixtureTestCase.swift in Sources */,
				8A07D3001D7436830030B68D /* ChargesOperationFixtureTests.swift in Sources */,
				8A07D2F51D73F5040030B68D /* FixtureClient.swift in Sources */,
				22112D0D1CC7910700D0DB54 /* OmiseTestCase.swift in Sources */,
			);
			runOnlyForDeploymentPostprocessing = 0;
		};
/* End PBXSourcesBuildPhase section */

/* Begin PBXTargetDependency section */
		2270E3B11CC78D4200F18814 /* PBXTargetDependency */ = {
			isa = PBXTargetDependency;
			target = 220C326C1CC762330060112E /* OmiseSwiftOSX */;
			targetProxy = 2270E3B01CC78D4200F18814 /* PBXContainerItemProxy */;
		};
		2270E3C01CC78D8900F18814 /* PBXTargetDependency */ = {
			isa = PBXTargetDependency;
			target = 220C327C1CC762440060112E /* OmiseSwiftIOS */;
			targetProxy = 2270E3BF1CC78D8900F18814 /* PBXContainerItemProxy */;
		};
/* End PBXTargetDependency section */

/* Begin XCBuildConfiguration section */
		220C32731CC762330060112E /* Debug */ = {
			isa = XCBuildConfiguration;
			buildSettings = {
				ALWAYS_SEARCH_USER_PATHS = NO;
				CLANG_ANALYZER_NONNULL = YES;
				CLANG_CXX_LANGUAGE_STANDARD = "gnu++0x";
				CLANG_CXX_LIBRARY = "libc++";
				CLANG_ENABLE_MODULES = YES;
				CLANG_ENABLE_OBJC_ARC = YES;
				CLANG_WARN_BOOL_CONVERSION = YES;
				CLANG_WARN_CONSTANT_CONVERSION = YES;
				CLANG_WARN_DIRECT_OBJC_ISA_USAGE = YES_ERROR;
				CLANG_WARN_EMPTY_BODY = YES;
				CLANG_WARN_ENUM_CONVERSION = YES;
				CLANG_WARN_INFINITE_RECURSION = YES;
				CLANG_WARN_INT_CONVERSION = YES;
				CLANG_WARN_OBJC_ROOT_CLASS = YES_ERROR;
				CLANG_WARN_SUSPICIOUS_MOVE = YES;
				CLANG_WARN_UNREACHABLE_CODE = YES;
				CLANG_WARN__DUPLICATE_METHOD_MATCH = YES;
				CODE_SIGN_IDENTITY = "-";
				COPY_PHASE_STRIP = NO;
				CURRENT_PROJECT_VERSION = 1;
				DEBUG_INFORMATION_FORMAT = dwarf;
				ENABLE_STRICT_OBJC_MSGSEND = YES;
				ENABLE_TESTABILITY = YES;
				GCC_C_LANGUAGE_STANDARD = gnu99;
				GCC_DYNAMIC_NO_PIC = NO;
				GCC_NO_COMMON_BLOCKS = YES;
				GCC_OPTIMIZATION_LEVEL = 0;
				GCC_PREPROCESSOR_DEFINITIONS = (
					"DEBUG=1",
					"$(inherited)",
				);
				GCC_WARN_64_TO_32_BIT_CONVERSION = YES;
				GCC_WARN_ABOUT_RETURN_TYPE = YES_ERROR;
				GCC_WARN_UNDECLARED_SELECTOR = YES;
				GCC_WARN_UNINITIALIZED_AUTOS = YES_AGGRESSIVE;
				GCC_WARN_UNUSED_FUNCTION = YES;
				GCC_WARN_UNUSED_VARIABLE = YES;
				MACOSX_DEPLOYMENT_TARGET = 10.11;
				MTL_ENABLE_DEBUG_INFO = YES;
				ONLY_ACTIVE_ARCH = YES;
				SDKROOT = macosx;
				SWIFT_OPTIMIZATION_LEVEL = "-Onone";
				SWIFT_VERSION = 3.0;
				VERSIONING_SYSTEM = "apple-generic";
				VERSION_INFO_PREFIX = "";
			};
			name = Debug;
		};
		220C32741CC762330060112E /* Release */ = {
			isa = XCBuildConfiguration;
			buildSettings = {
				ALWAYS_SEARCH_USER_PATHS = NO;
				CLANG_ANALYZER_NONNULL = YES;
				CLANG_CXX_LANGUAGE_STANDARD = "gnu++0x";
				CLANG_CXX_LIBRARY = "libc++";
				CLANG_ENABLE_MODULES = YES;
				CLANG_ENABLE_OBJC_ARC = YES;
				CLANG_WARN_BOOL_CONVERSION = YES;
				CLANG_WARN_CONSTANT_CONVERSION = YES;
				CLANG_WARN_DIRECT_OBJC_ISA_USAGE = YES_ERROR;
				CLANG_WARN_EMPTY_BODY = YES;
				CLANG_WARN_ENUM_CONVERSION = YES;
				CLANG_WARN_INFINITE_RECURSION = YES;
				CLANG_WARN_INT_CONVERSION = YES;
				CLANG_WARN_OBJC_ROOT_CLASS = YES_ERROR;
				CLANG_WARN_SUSPICIOUS_MOVE = YES;
				CLANG_WARN_UNREACHABLE_CODE = YES;
				CLANG_WARN__DUPLICATE_METHOD_MATCH = YES;
				CODE_SIGN_IDENTITY = "-";
				COPY_PHASE_STRIP = NO;
				CURRENT_PROJECT_VERSION = 1;
				DEBUG_INFORMATION_FORMAT = "dwarf-with-dsym";
				ENABLE_NS_ASSERTIONS = NO;
				ENABLE_STRICT_OBJC_MSGSEND = YES;
				GCC_C_LANGUAGE_STANDARD = gnu99;
				GCC_NO_COMMON_BLOCKS = YES;
				GCC_WARN_64_TO_32_BIT_CONVERSION = YES;
				GCC_WARN_ABOUT_RETURN_TYPE = YES_ERROR;
				GCC_WARN_UNDECLARED_SELECTOR = YES;
				GCC_WARN_UNINITIALIZED_AUTOS = YES_AGGRESSIVE;
				GCC_WARN_UNUSED_FUNCTION = YES;
				GCC_WARN_UNUSED_VARIABLE = YES;
				MACOSX_DEPLOYMENT_TARGET = 10.11;
				MTL_ENABLE_DEBUG_INFO = NO;
				SDKROOT = macosx;
				SWIFT_OPTIMIZATION_LEVEL = "-Owholemodule";
				SWIFT_VERSION = 3.0;
				VERSIONING_SYSTEM = "apple-generic";
				VERSION_INFO_PREFIX = "";
			};
			name = Release;
		};
		220C32761CC762330060112E /* Debug */ = {
			isa = XCBuildConfiguration;
			buildSettings = {
				APPLICATION_EXTENSION_API_ONLY = YES;
				CLANG_ENABLE_MODULES = YES;
				CODE_SIGN_IDENTITY = "";
				COMBINE_HIDPI_IMAGES = YES;
				DEFINES_MODULE = YES;
				DYLIB_COMPATIBILITY_VERSION = 1;
				DYLIB_CURRENT_VERSION = 1;
				DYLIB_INSTALL_NAME_BASE = "@rpath";
				FRAMEWORK_VERSION = A;
				INFOPLIST_FILE = "OmiseSwift/Info-OSX.plist";
				INSTALL_PATH = "$(LOCAL_LIBRARY_DIR)/Frameworks";
				LD_RUNPATH_SEARCH_PATHS = "$(inherited) @executable_path/../Frameworks @loader_path/Frameworks";
				MACOSX_DEPLOYMENT_TARGET = 10.10;
				PRODUCT_BUNDLE_IDENTIFIER = co.omise.OmiseSwift;
				PRODUCT_NAME = Omise;
				SKIP_INSTALL = YES;
				SWIFT_OPTIMIZATION_LEVEL = "-Onone";
			};
			name = Debug;
		};
		220C32771CC762330060112E /* Release */ = {
			isa = XCBuildConfiguration;
			buildSettings = {
				APPLICATION_EXTENSION_API_ONLY = YES;
				CLANG_ENABLE_MODULES = YES;
				CODE_SIGN_IDENTITY = "";
				COMBINE_HIDPI_IMAGES = YES;
				DEFINES_MODULE = YES;
				DYLIB_COMPATIBILITY_VERSION = 1;
				DYLIB_CURRENT_VERSION = 1;
				DYLIB_INSTALL_NAME_BASE = "@rpath";
				FRAMEWORK_VERSION = A;
				INFOPLIST_FILE = "OmiseSwift/Info-OSX.plist";
				INSTALL_PATH = "$(LOCAL_LIBRARY_DIR)/Frameworks";
				LD_RUNPATH_SEARCH_PATHS = "$(inherited) @executable_path/../Frameworks @loader_path/Frameworks";
				MACOSX_DEPLOYMENT_TARGET = 10.10;
				PRODUCT_BUNDLE_IDENTIFIER = co.omise.OmiseSwift;
				PRODUCT_NAME = Omise;
				SKIP_INSTALL = YES;
			};
			name = Release;
		};
		220C32831CC762440060112E /* Debug */ = {
			isa = XCBuildConfiguration;
			buildSettings = {
				APPLICATION_EXTENSION_API_ONLY = YES;
				"CODE_SIGN_IDENTITY[sdk=iphoneos*]" = "";
				DEFINES_MODULE = YES;
				DYLIB_COMPATIBILITY_VERSION = 1;
				DYLIB_CURRENT_VERSION = 1;
				DYLIB_INSTALL_NAME_BASE = "@rpath";
				INFOPLIST_FILE = "OmiseSwift/Info-iOS.plist";
				INSTALL_PATH = "$(LOCAL_LIBRARY_DIR)/Frameworks";
				IPHONEOS_DEPLOYMENT_TARGET = 8.4;
				LD_RUNPATH_SEARCH_PATHS = "$(inherited) @executable_path/Frameworks @loader_path/Frameworks";
				PRODUCT_BUNDLE_IDENTIFIER = co.omise.OmiseSwift;
				PRODUCT_NAME = Omise;
				SDKROOT = iphoneos;
				SKIP_INSTALL = YES;
				SWIFT_VERSION = 3.0;
				TARGETED_DEVICE_FAMILY = "1,2";
			};
			name = Debug;
		};
		220C32841CC762440060112E /* Release */ = {
			isa = XCBuildConfiguration;
			buildSettings = {
				APPLICATION_EXTENSION_API_ONLY = YES;
				"CODE_SIGN_IDENTITY[sdk=iphoneos*]" = "";
				DEFINES_MODULE = YES;
				DYLIB_COMPATIBILITY_VERSION = 1;
				DYLIB_CURRENT_VERSION = 1;
				DYLIB_INSTALL_NAME_BASE = "@rpath";
				INFOPLIST_FILE = "OmiseSwift/Info-iOS.plist";
				INSTALL_PATH = "$(LOCAL_LIBRARY_DIR)/Frameworks";
				IPHONEOS_DEPLOYMENT_TARGET = 8.4;
				LD_RUNPATH_SEARCH_PATHS = "$(inherited) @executable_path/Frameworks @loader_path/Frameworks";
				PRODUCT_BUNDLE_IDENTIFIER = co.omise.OmiseSwift;
				PRODUCT_NAME = Omise;
				SDKROOT = iphoneos;
				SKIP_INSTALL = YES;
				SWIFT_VERSION = 3.0;
				TARGETED_DEVICE_FAMILY = "1,2";
				VALIDATE_PRODUCT = YES;
			};
			name = Release;
		};
		2270E3B31CC78D4200F18814 /* Debug */ = {
			isa = XCBuildConfiguration;
			buildSettings = {
				ALWAYS_EMBED_SWIFT_STANDARD_LIBRARIES = YES;
				CLANG_ENABLE_MODULES = YES;
				COMBINE_HIDPI_IMAGES = YES;
				INFOPLIST_FILE = "OmiseSwiftTests/Info-OSX.plist";
				LD_RUNPATH_SEARCH_PATHS = "$(inherited) @executable_path/../Frameworks @loader_path/../Frameworks";
				PRODUCT_BUNDLE_IDENTIFIER = co.omise.OmiseSwiftTests;
				PRODUCT_NAME = "$(TARGET_NAME)";
				SWIFT_OPTIMIZATION_LEVEL = "-Onone";
			};
			name = Debug;
		};
		2270E3B41CC78D4200F18814 /* Release */ = {
			isa = XCBuildConfiguration;
			buildSettings = {
				ALWAYS_EMBED_SWIFT_STANDARD_LIBRARIES = YES;
				CLANG_ENABLE_MODULES = YES;
				COMBINE_HIDPI_IMAGES = YES;
				INFOPLIST_FILE = "OmiseSwiftTests/Info-OSX.plist";
				LD_RUNPATH_SEARCH_PATHS = "$(inherited) @executable_path/../Frameworks @loader_path/../Frameworks";
				PRODUCT_BUNDLE_IDENTIFIER = co.omise.OmiseSwiftTests;
				PRODUCT_NAME = "$(TARGET_NAME)";
			};
			name = Release;
		};
		2270E3C21CC78D8900F18814 /* Debug */ = {
			isa = XCBuildConfiguration;
			buildSettings = {
				ALWAYS_EMBED_SWIFT_STANDARD_LIBRARIES = YES;
				CLANG_ENABLE_MODULES = YES;
				"CODE_SIGN_IDENTITY[sdk=iphoneos*]" = "iPhone Developer";
				INFOPLIST_FILE = "OmiseSwiftTests/Info-iOS.plist";
				IPHONEOS_DEPLOYMENT_TARGET = 9.3;
				LD_RUNPATH_SEARCH_PATHS = "$(inherited) @executable_path/Frameworks @loader_path/Frameworks";
				PRODUCT_BUNDLE_IDENTIFIER = co.omise.OmiseSwiftIOSTests;
				PRODUCT_NAME = "$(TARGET_NAME)";
				SDKROOT = iphoneos;
				SWIFT_OPTIMIZATION_LEVEL = "-Onone";
				SWIFT_VERSION = 3.0;
			};
			name = Debug;
		};
		2270E3C31CC78D8900F18814 /* Release */ = {
			isa = XCBuildConfiguration;
			buildSettings = {
				ALWAYS_EMBED_SWIFT_STANDARD_LIBRARIES = YES;
				CLANG_ENABLE_MODULES = YES;
				"CODE_SIGN_IDENTITY[sdk=iphoneos*]" = "iPhone Developer";
				INFOPLIST_FILE = "OmiseSwiftTests/Info-iOS.plist";
				IPHONEOS_DEPLOYMENT_TARGET = 9.3;
				LD_RUNPATH_SEARCH_PATHS = "$(inherited) @executable_path/Frameworks @loader_path/Frameworks";
				PRODUCT_BUNDLE_IDENTIFIER = co.omise.OmiseSwiftIOSTests;
				PRODUCT_NAME = "$(TARGET_NAME)";
				SDKROOT = iphoneos;
				SWIFT_VERSION = 3.0;
				VALIDATE_PRODUCT = YES;
			};
			name = Release;
		};
/* End XCBuildConfiguration section */

/* Begin XCConfigurationList section */
		220C32671CC762330060112E /* Build configuration list for PBXProject "OmiseSwift" */ = {
			isa = XCConfigurationList;
			buildConfigurations = (
				220C32731CC762330060112E /* Debug */,
				220C32741CC762330060112E /* Release */,
			);
			defaultConfigurationIsVisible = 0;
			defaultConfigurationName = Release;
		};
		220C32751CC762330060112E /* Build configuration list for PBXNativeTarget "OmiseSwiftOSX" */ = {
			isa = XCConfigurationList;
			buildConfigurations = (
				220C32761CC762330060112E /* Debug */,
				220C32771CC762330060112E /* Release */,
			);
			defaultConfigurationIsVisible = 0;
			defaultConfigurationName = Release;
		};
		220C32821CC762440060112E /* Build configuration list for PBXNativeTarget "OmiseSwiftIOS" */ = {
			isa = XCConfigurationList;
			buildConfigurations = (
				220C32831CC762440060112E /* Debug */,
				220C32841CC762440060112E /* Release */,
			);
			defaultConfigurationIsVisible = 0;
			defaultConfigurationName = Release;
		};
		2270E3B21CC78D4200F18814 /* Build configuration list for PBXNativeTarget "OmiseSwiftOSXTests" */ = {
			isa = XCConfigurationList;
			buildConfigurations = (
				2270E3B31CC78D4200F18814 /* Debug */,
				2270E3B41CC78D4200F18814 /* Release */,
			);
			defaultConfigurationIsVisible = 0;
			defaultConfigurationName = Release;
		};
		2270E3C11CC78D8900F18814 /* Build configuration list for PBXNativeTarget "OmiseSwiftIOSTests" */ = {
			isa = XCConfigurationList;
			buildConfigurations = (
				2270E3C21CC78D8900F18814 /* Debug */,
				2270E3C31CC78D8900F18814 /* Release */,
			);
			defaultConfigurationIsVisible = 0;
			defaultConfigurationName = Release;
		};
/* End XCConfigurationList section */
	};
	rootObject = 220C32641CC762330060112E /* Project object */;
}
